{
    "version": 3,
    "terraform_version": "0.11.11",
    "serial": 1,
    "lineage": "a6d05879-68b6-2cb0-693d-c0dde899fe27",
    "modules": [
        {
            "path": [
                "root"
            ],
            "outputs": {
                "delegate0-ssh": {
                    "sensitive": false,
                    "type": "string",
                    "value": "ssh ubuntu@13.56.76.156"
                },
                "delegate1-ssh": {
                    "sensitive": false,
                    "type": "string",
                    "value": "ssh ubuntu@52.53.193.106"
                },
                "masternode0-ssh": {
                    "sensitive": false,
                    "type": "string",
                    "value": "ssh ubuntu@54.193.109.118"
                },
                "masternode1-ssh": {
                    "sensitive": false,
                    "type": "string",
                    "value": "ssh ubuntu@13.57.240.179"
                },
                "witness0-ssh": {
                    "sensitive": false,
                    "type": "string",
                    "value": "ssh ubuntu@13.56.246.80"
                },
                "witness1-ssh": {
                    "sensitive": false,
                    "type": "string",
                    "value": "ssh ubuntu@54.193.99.55"
                }
            },
            "resources": {},
            "depends_on": []
        },
        {
            "path": [
                "root",
                "delegate0"
            ],
            "outputs": {
                "public_ip": {
                    "sensitive": false,
                    "type": "string",
                    "value": "13.56.76.156"
                }
            },
            "resources": {
                "aws_instance.cilantro-node": {
                    "type": "aws_instance",
                    "depends_on": [
                        "aws_security_group.cilantro_firewall",
                        "data.aws_region.current",
                        "local.amis",
                        "local.nodename",
                        "local.prefix"
                    ],
                    "primary": {
                        "id": "i-01d9a805a7e329c99",
                        "attributes": {
                            "ami": "ami-0bf3d63a666665438",
                            "arn": "arn:aws:ec2:us-west-1:622633509017:instance/i-01d9a805a7e329c99",
                            "associate_public_ip_address": "true",
                            "availability_zone": "us-west-1a",
                            "cpu_core_count": "2",
                            "cpu_threads_per_core": "1",
                            "credit_specification.#": "1",
                            "credit_specification.0.cpu_credits": "standard",
                            "disable_api_termination": "false",
                            "ebs_block_device.#": "0",
                            "ebs_optimized": "false",
                            "ephemeral_block_device.#": "0",
                            "get_password_data": "false",
                            "iam_instance_profile": "",
                            "id": "i-01d9a805a7e329c99",
                            "instance_state": "running",
                            "instance_type": "t2.large",
                            "ipv6_addresses.#": "0",
                            "key_name": "circleci-cmcgrath",
                            "monitoring": "false",
                            "network_interface.#": "0",
                            "network_interface_id": "eni-00236918d3f5f8f06",
                            "password_data": "",
                            "placement_group": "",
                            "primary_network_interface_id": "eni-00236918d3f5f8f06",
                            "private_dns": "ip-172-31-16-250.us-west-1.compute.internal",
                            "private_ip": "172.31.16.250",
                            "public_dns": "ec2-13-56-76-156.us-west-1.compute.amazonaws.com",
                            "public_ip": "13.56.76.156",
                            "root_block_device.#": "1",
                            "root_block_device.0.delete_on_termination": "true",
                            "root_block_device.0.iops": "100",
                            "root_block_device.0.volume_id": "vol-08f20d9295f4ab195",
                            "root_block_device.0.volume_size": "8",
                            "root_block_device.0.volume_type": "gp2",
                            "security_groups.#": "1",
                            "security_groups.777157775": "firewall-circleci-cmcgrath-delegate0",
                            "source_dest_check": "true",
                            "subnet_id": "subnet-50f6dd37",
                            "tags.%": "1",
                            "tags.Name": "circleci-cmcgrath--delegate0",
                            "tenancy": "default",
                            "volume_tags.%": "0",
                            "vpc_security_group_ids.#": "1",
                            "vpc_security_group_ids.1395447996": "sg-0df4536645ef9e23b"
                        },
                        "meta": {
                            "e2bfb730-ecaa-11e6-8f88-34363bc7c4c0": {
                                "create": 600000000000,
                                "delete": 1200000000000,
                                "update": 600000000000
                            },
                            "schema_version": "1"
                        },
                        "tainted": false
                    },
                    "deposed": [],
                    "provider": "provider.aws.us-west-1"
                },
                "aws_security_group.cilantro_firewall": {
                    "type": "aws_security_group",
                    "depends_on": [
                        "local.nodename",
                        "local.prefix"
                    ],
                    "primary": {
                        "id": "sg-0df4536645ef9e23b",
                        "attributes": {
                            "arn": "arn:aws:ec2:us-west-1:622633509017:security-group/sg-0df4536645ef9e23b",
                            "description": "Allow specific ports necessary for cilantro to work",
                            "egress.#": "1",
                            "egress.424890679.cidr_blocks.#": "1",
                            "egress.424890679.cidr_blocks.0": "0.0.0.0/0",
                            "egress.424890679.description": "Open up all ports for outbound traffic",
                            "egress.424890679.from_port": "0",
                            "egress.424890679.ipv6_cidr_blocks.#": "0",
                            "egress.424890679.prefix_list_ids.#": "0",
                            "egress.424890679.protocol": "-1",
                            "egress.424890679.security_groups.#": "0",
                            "egress.424890679.self": "false",
                            "egress.424890679.to_port": "0",
                            "id": "sg-0df4536645ef9e23b",
                            "ingress.#": "5",
                            "ingress.13262502.cidr_blocks.#": "1",
                            "ingress.13262502.cidr_blocks.0": "0.0.0.0/0",
                            "ingress.13262502.description": "Port for Webserver if SSL is not enabled",
                            "ingress.13262502.from_port": "8080",
                            "ingress.13262502.ipv6_cidr_blocks.#": "0",
                            "ingress.13262502.prefix_list_ids.#": "0",
                            "ingress.13262502.protocol": "tcp",
                            "ingress.13262502.security_groups.#": "0",
                            "ingress.13262502.self": "false",
                            "ingress.13262502.to_port": "8080",
                            "ingress.2910436239.cidr_blocks.#": "1",
                            "ingress.2910436239.cidr_blocks.0": "0.0.0.0/0",
                            "ingress.2910436239.description": "Allow HTTP traffic through for cert validation",
                            "ingress.2910436239.from_port": "80",
                            "ingress.2910436239.ipv6_cidr_blocks.#": "0",
                            "ingress.2910436239.prefix_list_ids.#": "0",
                            "ingress.2910436239.protocol": "tcp",
                            "ingress.2910436239.security_groups.#": "0",
                            "ingress.2910436239.self": "false",
                            "ingress.2910436239.to_port": "80",
                            "ingress.3615083869.cidr_blocks.#": "1",
                            "ingress.3615083869.cidr_blocks.0": "0.0.0.0/0",
                            "ingress.3615083869.description": "Allow HTTPS traffic through",
                            "ingress.3615083869.from_port": "443",
                            "ingress.3615083869.ipv6_cidr_blocks.#": "0",
                            "ingress.3615083869.prefix_list_ids.#": "0",
                            "ingress.3615083869.protocol": "tcp",
                            "ingress.3615083869.security_groups.#": "0",
                            "ingress.3615083869.self": "false",
                            "ingress.3615083869.to_port": "443",
                            "ingress.369391072.cidr_blocks.#": "1",
                            "ingress.369391072.cidr_blocks.0": "0.0.0.0/0",
                            "ingress.369391072.description": "Allow SSH connections to instance",
                            "ingress.369391072.from_port": "22",
                            "ingress.369391072.ipv6_cidr_blocks.#": "0",
                            "ingress.369391072.prefix_list_ids.#": "0",
                            "ingress.369391072.protocol": "tcp",
                            "ingress.369391072.security_groups.#": "0",
                            "ingress.369391072.self": "false",
                            "ingress.369391072.to_port": "22",
                            "ingress.878646348.cidr_blocks.#": "1",
                            "ingress.878646348.cidr_blocks.0": "0.0.0.0/0",
                            "ingress.878646348.description": "Open up range of ports for inter-node communications to connect",
                            "ingress.878646348.from_port": "10000",
                            "ingress.878646348.ipv6_cidr_blocks.#": "0",
                            "ingress.878646348.prefix_list_ids.#": "0",
                            "ingress.878646348.protocol": "tcp",
                            "ingress.878646348.security_groups.#": "0",
                            "ingress.878646348.self": "false",
                            "ingress.878646348.to_port": "10100",
                            "name": "firewall-circleci-cmcgrath-delegate0",
                            "owner_id": "622633509017",
                            "revoke_rules_on_delete": "false",
                            "tags.%": "0",
                            "vpc_id": "vpc-4f9af028"
                        },
                        "meta": {
                            "e2bfb730-ecaa-11e6-8f88-34363bc7c4c0": {
                                "create": 600000000000,
                                "delete": 600000000000
                            },
                            "schema_version": "1"
                        },
                        "tainted": false
                    },
                    "deposed": [],
                    "provider": "provider.aws.us-west-1"
                },
                "data.aws_caller_identity.current": {
                    "type": "aws_caller_identity",
                    "depends_on": [],
                    "primary": {
                        "id": "2019-02-18 23:30:54.231125 +0000 UTC",
                        "attributes": {
                            "account_id": "622633509017",
                            "arn": "arn:aws:iam::622633509017:user/colin",
                            "id": "2019-02-18 23:30:54.231125 +0000 UTC",
                            "user_id": "AIDAJXXVINIM7LGOLIOTG"
                        },
                        "meta": {},
                        "tainted": false
                    },
                    "deposed": [],
                    "provider": "provider.aws.us-west-1"
                },
                "data.aws_region.current": {
                    "type": "aws_region",
                    "depends_on": [],
                    "primary": {
                        "id": "us-west-1",
                        "attributes": {
                            "current": "true",
                            "description": "US West (N. California)",
                            "endpoint": "ec2.us-west-1.amazonaws.com",
                            "id": "us-west-1",
                            "name": "us-west-1"
                        },
                        "meta": {},
                        "tainted": false
                    },
                    "deposed": [],
                    "provider": "provider.aws.us-west-1"
                },
                "null_resource.aggregate-ips": {
                    "type": "null_resource",
                    "depends_on": [
                        "aws_eip.static-ip",
                        "aws_instance.cilantro-node"
                    ],
                    "primary": {
                        "id": "3214265233286431683",
                        "attributes": {
                            "id": "3214265233286431683",
                            "triggers.%": "1",
                            "triggers.always_run": "ebf1f1bc-ea90-082d-7980-f6e5eb5c8a1c"
                        },
                        "meta": {},
                        "tainted": false
                    },
                    "deposed": [],
                    "provider": "provider.null"
                },
                "null_resource.cilantro-conf": {
                    "type": "null_resource",
                    "depends_on": [
                        "aws_eip.static-ip",
                        "aws_instance.cilantro-node",
                        "null_resource.aggregate-ips"
                    ],
                    "primary": {
                        "id": "7325694832508256597",
                        "attributes": {
                            "id": "7325694832508256597",
                            "triggers.%": "1",
                            "triggers.always_run": "52b22fdf-df29-5916-f000-eb47f907861d"
                        },
                        "meta": {},
                        "tainted": false
                    },
                    "deposed": [],
                    "provider": "provider.null"
                },
                "null_resource.circus-conf": {
                    "type": "null_resource",
                    "depends_on": [
                        "aws_eip.static-ip",
                        "aws_instance.cilantro-node"
                    ],
                    "primary": {
                        "id": "2998167975041574319",
                        "attributes": {
                            "id": "2998167975041574319",
                            "triggers.%": "1",
                            "triggers.conf": "[circus]\nstatsd = True\n\n#[plugin:redis-observer]\n#use = circus.plugins.redis_observer.RedisObserver\n\n[watcher:redis]\ncmd = python3 /app/scripts/start_redis.py\ncopy_env = True\nvirtualenv = /app/venv\n\n[watcher:bootstrap]\ncmd = python3 /app/scripts/bootstrap.py\ncopy_env = True\nvirtualenv = /app/venv\n\n"
                        },
                        "meta": {},
                        "tainted": false
                    },
                    "deposed": [],
                    "provider": "provider.null"
                },
                "null_resource.docker": {
                    "type": "null_resource",
                    "depends_on": [
                        "aws_eip.static-ip",
                        "aws_instance.cilantro-node",
                        "local.images",
                        "null_resource.aggregate-ips",
                        "null_resource.cilantro-conf",
                        "null_resource.circus-conf"
                    ],
                    "primary": {
                        "id": "1786191994364714927",
                        "attributes": {
                            "id": "1786191994364714927",
                            "triggers.%": "4",
                            "triggers.cilantro": "[DEFAULT]\nip = 13.56.76.156\nboot_ips = 13.56.246.80,13.56.76.156,13.57.240.179,52.53.193.106,54.193.109.118,54.193.99.55\nnode_type = delegate\nsk = 46e890638bedd9e6c0d846224d5ff1bc9004b8f38db61e44ef16ee9adccca378\nvk = 4a1e70448755d0d2479a0191ff5f26154a359dbe79888c47f6e12c82b5c21a79\nreset_db = True\nconstitution_file = circleci.json\nssl_enabled = False\nlog_lvl = 11\nseneca_log_lvl = 11\n\n",
                            "triggers.circus": "[circus]\nstatsd = True\n\n#[plugin:redis-observer]\n#use = circus.plugins.redis_observer.RedisObserver\n\n[watcher:redis]\ncmd = python3 /app/scripts/start_redis.py\ncopy_env = True\nvirtualenv = /app/venv\n\n[watcher:bootstrap]\ncmd = python3 /app/scripts/bootstrap.py\ncopy_env = True\nvirtualenv = /app/venv\n\n",
                            "triggers.image": "delegate",
                            "triggers.tag": "devops-repaired-bd9fe241-c13301a0"
                        },
                        "meta": {},
                        "tainted": false
                    },
                    "deposed": [],
                    "provider": "provider.null"
                },
                "null_resource.redis-conf": {
                    "type": "null_resource",
                    "depends_on": [
                        "aws_instance.cilantro-node"
                    ],
                    "primary": {
                        "id": "7365928507974189309",
                        "attributes": {
                            "id": "7365928507974189309",
                            "triggers.%": "1",
                            "triggers.conf": "dbfilename dump.rdb\ndir /var/db/cilantro/redis\n\n# Save every 60 seconds if at least 1000 keys change\nsave 60 100\n"
                        },
                        "meta": {},
                        "tainted": false
                    },
                    "deposed": [],
                    "provider": "provider.null"
                },
                "null_resource.ssh-keys": {
                    "type": "null_resource",
                    "depends_on": [
                        "aws_eip.static-ip",
                        "aws_instance.cilantro-node"
                    ],
                    "primary": {
                        "id": "4995836101162800295",
                        "attributes": {
                            "id": "4995836101162800295",
                            "triggers.%": "1",
                            "triggers.conf": "ssh-rsa AAAAB3NzaC1yc2EAAAADAQABAAACAQDs1KaHzejTs2CaCjJKngsUgeAJDo4gZxyYkrCAPWcuVtNzSIwJvZsp2/rh5COceIwv8I1Yje5MzzPv3Gq9rS48wQ6wM8W9F++eN345dnZG6IjEkuKpbu4Nm2zfAgWYWhWgDiAszpHW/9bSvvPyQEwz08UeXBPJT0IpIFUXhF4Ym78tBqjsnY7w/HVXklJccdX/Cg0H1lJo7QFIrFfkEdBfoBQPMuQrEG/zODH+h29cfvqnRSz5FxqohSYcxvXBxu+44skgkCX8Ltr1+LplY8Y7y2scZPFNTT0gusZPamlft7IFtI5Q5OA7Djrpg6agB01joKtcSBo3QQe9A3LtPuU7yfRpRC8nwEFRJHiwit0f1eUckYiVkIfOAeFjjtHP1r4FAi1PJCS3g2kSeTF9L2jjGrC/pjLCgLY72BbuV8N7GUKQ11B9APQDPdUCfcpIefcch50BxIRVOd23GWGPFMvgRnUZNPyGdV3mjC8YTUu6STZGFAkzEhvxWZfyvi2wZx7XSJynFchGU/CcA9KESAOE0fgAyU5U/2yugH4Qhizar6mDBDdEy3500SHy5mrzu4A3K3QuMMSKSAJs0g7KI+/VWBiVLMwAN1sAdblxXm2mDWbyiFp+e+fPFwrCYPJlRi4gNGnn9xfpBKNkkQ5RT9RQurr2SkMoV1HyQeqcWTi29Q== davishaba@Daviss-MacBook-Pro.local\nssh-rsa AAAAB3NzaC1yc2EAAAADAQABAAABAQDSkorKqV1g75XKjAdgAyyJkTcTZ8kpAM/Ie1u53y26Ez0qMaCz7ocYaEqU3B7rq2XQZySfKEYjnue8OnDO3jfV4+Th5TQP3CHftle5AePmql2n4vH5FKLQ4EK5xZZ56XVQucplv3mUkNqlwBndyFORewmu/l1UpaduzvnVdCABoZJY5pKAD0jXAWk6Ml15f/NKyX5V/cr1j1GA0nuIPABjQvi1cbnjUMhdXm9PpcCl2UrErF2wqi3Ec19fIVERyijZwe1gKALYQ9mkmJzcGZKaw1QuNfss8PWPOvTEp6/kf8yj8DEYPe6uiLCFX9rqHFPj4MzHKZnCKKTXDvNNsuBz cmcgrath@Colins-MacBook-Pro.local\nssh-rsa AAAAB3NzaC1yc2EAAAADAQABAAACAQCxuxBdvWKF0RskDbr7sIK5lBBGd3O3zAgfvkZMUq/OLdVF1clrHvvck+H3IJGF+Rx47e/kG9zHxQuTl0d5hW4mhm21TgCHB//8WbN2IFo445yUjiX5ZZDM+9UGI4hZKMvdq1lHSDrCrmDqZLIKaFyAcEyUCYK7OStO9lCOdITIGyIX/X6y52zG+3lcOJmyW3owzYUUHanVgFn6IjHdFV19WeQOqC56dB8ISLXzQDY4IvORqLb+vEkPl6Wc0yNN3Udr4xW7pxisELKxl0Bc748GPlZrKUkEBuds9/P41IT0Yfl7NwaBrZen6DBC7ZCkA8oviIhgGIxeyfeOLkSj6GBAqJehE1tKxn6su8msstLyS+4lW7PljqFA5vufB8OgltxWi/Kiqzl/l3136HORhQyrUSe057pLH+/nMb1KavHBOexBQ8Ph0e2EokjXnDWCrouMaKLfXprHxBPaPOfzsz/u4ng1WJD0bhGGQjpS3e4WIhEbluSaPLhX3/3teyElHF6kxnVhOuSsqtjrRAkQz8PWY7UNOr8QspLeuNeNCJUvU5hwgywW7uHSph4hPeyN0rmRvy4Z6xAfzQu84eAP/szxe3LgLidSvHW8kvrAhLqF1ceg3rbBOEh9Qi8eJ+gBoL4o8XRZuKechY1hrSBvM0yQeOzMMWvhFme8zAL7HJxfDQ== lamden@lamdens-MBP\nssh-rsa AAAAB3NzaC1yc2EAAAADAQABAAACAQC5yg8vl4uclEOLk+8N0PY9orjMfRBoqVvtm1sDfCUFpjNNCDavoeO3+aGQjRR79PNsXYYqv76o4y0B7WjXZiIo285xDuXFT45A98OK/4j1SkmT313XkmP6HTGRBi51xBxrqinrMkgmh5u/Q6Idhl22CehaT2vlFEjoM1n/mbGjzTMVoaoS7WCdeVW47cSMj8T1sw6iM5ZhGkWvapj7DD1HvKCCKY3H4uwR4BdEZQ4Tda4lFt1JpluELv/onEFpjUlMoE/1RZ3cxuu6VfhX/lWsxa2sutmJKaS0fMpec+wSyoImsiT/Mu11IHlLCQrtvCMdRCc22cgNj3A2yN/TZWVAym0pE/lYcdI1f6RJGJ2zxD6Mx57RSb4kg41MpLEu22a/ZBhexxg0iR1nSpL+QwjzY5d5Y332cv2DQXxCVgMHgDNIgSJSW+R/3u8QWvB49OmgIv0py3mk3MCp1dwr8xwPtNUPGRlcP+trEcvpPFieK+9Z6UsJoZ8pHavgV/MOqI72ePvOqkfBmHFDhae/gOPy+DCmEkPl3nTW94+OSrRykkxKwYxZh0Rmk+jpKDWElRRCHpNRYtea64oDlc2hQowpTi1U3C7duPsUgZVyCAErfkvmqz4PuHMnpTPg4GAVmxl4CHujgvvdC9KdP9SH6xyryLW1HQ1HpL9BqEROKRfNFw== wywfalcon@gmail.com\nssh-rsa AAAAB3NzaC1yc2EAAAADAQABAAACAQC6s8mIerDqVezMx227qZgb1nHoO/nMjuqg4pTjUvb92BD/NYwB/PbKjnStqzX5qyarRpj5pdExaA0cHUGnsVvthP5LRn016H3ZUd1OeXTHB2BqpV1/ZAD8chncjqn+pL+Ix2vcNiE1yqP/quwlIrfniQd7U9X1nNGIsJAvZ983wYnqyl9IhATToT3m55h+VzpS7a9Ogmpw70pA6VqFr0PHmjyIPaLOSswXtmzsAhi1KvgXFQ64stXDdxXX880pCtuzdE0TtEBFHNQtde/Lv1i4EBvSEUzVritEV0HjMBQS/JN80eJ5o2eozlInEGf1VfrHWu+IKFNWC6qqbm8bf1Sl+gP62Li/d20ORvUeAoJb+QRaht6ap1EabbkBqxPL41rOd2oNfkQRbjX6C0GIM/1r7muXJfLp5wafelTGzkX7mr92S5Vlh7uGE9ui3+MVrtwP42aqKMNvBkxEk/8j2mRR6Efrr8wcq1/1uevUhf68jLxQWkg9iH5si876jNSG5GtwsBmm1fz9xW48fSapzQt14aNSRysnuMG/57LsDcnRKOIpy3Sr7kuEFBoC2n8tdrVw/edxm4DLgiqqP3TKZbbxYPMBlpeqxCNx6M8LVVkwkBdwm1R6OOle2Asof9dJf90WXb8oBlRXYg+5JJYdjLWEWb0pmqdPjV+lV4pLMWm9Dw== tejas@lamden.io\nssh-rsa AAAAB3NzaC1yc2EAAAADAQABAAABAQCu1kNmPJSNGB1C0pit7L0+22rbhQFrZgGGliRU5R+R/aVcmyS8jPN7LpzAW+SRT+TWHfWIEstQHqn/WHcfzOjm4ljc7VPx+dXNvl8iWzaciRB1HBuzHoFubxSUK9oD5sEQCXpSkyX9vc7HFjuvutiVAPpCSzhAiHG03QrEox2cEyvhgyhnWoHDo6jdfftwi0jyKESbLIXLJWcyBhEWH2mZqwNOhlWUdhB7gKeD4i2WCBfdkF2+8NVZckhgvpAiFCFEJnE6rqqx6RbcLtUETM2hPirmSrjowCWhYk2Hk9q6XCCXNRKsvK9cCwgg1Tm3eVPLedUDB4Wj9w2iJj4S3dx7 stu@Stuarts-MBP-2\n"
                        },
                        "meta": {},
                        "tainted": false
                    },
                    "deposed": [],
                    "provider": "provider.null"
                }
            },
            "depends_on": []
        },
        {
            "path": [
                "root",
                "delegate1"
            ],
            "outputs": {
                "public_ip": {
                    "sensitive": false,
                    "type": "string",
                    "value": "52.53.193.106"
                }
            },
            "resources": {
                "aws_instance.cilantro-node": {
                    "type": "aws_instance",
                    "depends_on": [
                        "aws_security_group.cilantro_firewall",
                        "data.aws_region.current",
                        "local.amis",
                        "local.nodename",
                        "local.prefix"
                    ],
                    "primary": {
                        "id": "i-04864a9424d6db514",
                        "attributes": {
                            "ami": "ami-0bf3d63a666665438",
                            "arn": "arn:aws:ec2:us-west-1:622633509017:instance/i-04864a9424d6db514",
                            "associate_public_ip_address": "true",
                            "availability_zone": "us-west-1a",
                            "cpu_core_count": "2",
                            "cpu_threads_per_core": "1",
                            "credit_specification.#": "1",
                            "credit_specification.0.cpu_credits": "standard",
                            "disable_api_termination": "false",
                            "ebs_block_device.#": "0",
                            "ebs_optimized": "false",
                            "ephemeral_block_device.#": "0",
                            "get_password_data": "false",
                            "iam_instance_profile": "",
                            "id": "i-04864a9424d6db514",
                            "instance_state": "running",
                            "instance_type": "t2.large",
                            "ipv6_addresses.#": "0",
                            "key_name": "circleci-cmcgrath",
                            "monitoring": "false",
                            "network_interface.#": "0",
                            "network_interface_id": "eni-0dcc90b1f620cd962",
                            "password_data": "",
                            "placement_group": "",
                            "primary_network_interface_id": "eni-0dcc90b1f620cd962",
                            "private_dns": "ip-172-31-24-11.us-west-1.compute.internal",
                            "private_ip": "172.31.24.11",
                            "public_dns": "ec2-52-53-193-106.us-west-1.compute.amazonaws.com",
                            "public_ip": "52.53.193.106",
                            "root_block_device.#": "1",
                            "root_block_device.0.delete_on_termination": "true",
                            "root_block_device.0.iops": "100",
                            "root_block_device.0.volume_id": "vol-0966f2bf457771096",
                            "root_block_device.0.volume_size": "8",
                            "root_block_device.0.volume_type": "gp2",
                            "security_groups.#": "1",
                            "security_groups.1498762265": "firewall-circleci-cmcgrath-delegate1",
                            "source_dest_check": "true",
                            "subnet_id": "subnet-50f6dd37",
                            "tags.%": "1",
                            "tags.Name": "circleci-cmcgrath--delegate1",
                            "tenancy": "default",
                            "volume_tags.%": "0",
                            "vpc_security_group_ids.#": "1",
                            "vpc_security_group_ids.1967574774": "sg-0ee56b69c085cbf7a"
                        },
                        "meta": {
                            "e2bfb730-ecaa-11e6-8f88-34363bc7c4c0": {
                                "create": 600000000000,
                                "delete": 1200000000000,
                                "update": 600000000000
                            },
                            "schema_version": "1"
                        },
                        "tainted": false
                    },
                    "deposed": [],
                    "provider": "provider.aws.us-west-1"
                },
                "aws_security_group.cilantro_firewall": {
                    "type": "aws_security_group",
                    "depends_on": [
                        "local.nodename",
                        "local.prefix"
                    ],
                    "primary": {
                        "id": "sg-0ee56b69c085cbf7a",
                        "attributes": {
                            "arn": "arn:aws:ec2:us-west-1:622633509017:security-group/sg-0ee56b69c085cbf7a",
                            "description": "Allow specific ports necessary for cilantro to work",
                            "egress.#": "1",
                            "egress.424890679.cidr_blocks.#": "1",
                            "egress.424890679.cidr_blocks.0": "0.0.0.0/0",
                            "egress.424890679.description": "Open up all ports for outbound traffic",
                            "egress.424890679.from_port": "0",
                            "egress.424890679.ipv6_cidr_blocks.#": "0",
                            "egress.424890679.prefix_list_ids.#": "0",
                            "egress.424890679.protocol": "-1",
                            "egress.424890679.security_groups.#": "0",
                            "egress.424890679.self": "false",
                            "egress.424890679.to_port": "0",
                            "id": "sg-0ee56b69c085cbf7a",
                            "ingress.#": "5",
                            "ingress.13262502.cidr_blocks.#": "1",
                            "ingress.13262502.cidr_blocks.0": "0.0.0.0/0",
                            "ingress.13262502.description": "Port for Webserver if SSL is not enabled",
                            "ingress.13262502.from_port": "8080",
                            "ingress.13262502.ipv6_cidr_blocks.#": "0",
                            "ingress.13262502.prefix_list_ids.#": "0",
                            "ingress.13262502.protocol": "tcp",
                            "ingress.13262502.security_groups.#": "0",
                            "ingress.13262502.self": "false",
                            "ingress.13262502.to_port": "8080",
                            "ingress.2910436239.cidr_blocks.#": "1",
                            "ingress.2910436239.cidr_blocks.0": "0.0.0.0/0",
                            "ingress.2910436239.description": "Allow HTTP traffic through for cert validation",
                            "ingress.2910436239.from_port": "80",
                            "ingress.2910436239.ipv6_cidr_blocks.#": "0",
                            "ingress.2910436239.prefix_list_ids.#": "0",
                            "ingress.2910436239.protocol": "tcp",
                            "ingress.2910436239.security_groups.#": "0",
                            "ingress.2910436239.self": "false",
                            "ingress.2910436239.to_port": "80",
                            "ingress.3615083869.cidr_blocks.#": "1",
                            "ingress.3615083869.cidr_blocks.0": "0.0.0.0/0",
                            "ingress.3615083869.description": "Allow HTTPS traffic through",
                            "ingress.3615083869.from_port": "443",
                            "ingress.3615083869.ipv6_cidr_blocks.#": "0",
                            "ingress.3615083869.prefix_list_ids.#": "0",
                            "ingress.3615083869.protocol": "tcp",
                            "ingress.3615083869.security_groups.#": "0",
                            "ingress.3615083869.self": "false",
                            "ingress.3615083869.to_port": "443",
                            "ingress.369391072.cidr_blocks.#": "1",
                            "ingress.369391072.cidr_blocks.0": "0.0.0.0/0",
                            "ingress.369391072.description": "Allow SSH connections to instance",
                            "ingress.369391072.from_port": "22",
                            "ingress.369391072.ipv6_cidr_blocks.#": "0",
                            "ingress.369391072.prefix_list_ids.#": "0",
                            "ingress.369391072.protocol": "tcp",
                            "ingress.369391072.security_groups.#": "0",
                            "ingress.369391072.self": "false",
                            "ingress.369391072.to_port": "22",
                            "ingress.878646348.cidr_blocks.#": "1",
                            "ingress.878646348.cidr_blocks.0": "0.0.0.0/0",
                            "ingress.878646348.description": "Open up range of ports for inter-node communications to connect",
                            "ingress.878646348.from_port": "10000",
                            "ingress.878646348.ipv6_cidr_blocks.#": "0",
                            "ingress.878646348.prefix_list_ids.#": "0",
                            "ingress.878646348.protocol": "tcp",
                            "ingress.878646348.security_groups.#": "0",
                            "ingress.878646348.self": "false",
                            "ingress.878646348.to_port": "10100",
                            "name": "firewall-circleci-cmcgrath-delegate1",
                            "owner_id": "622633509017",
                            "revoke_rules_on_delete": "false",
                            "tags.%": "0",
                            "vpc_id": "vpc-4f9af028"
                        },
                        "meta": {
                            "e2bfb730-ecaa-11e6-8f88-34363bc7c4c0": {
                                "create": 600000000000,
                                "delete": 600000000000
                            },
                            "schema_version": "1"
                        },
                        "tainted": false
                    },
                    "deposed": [],
                    "provider": "provider.aws.us-west-1"
                },
                "data.aws_caller_identity.current": {
                    "type": "aws_caller_identity",
                    "depends_on": [],
                    "primary": {
                        "id": "2019-02-18 23:30:54.232564 +0000 UTC",
                        "attributes": {
                            "account_id": "622633509017",
                            "arn": "arn:aws:iam::622633509017:user/colin",
                            "id": "2019-02-18 23:30:54.232564 +0000 UTC",
                            "user_id": "AIDAJXXVINIM7LGOLIOTG"
                        },
                        "meta": {},
                        "tainted": false
                    },
                    "deposed": [],
                    "provider": "provider.aws.us-west-1"
                },
                "data.aws_region.current": {
                    "type": "aws_region",
                    "depends_on": [],
                    "primary": {
                        "id": "us-west-1",
                        "attributes": {
                            "current": "true",
                            "description": "US West (N. California)",
                            "endpoint": "ec2.us-west-1.amazonaws.com",
                            "id": "us-west-1",
                            "name": "us-west-1"
                        },
                        "meta": {},
                        "tainted": false
                    },
                    "deposed": [],
                    "provider": "provider.aws.us-west-1"
                },
                "null_resource.aggregate-ips": {
                    "type": "null_resource",
                    "depends_on": [
                        "aws_eip.static-ip",
                        "aws_instance.cilantro-node"
                    ],
                    "primary": {
                        "id": "4050703013890294160",
                        "attributes": {
                            "id": "4050703013890294160",
                            "triggers.%": "1",
                            "triggers.always_run": "6c2ac938-a04a-e022-b2af-59c1d4d57489"
                        },
                        "meta": {},
                        "tainted": false
                    },
                    "deposed": [],
                    "provider": "provider.null"
                },
                "null_resource.cilantro-conf": {
                    "type": "null_resource",
                    "depends_on": [
                        "aws_eip.static-ip",
                        "aws_instance.cilantro-node",
                        "null_resource.aggregate-ips"
                    ],
                    "primary": {
                        "id": "414830417051923471",
                        "attributes": {
                            "id": "414830417051923471",
                            "triggers.%": "1",
                            "triggers.always_run": "e8aa69df-e58d-2ac3-e53d-ce700dbd7829"
                        },
                        "meta": {},
                        "tainted": false
                    },
                    "deposed": [],
                    "provider": "provider.null"
                },
                "null_resource.circus-conf": {
                    "type": "null_resource",
                    "depends_on": [
                        "aws_eip.static-ip",
                        "aws_instance.cilantro-node"
                    ],
                    "primary": {
                        "id": "5989486785065700791",
                        "attributes": {
                            "id": "5989486785065700791",
                            "triggers.%": "1",
                            "triggers.conf": "[circus]\nstatsd = True\n\n#[plugin:redis-observer]\n#use = circus.plugins.redis_observer.RedisObserver\n\n[watcher:redis]\ncmd = python3 /app/scripts/start_redis.py\ncopy_env = True\nvirtualenv = /app/venv\n\n[watcher:bootstrap]\ncmd = python3 /app/scripts/bootstrap.py\ncopy_env = True\nvirtualenv = /app/venv\n\n"
                        },
                        "meta": {},
                        "tainted": false
                    },
                    "deposed": [],
                    "provider": "provider.null"
                },
                "null_resource.docker": {
                    "type": "null_resource",
                    "depends_on": [
                        "aws_eip.static-ip",
                        "aws_instance.cilantro-node",
                        "local.images",
                        "null_resource.aggregate-ips",
                        "null_resource.cilantro-conf",
                        "null_resource.circus-conf"
                    ],
                    "primary": {
                        "id": "6574625896052806099",
                        "attributes": {
                            "id": "6574625896052806099",
                            "triggers.%": "4",
                            "triggers.cilantro": "[DEFAULT]\nip = 52.53.193.106\nboot_ips = 13.56.246.80,13.56.76.156,13.57.240.179,52.53.193.106,54.193.109.118,54.193.99.55\nnode_type = delegate\nsk = c29540804ab5830cbe1dbaa7be2d38533d75ec61dac687f074b41505acc92466\nvk = 1261faee73d0d268ff471db85962fbf9fdbff00e09bae3cb758659d7a395610b\nreset_db = True\nconstitution_file = circleci.json\nssl_enabled = False\nlog_lvl = 11\nseneca_log_lvl = 11\n\n",
                            "triggers.circus": "[circus]\nstatsd = True\n\n#[plugin:redis-observer]\n#use = circus.plugins.redis_observer.RedisObserver\n\n[watcher:redis]\ncmd = python3 /app/scripts/start_redis.py\ncopy_env = True\nvirtualenv = /app/venv\n\n[watcher:bootstrap]\ncmd = python3 /app/scripts/bootstrap.py\ncopy_env = True\nvirtualenv = /app/venv\n\n",
                            "triggers.image": "delegate",
                            "triggers.tag": "devops-repaired-bd9fe241-c13301a0"
                        },
                        "meta": {},
                        "tainted": false
                    },
                    "deposed": [],
                    "provider": "provider.null"
                },
                "null_resource.redis-conf": {
                    "type": "null_resource",
                    "depends_on": [
                        "aws_instance.cilantro-node"
                    ],
                    "primary": {
                        "id": "5643838648914608504",
                        "attributes": {
                            "id": "5643838648914608504",
                            "triggers.%": "1",
                            "triggers.conf": "dbfilename dump.rdb\ndir /var/db/cilantro/redis\n\n# Save every 60 seconds if at least 1000 keys change\nsave 60 100\n"
                        },
                        "meta": {},
                        "tainted": false
                    },
                    "deposed": [],
                    "provider": "provider.null"
                },
                "null_resource.ssh-keys": {
                    "type": "null_resource",
                    "depends_on": [
                        "aws_eip.static-ip",
                        "aws_instance.cilantro-node"
                    ],
                    "primary": {
                        "id": "2996521646721847351",
                        "attributes": {
                            "id": "2996521646721847351",
                            "triggers.%": "1",
                            "triggers.conf": "ssh-rsa AAAAB3NzaC1yc2EAAAADAQABAAACAQDs1KaHzejTs2CaCjJKngsUgeAJDo4gZxyYkrCAPWcuVtNzSIwJvZsp2/rh5COceIwv8I1Yje5MzzPv3Gq9rS48wQ6wM8W9F++eN345dnZG6IjEkuKpbu4Nm2zfAgWYWhWgDiAszpHW/9bSvvPyQEwz08UeXBPJT0IpIFUXhF4Ym78tBqjsnY7w/HVXklJccdX/Cg0H1lJo7QFIrFfkEdBfoBQPMuQrEG/zODH+h29cfvqnRSz5FxqohSYcxvXBxu+44skgkCX8Ltr1+LplY8Y7y2scZPFNTT0gusZPamlft7IFtI5Q5OA7Djrpg6agB01joKtcSBo3QQe9A3LtPuU7yfRpRC8nwEFRJHiwit0f1eUckYiVkIfOAeFjjtHP1r4FAi1PJCS3g2kSeTF9L2jjGrC/pjLCgLY72BbuV8N7GUKQ11B9APQDPdUCfcpIefcch50BxIRVOd23GWGPFMvgRnUZNPyGdV3mjC8YTUu6STZGFAkzEhvxWZfyvi2wZx7XSJynFchGU/CcA9KESAOE0fgAyU5U/2yugH4Qhizar6mDBDdEy3500SHy5mrzu4A3K3QuMMSKSAJs0g7KI+/VWBiVLMwAN1sAdblxXm2mDWbyiFp+e+fPFwrCYPJlRi4gNGnn9xfpBKNkkQ5RT9RQurr2SkMoV1HyQeqcWTi29Q== davishaba@Daviss-MacBook-Pro.local\nssh-rsa AAAAB3NzaC1yc2EAAAADAQABAAABAQDSkorKqV1g75XKjAdgAyyJkTcTZ8kpAM/Ie1u53y26Ez0qMaCz7ocYaEqU3B7rq2XQZySfKEYjnue8OnDO3jfV4+Th5TQP3CHftle5AePmql2n4vH5FKLQ4EK5xZZ56XVQucplv3mUkNqlwBndyFORewmu/l1UpaduzvnVdCABoZJY5pKAD0jXAWk6Ml15f/NKyX5V/cr1j1GA0nuIPABjQvi1cbnjUMhdXm9PpcCl2UrErF2wqi3Ec19fIVERyijZwe1gKALYQ9mkmJzcGZKaw1QuNfss8PWPOvTEp6/kf8yj8DEYPe6uiLCFX9rqHFPj4MzHKZnCKKTXDvNNsuBz cmcgrath@Colins-MacBook-Pro.local\nssh-rsa AAAAB3NzaC1yc2EAAAADAQABAAACAQCxuxBdvWKF0RskDbr7sIK5lBBGd3O3zAgfvkZMUq/OLdVF1clrHvvck+H3IJGF+Rx47e/kG9zHxQuTl0d5hW4mhm21TgCHB//8WbN2IFo445yUjiX5ZZDM+9UGI4hZKMvdq1lHSDrCrmDqZLIKaFyAcEyUCYK7OStO9lCOdITIGyIX/X6y52zG+3lcOJmyW3owzYUUHanVgFn6IjHdFV19WeQOqC56dB8ISLXzQDY4IvORqLb+vEkPl6Wc0yNN3Udr4xW7pxisELKxl0Bc748GPlZrKUkEBuds9/P41IT0Yfl7NwaBrZen6DBC7ZCkA8oviIhgGIxeyfeOLkSj6GBAqJehE1tKxn6su8msstLyS+4lW7PljqFA5vufB8OgltxWi/Kiqzl/l3136HORhQyrUSe057pLH+/nMb1KavHBOexBQ8Ph0e2EokjXnDWCrouMaKLfXprHxBPaPOfzsz/u4ng1WJD0bhGGQjpS3e4WIhEbluSaPLhX3/3teyElHF6kxnVhOuSsqtjrRAkQz8PWY7UNOr8QspLeuNeNCJUvU5hwgywW7uHSph4hPeyN0rmRvy4Z6xAfzQu84eAP/szxe3LgLidSvHW8kvrAhLqF1ceg3rbBOEh9Qi8eJ+gBoL4o8XRZuKechY1hrSBvM0yQeOzMMWvhFme8zAL7HJxfDQ== lamden@lamdens-MBP\nssh-rsa AAAAB3NzaC1yc2EAAAADAQABAAACAQC5yg8vl4uclEOLk+8N0PY9orjMfRBoqVvtm1sDfCUFpjNNCDavoeO3+aGQjRR79PNsXYYqv76o4y0B7WjXZiIo285xDuXFT45A98OK/4j1SkmT313XkmP6HTGRBi51xBxrqinrMkgmh5u/Q6Idhl22CehaT2vlFEjoM1n/mbGjzTMVoaoS7WCdeVW47cSMj8T1sw6iM5ZhGkWvapj7DD1HvKCCKY3H4uwR4BdEZQ4Tda4lFt1JpluELv/onEFpjUlMoE/1RZ3cxuu6VfhX/lWsxa2sutmJKaS0fMpec+wSyoImsiT/Mu11IHlLCQrtvCMdRCc22cgNj3A2yN/TZWVAym0pE/lYcdI1f6RJGJ2zxD6Mx57RSb4kg41MpLEu22a/ZBhexxg0iR1nSpL+QwjzY5d5Y332cv2DQXxCVgMHgDNIgSJSW+R/3u8QWvB49OmgIv0py3mk3MCp1dwr8xwPtNUPGRlcP+trEcvpPFieK+9Z6UsJoZ8pHavgV/MOqI72ePvOqkfBmHFDhae/gOPy+DCmEkPl3nTW94+OSrRykkxKwYxZh0Rmk+jpKDWElRRCHpNRYtea64oDlc2hQowpTi1U3C7duPsUgZVyCAErfkvmqz4PuHMnpTPg4GAVmxl4CHujgvvdC9KdP9SH6xyryLW1HQ1HpL9BqEROKRfNFw== wywfalcon@gmail.com\nssh-rsa AAAAB3NzaC1yc2EAAAADAQABAAACAQC6s8mIerDqVezMx227qZgb1nHoO/nMjuqg4pTjUvb92BD/NYwB/PbKjnStqzX5qyarRpj5pdExaA0cHUGnsVvthP5LRn016H3ZUd1OeXTHB2BqpV1/ZAD8chncjqn+pL+Ix2vcNiE1yqP/quwlIrfniQd7U9X1nNGIsJAvZ983wYnqyl9IhATToT3m55h+VzpS7a9Ogmpw70pA6VqFr0PHmjyIPaLOSswXtmzsAhi1KvgXFQ64stXDdxXX880pCtuzdE0TtEBFHNQtde/Lv1i4EBvSEUzVritEV0HjMBQS/JN80eJ5o2eozlInEGf1VfrHWu+IKFNWC6qqbm8bf1Sl+gP62Li/d20ORvUeAoJb+QRaht6ap1EabbkBqxPL41rOd2oNfkQRbjX6C0GIM/1r7muXJfLp5wafelTGzkX7mr92S5Vlh7uGE9ui3+MVrtwP42aqKMNvBkxEk/8j2mRR6Efrr8wcq1/1uevUhf68jLxQWkg9iH5si876jNSG5GtwsBmm1fz9xW48fSapzQt14aNSRysnuMG/57LsDcnRKOIpy3Sr7kuEFBoC2n8tdrVw/edxm4DLgiqqP3TKZbbxYPMBlpeqxCNx6M8LVVkwkBdwm1R6OOle2Asof9dJf90WXb8oBlRXYg+5JJYdjLWEWb0pmqdPjV+lV4pLMWm9Dw== tejas@lamden.io\nssh-rsa AAAAB3NzaC1yc2EAAAADAQABAAABAQCu1kNmPJSNGB1C0pit7L0+22rbhQFrZgGGliRU5R+R/aVcmyS8jPN7LpzAW+SRT+TWHfWIEstQHqn/WHcfzOjm4ljc7VPx+dXNvl8iWzaciRB1HBuzHoFubxSUK9oD5sEQCXpSkyX9vc7HFjuvutiVAPpCSzhAiHG03QrEox2cEyvhgyhnWoHDo6jdfftwi0jyKESbLIXLJWcyBhEWH2mZqwNOhlWUdhB7gKeD4i2WCBfdkF2+8NVZckhgvpAiFCFEJnE6rqqx6RbcLtUETM2hPirmSrjowCWhYk2Hk9q6XCCXNRKsvK9cCwgg1Tm3eVPLedUDB4Wj9w2iJj4S3dx7 stu@Stuarts-MBP-2\n"
                        },
                        "meta": {},
                        "tainted": false
                    },
                    "deposed": [],
                    "provider": "provider.null"
                }
            },
            "depends_on": []
        },
        {
            "path": [
                "root",
                "key"
            ],
            "outputs": {
                "private_key": {
                    "sensitive": false,
                    "type": "string",
                    "value": "-----BEGIN RSA PRIVATE KEY-----\nMIIJJwIBAAKCAgEAvLbIQRpeLvZdtmwt57SQ94fL3M5jD42Or2Vg5DUPIM8RAMHf\njX8P1+KMuOIKTkhYms7NkI5/QE4ZU05JdD+aG4G5cIpLvFI972G5aH/OIpf9Xo3V\nUxs+37qunghtmQMVLUYhzGwUCux7UqsxLNud1G1tVRj98+okeL2laj+bI5/ZSYf/\n2bssNzFTC1NRXHDPRad5WJXxAq6YHTWKr93ueFIolpK6VIXtmPIRMxXfPbTId3aw\nMWfIb4HLWPIDHXcEPcRt2wv/SV+82fwFcdetFqImE7WK/c4JunKdWzKMTF+Ig2LD\n/YLfAjCzL7YSfWfYqOqruhMRY1ftB7Jz+hWQIIBqIfn+dqpvY4hsMhVUa3Z6pzjQ\nEgevHi8SJVlbacngu6ge84vwk0KwxFb3Tgfuz+/1ZEi0zF54xFlpcUIhXN330y+7\nhxKOLj/3Kfm0qYtFGUKfeIFZddexPiQx4fz960yXEYkJ6CKXFzLsnFvbnjxF9gj6\nHGl1XSnCO9+4svSr8Wc+dXtrvAAhSVrASQ+DA8WqNGIKTp+ySpVCX1Nqq2ug5SbB\nUtRibSfZE1hRpUsoZPwlBG4TSYURjz8cfpDPwIAsXLBBxqiqnZDXEaeaElRLhl4w\nkncTS/6RENSLs6maMFmNvnaqsMFyhdAoxjquaIecmzif/jN9uHfnDb7SfgUCAwEA\nAQKCAgB64f7GPdhEdlKRfiHqNi8LsBZ0osPolcHqvnX4RACk2ZD10Ei0x59WcYQ2\nw6H4Va20qKM81T1Rb0mYcGruUpgT/0X0XWlxqJAB972WqVpeNmBbGLpnUl9/qf0Y\nlN5g+5vnjjpl9Z6bel/XdfgggKVmdRbzicGb+cRkBwHWjLKF4QnJktBsRDBHhEvS\nHR/mtOKTNbmTkJeOqogMxReY60fke4NIgSTp8wfDRyUiAcULVlQPTm7uzOi8i2UR\ndw3GOwC9A9KRB1/ltHyx6STWe52PFmj6/oUSPf8htI54mxK2jKLFAyQiSPzUXUfg\n8otZs6xmWeEW2mHBMbj8ARz6JN5i3P3Q+VG61i5353tbW0cAhpRhimb3Zdhw8vF5\nxRsrU5YnTsY/nJviuzm4ycBm1kBNQqRRQ6ZK7oU7Bg5cQgHSSU6ilHBpJJ226nWe\ndoKEgqAYgA33UMsP/q+zLA2VTWOAm/Z0U8QKEuVWuveCRhE4EPczwxApgcMuYJmW\n1ziGWZ8pdJ1Ds6s1o+PAvjGzLSogkOtP0oNkf6nx+4WqI11kJH6z6i0iGHjzKNi3\nt07SHVkKsdsnW8OABBlHy7/3Df00iorw9/zLiklLcjIKGg4rMwCjRM98r94Vgj+W\nWBGipp72k4Lll1iP+ZRRUufMPTgUG5aMeZ4I4YphUyMesmG7QQKCAQEA0PKiY+YR\nCBydGiWigjUHlvDirGfcB/wYPbvBq6Rl0K7TwizBsUbLSaA1vn10dlo0uupWzkuR\nV88B7kHh4BSGXYYbdsnPYtWZeFeapm9d4JbIdLk4v2dE4H8RcHzq84fBY2OvRndz\nRcm/ejOwl8YNDsDWi67DLtkSHtcGV5ru+tRDxYljljhVzt4N4WQrmYVMFtWqau5O\nayoJhcSOuUkdmkLJKIlDxFM4l5icbTnfI6LmcGWCuPf2MzTjRwLQsfh7CuWbdyRU\ngozDKTQ9y841Y4svmd6LdungZjBBYo4COIdlkERdz6bCE0ozSTs5KWTKDLq3spQS\nmgw53vvg6kepFQKCAQEA5zW3JxOmp+mUQ0redJq7tF16Sk8Wy0bJn0hui4KME4ht\ndmskC7Ndf8DvOldaY7ySyorh2tnTOTI/Xc+SycNvOaJvUO46jPoGc1YnFTaCIp4s\nCuYRHj9tbecTfYn4IQCM+pKsaQW7HwVNTkcXfOrM948WtJ86DChPmmMQJGO5+BHc\nRJVKzn1f+JbexLuBmBrHBxRo9fTQ/nxzWIwcsnDu9SIwyq1AFN7EWcJakVXOLgd9\nGc0d4aYdnVsAcD8MC93WPD+mKzeXdIKik6iVrJV89tK3vDk1C6ajOGoRqAph4LCe\nwIT+SDuissNKalGcUowDGzokpVn0wZLtQrgEopTdMQKCAQA4bO2RkLWUvTVntDYY\nd32fM1njOQDgXyGkuilo0rJ0EmI5E6ES4I1RSqR41qQ2udF3kIT0nM+ZKNvanYwD\n2UcXxnlwMLuCczBIoU+wFm8BkXZ8nvBGL/sXrPjmqbVBIq4EywywON22QO8mbwMH\nWYJ5M3Y8rmsjIZeVIHgj/EEBF4VduOZd0MTLYofZEBX+FVMg735f9g7TPbzolNX+\nD1KhL9vmyHq2b8relWXY0UIC+6DDRYZxsPSZi3S83nPBO9rubGb5W6Q+xQiG/gaa\nHQup4BJwuPpsmGfy8KEXnkXXQikZNn0m8F+EmgsTgZzEIuW1Xk7xOK91TkvqfZaV\nbdipAoIBAAqqOKONzX8rUBJ2jqJUTNo6AZ0R3txLjJtTTP4UbH+uKFZxBL2hbWuq\nK57GTr4RAbhkBZ0BtTOLNM8P9xZldGj1LCtQgdTk541EaRMaa5BLOX7bM+jwRgzu\nvsBor9Bd5SLdxyQlBoecx/8XWmcBsaitqf905MmQxnM5pJH5I6fkswNa25OAxv+B\nfg8XExhAC/QwpdLKkyVZ+jwYYm58tRkLlbKToUQVLntxcpoHmjYXVFbvVjSFZBJR\nE0kaL2UQu4QV74VI0CyopfUnrpfCYXxFJgKBpQe/jQHaKqxUpkUmAHyi5dPRJGUY\niwMydoJ8QNxtpykVaCvRqi4MrPIO6dECggEAEe4cefCgZ/XiIiTy2ILCu0UV9Dt8\nXk1qTKwLsCnyo9p8wzu5l27IasAAjYVhcNGFNIx1Nz/gvaP8rPFzHo1QitGMb5Zr\nf3jt96SD3Sx1+6YOfq+zNNWSDWpT8w22CK2UI0bnXcYUfPeeB/tEdDAjQlJ2LCHf\nWomtiK0PaqzKi6+l4gJjaGeaStaGjEdZeMQjyQIf6k095K5cMfcvJdLKsMeihk2O\nCdch2QeLDZODN7SYEo5nv0H0TatzzvmdT1pl3B7e09Z3H4SJm7LtPZAFVniwlMf9\nFvyiBdCtNtqBQrlkTLF6MVExIbCXsq/NK78dx1wIgHKq31cZnjubPdYvHw==\n-----END RSA PRIVATE KEY-----\n"
                },
                "public_key": {
                    "sensitive": false,
                    "type": "string",
                    "value": "ssh-rsa AAAAB3NzaC1yc2EAAAADAQABAAACAQC8tshBGl4u9l22bC3ntJD3h8vczmMPjY6vZWDkNQ8gzxEAwd+Nfw/X4oy44gpOSFiazs2Qjn9AThlTTkl0P5obgblwiku8Uj3vYblof84il/1ejdVTGz7fuq6eCG2ZAxUtRiHMbBQK7HtSqzEs253UbW1VGP3z6iR4vaVqP5sjn9lJh//Zuyw3MVMLU1FccM9Fp3lYlfECrpgdNYqv3e54UiiWkrpUhe2Y8hEzFd89tMh3drAxZ8hvgctY8gMddwQ9xG3bC/9JX7zZ/AVx160WoiYTtYr9zgm6cp1bMoxMX4iDYsP9gt8CMLMvthJ9Z9io6qu6ExFjV+0HsnP6FZAggGoh+f52qm9jiGwyFVRrdnqnONASB68eLxIlWVtpyeC7qB7zi/CTQrDEVvdOB+7P7/VkSLTMXnjEWWlxQiFc3ffTL7uHEo4uP/cp+bSpi0UZQp94gVl117E+JDHh/P3rTJcRiQnoIpcXMuycW9uePEX2CPocaXVdKcI737iy9KvxZz51e2u8ACFJWsBJD4MDxao0YgpOn7JKlUJfU2qra6DlJsFS1GJtJ9kTWFGlSyhk/CUEbhNJhRGPPxx+kM/AgCxcsEHGqKqdkNcRp5oSVEuGXjCSdxNL/pEQ1IuzqZowWY2+dqqwwXKF0CjGOq5oh5ybOJ/+M324d+cNvtJ+BQ==\n"
                }
            },
            "resources": {
                "aws_key_pair.ap-northeast-1": {
                    "type": "aws_key_pair",
                    "depends_on": [
                        "tls_private_key.provisioner"
                    ],
                    "primary": {
                        "id": "circleci-cmcgrath",
                        "attributes": {
                            "fingerprint": "87:f7:06:f5:62:28:5a:9b:41:02:2b:f6:78:c2:89:f3",
                            "id": "circleci-cmcgrath",
                            "key_name": "circleci-cmcgrath",
                            "public_key": "ssh-rsa AAAAB3NzaC1yc2EAAAADAQABAAACAQC8tshBGl4u9l22bC3ntJD3h8vczmMPjY6vZWDkNQ8gzxEAwd+Nfw/X4oy44gpOSFiazs2Qjn9AThlTTkl0P5obgblwiku8Uj3vYblof84il/1ejdVTGz7fuq6eCG2ZAxUtRiHMbBQK7HtSqzEs253UbW1VGP3z6iR4vaVqP5sjn9lJh//Zuyw3MVMLU1FccM9Fp3lYlfECrpgdNYqv3e54UiiWkrpUhe2Y8hEzFd89tMh3drAxZ8hvgctY8gMddwQ9xG3bC/9JX7zZ/AVx160WoiYTtYr9zgm6cp1bMoxMX4iDYsP9gt8CMLMvthJ9Z9io6qu6ExFjV+0HsnP6FZAggGoh+f52qm9jiGwyFVRrdnqnONASB68eLxIlWVtpyeC7qB7zi/CTQrDEVvdOB+7P7/VkSLTMXnjEWWlxQiFc3ffTL7uHEo4uP/cp+bSpi0UZQp94gVl117E+JDHh/P3rTJcRiQnoIpcXMuycW9uePEX2CPocaXVdKcI737iy9KvxZz51e2u8ACFJWsBJD4MDxao0YgpOn7JKlUJfU2qra6DlJsFS1GJtJ9kTWFGlSyhk/CUEbhNJhRGPPxx+kM/AgCxcsEHGqKqdkNcRp5oSVEuGXjCSdxNL/pEQ1IuzqZowWY2+dqqwwXKF0CjGOq5oh5ybOJ/+M324d+cNvtJ+BQ=="
                        },
                        "meta": {
                            "schema_version": "1"
                        },
                        "tainted": false
                    },
                    "deposed": [],
                    "provider": "provider.aws.ap-northeast-1"
                },
                "aws_key_pair.ap-northeast-2": {
                    "type": "aws_key_pair",
                    "depends_on": [
                        "tls_private_key.provisioner"
                    ],
                    "primary": {
                        "id": "circleci-cmcgrath",
                        "attributes": {
                            "fingerprint": "87:f7:06:f5:62:28:5a:9b:41:02:2b:f6:78:c2:89:f3",
                            "id": "circleci-cmcgrath",
                            "key_name": "circleci-cmcgrath",
                            "public_key": "ssh-rsa AAAAB3NzaC1yc2EAAAADAQABAAACAQC8tshBGl4u9l22bC3ntJD3h8vczmMPjY6vZWDkNQ8gzxEAwd+Nfw/X4oy44gpOSFiazs2Qjn9AThlTTkl0P5obgblwiku8Uj3vYblof84il/1ejdVTGz7fuq6eCG2ZAxUtRiHMbBQK7HtSqzEs253UbW1VGP3z6iR4vaVqP5sjn9lJh//Zuyw3MVMLU1FccM9Fp3lYlfECrpgdNYqv3e54UiiWkrpUhe2Y8hEzFd89tMh3drAxZ8hvgctY8gMddwQ9xG3bC/9JX7zZ/AVx160WoiYTtYr9zgm6cp1bMoxMX4iDYsP9gt8CMLMvthJ9Z9io6qu6ExFjV+0HsnP6FZAggGoh+f52qm9jiGwyFVRrdnqnONASB68eLxIlWVtpyeC7qB7zi/CTQrDEVvdOB+7P7/VkSLTMXnjEWWlxQiFc3ffTL7uHEo4uP/cp+bSpi0UZQp94gVl117E+JDHh/P3rTJcRiQnoIpcXMuycW9uePEX2CPocaXVdKcI737iy9KvxZz51e2u8ACFJWsBJD4MDxao0YgpOn7JKlUJfU2qra6DlJsFS1GJtJ9kTWFGlSyhk/CUEbhNJhRGPPxx+kM/AgCxcsEHGqKqdkNcRp5oSVEuGXjCSdxNL/pEQ1IuzqZowWY2+dqqwwXKF0CjGOq5oh5ybOJ/+M324d+cNvtJ+BQ=="
                        },
                        "meta": {
                            "schema_version": "1"
                        },
                        "tainted": false
                    },
                    "deposed": [],
                    "provider": "provider.aws.ap-northeast-2"
                },
                "aws_key_pair.ap-south-1": {
                    "type": "aws_key_pair",
                    "depends_on": [
                        "tls_private_key.provisioner"
                    ],
                    "primary": {
                        "id": "circleci-cmcgrath",
                        "attributes": {
                            "fingerprint": "87:f7:06:f5:62:28:5a:9b:41:02:2b:f6:78:c2:89:f3",
                            "id": "circleci-cmcgrath",
                            "key_name": "circleci-cmcgrath",
                            "public_key": "ssh-rsa AAAAB3NzaC1yc2EAAAADAQABAAACAQC8tshBGl4u9l22bC3ntJD3h8vczmMPjY6vZWDkNQ8gzxEAwd+Nfw/X4oy44gpOSFiazs2Qjn9AThlTTkl0P5obgblwiku8Uj3vYblof84il/1ejdVTGz7fuq6eCG2ZAxUtRiHMbBQK7HtSqzEs253UbW1VGP3z6iR4vaVqP5sjn9lJh//Zuyw3MVMLU1FccM9Fp3lYlfECrpgdNYqv3e54UiiWkrpUhe2Y8hEzFd89tMh3drAxZ8hvgctY8gMddwQ9xG3bC/9JX7zZ/AVx160WoiYTtYr9zgm6cp1bMoxMX4iDYsP9gt8CMLMvthJ9Z9io6qu6ExFjV+0HsnP6FZAggGoh+f52qm9jiGwyFVRrdnqnONASB68eLxIlWVtpyeC7qB7zi/CTQrDEVvdOB+7P7/VkSLTMXnjEWWlxQiFc3ffTL7uHEo4uP/cp+bSpi0UZQp94gVl117E+JDHh/P3rTJcRiQnoIpcXMuycW9uePEX2CPocaXVdKcI737iy9KvxZz51e2u8ACFJWsBJD4MDxao0YgpOn7JKlUJfU2qra6DlJsFS1GJtJ9kTWFGlSyhk/CUEbhNJhRGPPxx+kM/AgCxcsEHGqKqdkNcRp5oSVEuGXjCSdxNL/pEQ1IuzqZowWY2+dqqwwXKF0CjGOq5oh5ybOJ/+M324d+cNvtJ+BQ=="
                        },
                        "meta": {
                            "schema_version": "1"
                        },
                        "tainted": false
                    },
                    "deposed": [],
                    "provider": "provider.aws.ap-south-1"
                },
                "aws_key_pair.ap-southeast-1": {
                    "type": "aws_key_pair",
                    "depends_on": [
                        "tls_private_key.provisioner"
                    ],
                    "primary": {
                        "id": "circleci-cmcgrath",
                        "attributes": {
                            "fingerprint": "87:f7:06:f5:62:28:5a:9b:41:02:2b:f6:78:c2:89:f3",
                            "id": "circleci-cmcgrath",
                            "key_name": "circleci-cmcgrath",
                            "public_key": "ssh-rsa AAAAB3NzaC1yc2EAAAADAQABAAACAQC8tshBGl4u9l22bC3ntJD3h8vczmMPjY6vZWDkNQ8gzxEAwd+Nfw/X4oy44gpOSFiazs2Qjn9AThlTTkl0P5obgblwiku8Uj3vYblof84il/1ejdVTGz7fuq6eCG2ZAxUtRiHMbBQK7HtSqzEs253UbW1VGP3z6iR4vaVqP5sjn9lJh//Zuyw3MVMLU1FccM9Fp3lYlfECrpgdNYqv3e54UiiWkrpUhe2Y8hEzFd89tMh3drAxZ8hvgctY8gMddwQ9xG3bC/9JX7zZ/AVx160WoiYTtYr9zgm6cp1bMoxMX4iDYsP9gt8CMLMvthJ9Z9io6qu6ExFjV+0HsnP6FZAggGoh+f52qm9jiGwyFVRrdnqnONASB68eLxIlWVtpyeC7qB7zi/CTQrDEVvdOB+7P7/VkSLTMXnjEWWlxQiFc3ffTL7uHEo4uP/cp+bSpi0UZQp94gVl117E+JDHh/P3rTJcRiQnoIpcXMuycW9uePEX2CPocaXVdKcI737iy9KvxZz51e2u8ACFJWsBJD4MDxao0YgpOn7JKlUJfU2qra6DlJsFS1GJtJ9kTWFGlSyhk/CUEbhNJhRGPPxx+kM/AgCxcsEHGqKqdkNcRp5oSVEuGXjCSdxNL/pEQ1IuzqZowWY2+dqqwwXKF0CjGOq5oh5ybOJ/+M324d+cNvtJ+BQ=="
                        },
                        "meta": {
                            "schema_version": "1"
                        },
                        "tainted": false
                    },
                    "deposed": [],
                    "provider": "provider.aws.ap-southeast-1"
                },
                "aws_key_pair.ap-southeast-2": {
                    "type": "aws_key_pair",
                    "depends_on": [
                        "tls_private_key.provisioner"
                    ],
                    "primary": {
                        "id": "circleci-cmcgrath",
                        "attributes": {
                            "fingerprint": "87:f7:06:f5:62:28:5a:9b:41:02:2b:f6:78:c2:89:f3",
                            "id": "circleci-cmcgrath",
                            "key_name": "circleci-cmcgrath",
                            "public_key": "ssh-rsa AAAAB3NzaC1yc2EAAAADAQABAAACAQC8tshBGl4u9l22bC3ntJD3h8vczmMPjY6vZWDkNQ8gzxEAwd+Nfw/X4oy44gpOSFiazs2Qjn9AThlTTkl0P5obgblwiku8Uj3vYblof84il/1ejdVTGz7fuq6eCG2ZAxUtRiHMbBQK7HtSqzEs253UbW1VGP3z6iR4vaVqP5sjn9lJh//Zuyw3MVMLU1FccM9Fp3lYlfECrpgdNYqv3e54UiiWkrpUhe2Y8hEzFd89tMh3drAxZ8hvgctY8gMddwQ9xG3bC/9JX7zZ/AVx160WoiYTtYr9zgm6cp1bMoxMX4iDYsP9gt8CMLMvthJ9Z9io6qu6ExFjV+0HsnP6FZAggGoh+f52qm9jiGwyFVRrdnqnONASB68eLxIlWVtpyeC7qB7zi/CTQrDEVvdOB+7P7/VkSLTMXnjEWWlxQiFc3ffTL7uHEo4uP/cp+bSpi0UZQp94gVl117E+JDHh/P3rTJcRiQnoIpcXMuycW9uePEX2CPocaXVdKcI737iy9KvxZz51e2u8ACFJWsBJD4MDxao0YgpOn7JKlUJfU2qra6DlJsFS1GJtJ9kTWFGlSyhk/CUEbhNJhRGPPxx+kM/AgCxcsEHGqKqdkNcRp5oSVEuGXjCSdxNL/pEQ1IuzqZowWY2+dqqwwXKF0CjGOq5oh5ybOJ/+M324d+cNvtJ+BQ=="
                        },
                        "meta": {
                            "schema_version": "1"
                        },
                        "tainted": false
                    },
                    "deposed": [],
                    "provider": "provider.aws.ap-southeast-2"
                },
                "aws_key_pair.ca-central-1": {
                    "type": "aws_key_pair",
                    "depends_on": [
                        "tls_private_key.provisioner"
                    ],
                    "primary": {
                        "id": "circleci-cmcgrath",
                        "attributes": {
                            "fingerprint": "87:f7:06:f5:62:28:5a:9b:41:02:2b:f6:78:c2:89:f3",
                            "id": "circleci-cmcgrath",
                            "key_name": "circleci-cmcgrath",
                            "public_key": "ssh-rsa AAAAB3NzaC1yc2EAAAADAQABAAACAQC8tshBGl4u9l22bC3ntJD3h8vczmMPjY6vZWDkNQ8gzxEAwd+Nfw/X4oy44gpOSFiazs2Qjn9AThlTTkl0P5obgblwiku8Uj3vYblof84il/1ejdVTGz7fuq6eCG2ZAxUtRiHMbBQK7HtSqzEs253UbW1VGP3z6iR4vaVqP5sjn9lJh//Zuyw3MVMLU1FccM9Fp3lYlfECrpgdNYqv3e54UiiWkrpUhe2Y8hEzFd89tMh3drAxZ8hvgctY8gMddwQ9xG3bC/9JX7zZ/AVx160WoiYTtYr9zgm6cp1bMoxMX4iDYsP9gt8CMLMvthJ9Z9io6qu6ExFjV+0HsnP6FZAggGoh+f52qm9jiGwyFVRrdnqnONASB68eLxIlWVtpyeC7qB7zi/CTQrDEVvdOB+7P7/VkSLTMXnjEWWlxQiFc3ffTL7uHEo4uP/cp+bSpi0UZQp94gVl117E+JDHh/P3rTJcRiQnoIpcXMuycW9uePEX2CPocaXVdKcI737iy9KvxZz51e2u8ACFJWsBJD4MDxao0YgpOn7JKlUJfU2qra6DlJsFS1GJtJ9kTWFGlSyhk/CUEbhNJhRGPPxx+kM/AgCxcsEHGqKqdkNcRp5oSVEuGXjCSdxNL/pEQ1IuzqZowWY2+dqqwwXKF0CjGOq5oh5ybOJ/+M324d+cNvtJ+BQ=="
                        },
                        "meta": {
                            "schema_version": "1"
                        },
                        "tainted": false
                    },
                    "deposed": [],
                    "provider": "provider.aws.ca-central-1"
                },
                "aws_key_pair.eu-central-1": {
                    "type": "aws_key_pair",
                    "depends_on": [
                        "tls_private_key.provisioner"
                    ],
                    "primary": {
                        "id": "circleci-cmcgrath",
                        "attributes": {
                            "fingerprint": "87:f7:06:f5:62:28:5a:9b:41:02:2b:f6:78:c2:89:f3",
                            "id": "circleci-cmcgrath",
                            "key_name": "circleci-cmcgrath",
                            "public_key": "ssh-rsa AAAAB3NzaC1yc2EAAAADAQABAAACAQC8tshBGl4u9l22bC3ntJD3h8vczmMPjY6vZWDkNQ8gzxEAwd+Nfw/X4oy44gpOSFiazs2Qjn9AThlTTkl0P5obgblwiku8Uj3vYblof84il/1ejdVTGz7fuq6eCG2ZAxUtRiHMbBQK7HtSqzEs253UbW1VGP3z6iR4vaVqP5sjn9lJh//Zuyw3MVMLU1FccM9Fp3lYlfECrpgdNYqv3e54UiiWkrpUhe2Y8hEzFd89tMh3drAxZ8hvgctY8gMddwQ9xG3bC/9JX7zZ/AVx160WoiYTtYr9zgm6cp1bMoxMX4iDYsP9gt8CMLMvthJ9Z9io6qu6ExFjV+0HsnP6FZAggGoh+f52qm9jiGwyFVRrdnqnONASB68eLxIlWVtpyeC7qB7zi/CTQrDEVvdOB+7P7/VkSLTMXnjEWWlxQiFc3ffTL7uHEo4uP/cp+bSpi0UZQp94gVl117E+JDHh/P3rTJcRiQnoIpcXMuycW9uePEX2CPocaXVdKcI737iy9KvxZz51e2u8ACFJWsBJD4MDxao0YgpOn7JKlUJfU2qra6DlJsFS1GJtJ9kTWFGlSyhk/CUEbhNJhRGPPxx+kM/AgCxcsEHGqKqdkNcRp5oSVEuGXjCSdxNL/pEQ1IuzqZowWY2+dqqwwXKF0CjGOq5oh5ybOJ/+M324d+cNvtJ+BQ=="
                        },
                        "meta": {
                            "schema_version": "1"
                        },
                        "tainted": false
                    },
                    "deposed": [],
                    "provider": "provider.aws.eu-central-1"
                },
                "aws_key_pair.eu-west-1": {
                    "type": "aws_key_pair",
                    "depends_on": [
                        "tls_private_key.provisioner"
                    ],
                    "primary": {
                        "id": "circleci-cmcgrath",
                        "attributes": {
                            "fingerprint": "87:f7:06:f5:62:28:5a:9b:41:02:2b:f6:78:c2:89:f3",
                            "id": "circleci-cmcgrath",
                            "key_name": "circleci-cmcgrath",
                            "public_key": "ssh-rsa AAAAB3NzaC1yc2EAAAADAQABAAACAQC8tshBGl4u9l22bC3ntJD3h8vczmMPjY6vZWDkNQ8gzxEAwd+Nfw/X4oy44gpOSFiazs2Qjn9AThlTTkl0P5obgblwiku8Uj3vYblof84il/1ejdVTGz7fuq6eCG2ZAxUtRiHMbBQK7HtSqzEs253UbW1VGP3z6iR4vaVqP5sjn9lJh//Zuyw3MVMLU1FccM9Fp3lYlfECrpgdNYqv3e54UiiWkrpUhe2Y8hEzFd89tMh3drAxZ8hvgctY8gMddwQ9xG3bC/9JX7zZ/AVx160WoiYTtYr9zgm6cp1bMoxMX4iDYsP9gt8CMLMvthJ9Z9io6qu6ExFjV+0HsnP6FZAggGoh+f52qm9jiGwyFVRrdnqnONASB68eLxIlWVtpyeC7qB7zi/CTQrDEVvdOB+7P7/VkSLTMXnjEWWlxQiFc3ffTL7uHEo4uP/cp+bSpi0UZQp94gVl117E+JDHh/P3rTJcRiQnoIpcXMuycW9uePEX2CPocaXVdKcI737iy9KvxZz51e2u8ACFJWsBJD4MDxao0YgpOn7JKlUJfU2qra6DlJsFS1GJtJ9kTWFGlSyhk/CUEbhNJhRGPPxx+kM/AgCxcsEHGqKqdkNcRp5oSVEuGXjCSdxNL/pEQ1IuzqZowWY2+dqqwwXKF0CjGOq5oh5ybOJ/+M324d+cNvtJ+BQ=="
                        },
                        "meta": {
                            "schema_version": "1"
                        },
                        "tainted": false
                    },
                    "deposed": [],
                    "provider": "provider.aws.eu-west-1"
                },
                "aws_key_pair.eu-west-2": {
                    "type": "aws_key_pair",
                    "depends_on": [
                        "tls_private_key.provisioner"
                    ],
                    "primary": {
                        "id": "circleci-cmcgrath",
                        "attributes": {
                            "fingerprint": "87:f7:06:f5:62:28:5a:9b:41:02:2b:f6:78:c2:89:f3",
                            "id": "circleci-cmcgrath",
                            "key_name": "circleci-cmcgrath",
                            "public_key": "ssh-rsa AAAAB3NzaC1yc2EAAAADAQABAAACAQC8tshBGl4u9l22bC3ntJD3h8vczmMPjY6vZWDkNQ8gzxEAwd+Nfw/X4oy44gpOSFiazs2Qjn9AThlTTkl0P5obgblwiku8Uj3vYblof84il/1ejdVTGz7fuq6eCG2ZAxUtRiHMbBQK7HtSqzEs253UbW1VGP3z6iR4vaVqP5sjn9lJh//Zuyw3MVMLU1FccM9Fp3lYlfECrpgdNYqv3e54UiiWkrpUhe2Y8hEzFd89tMh3drAxZ8hvgctY8gMddwQ9xG3bC/9JX7zZ/AVx160WoiYTtYr9zgm6cp1bMoxMX4iDYsP9gt8CMLMvthJ9Z9io6qu6ExFjV+0HsnP6FZAggGoh+f52qm9jiGwyFVRrdnqnONASB68eLxIlWVtpyeC7qB7zi/CTQrDEVvdOB+7P7/VkSLTMXnjEWWlxQiFc3ffTL7uHEo4uP/cp+bSpi0UZQp94gVl117E+JDHh/P3rTJcRiQnoIpcXMuycW9uePEX2CPocaXVdKcI737iy9KvxZz51e2u8ACFJWsBJD4MDxao0YgpOn7JKlUJfU2qra6DlJsFS1GJtJ9kTWFGlSyhk/CUEbhNJhRGPPxx+kM/AgCxcsEHGqKqdkNcRp5oSVEuGXjCSdxNL/pEQ1IuzqZowWY2+dqqwwXKF0CjGOq5oh5ybOJ/+M324d+cNvtJ+BQ=="
                        },
                        "meta": {
                            "schema_version": "1"
                        },
                        "tainted": false
                    },
                    "deposed": [],
                    "provider": "provider.aws.eu-west-2"
                },
                "aws_key_pair.eu-west-3": {
                    "type": "aws_key_pair",
                    "depends_on": [
                        "tls_private_key.provisioner"
                    ],
                    "primary": {
                        "id": "circleci-cmcgrath",
                        "attributes": {
                            "fingerprint": "87:f7:06:f5:62:28:5a:9b:41:02:2b:f6:78:c2:89:f3",
                            "id": "circleci-cmcgrath",
                            "key_name": "circleci-cmcgrath",
                            "public_key": "ssh-rsa AAAAB3NzaC1yc2EAAAADAQABAAACAQC8tshBGl4u9l22bC3ntJD3h8vczmMPjY6vZWDkNQ8gzxEAwd+Nfw/X4oy44gpOSFiazs2Qjn9AThlTTkl0P5obgblwiku8Uj3vYblof84il/1ejdVTGz7fuq6eCG2ZAxUtRiHMbBQK7HtSqzEs253UbW1VGP3z6iR4vaVqP5sjn9lJh//Zuyw3MVMLU1FccM9Fp3lYlfECrpgdNYqv3e54UiiWkrpUhe2Y8hEzFd89tMh3drAxZ8hvgctY8gMddwQ9xG3bC/9JX7zZ/AVx160WoiYTtYr9zgm6cp1bMoxMX4iDYsP9gt8CMLMvthJ9Z9io6qu6ExFjV+0HsnP6FZAggGoh+f52qm9jiGwyFVRrdnqnONASB68eLxIlWVtpyeC7qB7zi/CTQrDEVvdOB+7P7/VkSLTMXnjEWWlxQiFc3ffTL7uHEo4uP/cp+bSpi0UZQp94gVl117E+JDHh/P3rTJcRiQnoIpcXMuycW9uePEX2CPocaXVdKcI737iy9KvxZz51e2u8ACFJWsBJD4MDxao0YgpOn7JKlUJfU2qra6DlJsFS1GJtJ9kTWFGlSyhk/CUEbhNJhRGPPxx+kM/AgCxcsEHGqKqdkNcRp5oSVEuGXjCSdxNL/pEQ1IuzqZowWY2+dqqwwXKF0CjGOq5oh5ybOJ/+M324d+cNvtJ+BQ=="
                        },
                        "meta": {
                            "schema_version": "1"
                        },
                        "tainted": false
                    },
                    "deposed": [],
                    "provider": "provider.aws.eu-west-3"
                },
                "aws_key_pair.sa-east-1": {
                    "type": "aws_key_pair",
                    "depends_on": [
                        "tls_private_key.provisioner"
                    ],
                    "primary": {
                        "id": "circleci-cmcgrath",
                        "attributes": {
                            "fingerprint": "87:f7:06:f5:62:28:5a:9b:41:02:2b:f6:78:c2:89:f3",
                            "id": "circleci-cmcgrath",
                            "key_name": "circleci-cmcgrath",
                            "public_key": "ssh-rsa AAAAB3NzaC1yc2EAAAADAQABAAACAQC8tshBGl4u9l22bC3ntJD3h8vczmMPjY6vZWDkNQ8gzxEAwd+Nfw/X4oy44gpOSFiazs2Qjn9AThlTTkl0P5obgblwiku8Uj3vYblof84il/1ejdVTGz7fuq6eCG2ZAxUtRiHMbBQK7HtSqzEs253UbW1VGP3z6iR4vaVqP5sjn9lJh//Zuyw3MVMLU1FccM9Fp3lYlfECrpgdNYqv3e54UiiWkrpUhe2Y8hEzFd89tMh3drAxZ8hvgctY8gMddwQ9xG3bC/9JX7zZ/AVx160WoiYTtYr9zgm6cp1bMoxMX4iDYsP9gt8CMLMvthJ9Z9io6qu6ExFjV+0HsnP6FZAggGoh+f52qm9jiGwyFVRrdnqnONASB68eLxIlWVtpyeC7qB7zi/CTQrDEVvdOB+7P7/VkSLTMXnjEWWlxQiFc3ffTL7uHEo4uP/cp+bSpi0UZQp94gVl117E+JDHh/P3rTJcRiQnoIpcXMuycW9uePEX2CPocaXVdKcI737iy9KvxZz51e2u8ACFJWsBJD4MDxao0YgpOn7JKlUJfU2qra6DlJsFS1GJtJ9kTWFGlSyhk/CUEbhNJhRGPPxx+kM/AgCxcsEHGqKqdkNcRp5oSVEuGXjCSdxNL/pEQ1IuzqZowWY2+dqqwwXKF0CjGOq5oh5ybOJ/+M324d+cNvtJ+BQ=="
                        },
                        "meta": {
                            "schema_version": "1"
                        },
                        "tainted": false
                    },
                    "deposed": [],
                    "provider": "provider.aws.sa-east-1"
                },
                "aws_key_pair.us-east-1": {
                    "type": "aws_key_pair",
                    "depends_on": [
                        "tls_private_key.provisioner"
                    ],
                    "primary": {
                        "id": "circleci-cmcgrath",
                        "attributes": {
                            "fingerprint": "87:f7:06:f5:62:28:5a:9b:41:02:2b:f6:78:c2:89:f3",
                            "id": "circleci-cmcgrath",
                            "key_name": "circleci-cmcgrath",
                            "public_key": "ssh-rsa AAAAB3NzaC1yc2EAAAADAQABAAACAQC8tshBGl4u9l22bC3ntJD3h8vczmMPjY6vZWDkNQ8gzxEAwd+Nfw/X4oy44gpOSFiazs2Qjn9AThlTTkl0P5obgblwiku8Uj3vYblof84il/1ejdVTGz7fuq6eCG2ZAxUtRiHMbBQK7HtSqzEs253UbW1VGP3z6iR4vaVqP5sjn9lJh//Zuyw3MVMLU1FccM9Fp3lYlfECrpgdNYqv3e54UiiWkrpUhe2Y8hEzFd89tMh3drAxZ8hvgctY8gMddwQ9xG3bC/9JX7zZ/AVx160WoiYTtYr9zgm6cp1bMoxMX4iDYsP9gt8CMLMvthJ9Z9io6qu6ExFjV+0HsnP6FZAggGoh+f52qm9jiGwyFVRrdnqnONASB68eLxIlWVtpyeC7qB7zi/CTQrDEVvdOB+7P7/VkSLTMXnjEWWlxQiFc3ffTL7uHEo4uP/cp+bSpi0UZQp94gVl117E+JDHh/P3rTJcRiQnoIpcXMuycW9uePEX2CPocaXVdKcI737iy9KvxZz51e2u8ACFJWsBJD4MDxao0YgpOn7JKlUJfU2qra6DlJsFS1GJtJ9kTWFGlSyhk/CUEbhNJhRGPPxx+kM/AgCxcsEHGqKqdkNcRp5oSVEuGXjCSdxNL/pEQ1IuzqZowWY2+dqqwwXKF0CjGOq5oh5ybOJ/+M324d+cNvtJ+BQ=="
                        },
                        "meta": {
                            "schema_version": "1"
                        },
                        "tainted": false
                    },
                    "deposed": [],
                    "provider": "provider.aws.us-east-1"
                },
                "aws_key_pair.us-east-2": {
                    "type": "aws_key_pair",
                    "depends_on": [
                        "tls_private_key.provisioner"
                    ],
                    "primary": {
                        "id": "circleci-cmcgrath",
                        "attributes": {
                            "fingerprint": "87:f7:06:f5:62:28:5a:9b:41:02:2b:f6:78:c2:89:f3",
                            "id": "circleci-cmcgrath",
                            "key_name": "circleci-cmcgrath",
                            "public_key": "ssh-rsa AAAAB3NzaC1yc2EAAAADAQABAAACAQC8tshBGl4u9l22bC3ntJD3h8vczmMPjY6vZWDkNQ8gzxEAwd+Nfw/X4oy44gpOSFiazs2Qjn9AThlTTkl0P5obgblwiku8Uj3vYblof84il/1ejdVTGz7fuq6eCG2ZAxUtRiHMbBQK7HtSqzEs253UbW1VGP3z6iR4vaVqP5sjn9lJh//Zuyw3MVMLU1FccM9Fp3lYlfECrpgdNYqv3e54UiiWkrpUhe2Y8hEzFd89tMh3drAxZ8hvgctY8gMddwQ9xG3bC/9JX7zZ/AVx160WoiYTtYr9zgm6cp1bMoxMX4iDYsP9gt8CMLMvthJ9Z9io6qu6ExFjV+0HsnP6FZAggGoh+f52qm9jiGwyFVRrdnqnONASB68eLxIlWVtpyeC7qB7zi/CTQrDEVvdOB+7P7/VkSLTMXnjEWWlxQiFc3ffTL7uHEo4uP/cp+bSpi0UZQp94gVl117E+JDHh/P3rTJcRiQnoIpcXMuycW9uePEX2CPocaXVdKcI737iy9KvxZz51e2u8ACFJWsBJD4MDxao0YgpOn7JKlUJfU2qra6DlJsFS1GJtJ9kTWFGlSyhk/CUEbhNJhRGPPxx+kM/AgCxcsEHGqKqdkNcRp5oSVEuGXjCSdxNL/pEQ1IuzqZowWY2+dqqwwXKF0CjGOq5oh5ybOJ/+M324d+cNvtJ+BQ=="
                        },
                        "meta": {
                            "schema_version": "1"
                        },
                        "tainted": false
                    },
                    "deposed": [],
                    "provider": "provider.aws.us-east-2"
                },
                "aws_key_pair.us-west-1": {
                    "type": "aws_key_pair",
                    "depends_on": [
                        "tls_private_key.provisioner"
                    ],
                    "primary": {
                        "id": "circleci-cmcgrath",
                        "attributes": {
                            "fingerprint": "87:f7:06:f5:62:28:5a:9b:41:02:2b:f6:78:c2:89:f3",
                            "id": "circleci-cmcgrath",
                            "key_name": "circleci-cmcgrath",
                            "public_key": "ssh-rsa AAAAB3NzaC1yc2EAAAADAQABAAACAQC8tshBGl4u9l22bC3ntJD3h8vczmMPjY6vZWDkNQ8gzxEAwd+Nfw/X4oy44gpOSFiazs2Qjn9AThlTTkl0P5obgblwiku8Uj3vYblof84il/1ejdVTGz7fuq6eCG2ZAxUtRiHMbBQK7HtSqzEs253UbW1VGP3z6iR4vaVqP5sjn9lJh//Zuyw3MVMLU1FccM9Fp3lYlfECrpgdNYqv3e54UiiWkrpUhe2Y8hEzFd89tMh3drAxZ8hvgctY8gMddwQ9xG3bC/9JX7zZ/AVx160WoiYTtYr9zgm6cp1bMoxMX4iDYsP9gt8CMLMvthJ9Z9io6qu6ExFjV+0HsnP6FZAggGoh+f52qm9jiGwyFVRrdnqnONASB68eLxIlWVtpyeC7qB7zi/CTQrDEVvdOB+7P7/VkSLTMXnjEWWlxQiFc3ffTL7uHEo4uP/cp+bSpi0UZQp94gVl117E+JDHh/P3rTJcRiQnoIpcXMuycW9uePEX2CPocaXVdKcI737iy9KvxZz51e2u8ACFJWsBJD4MDxao0YgpOn7JKlUJfU2qra6DlJsFS1GJtJ9kTWFGlSyhk/CUEbhNJhRGPPxx+kM/AgCxcsEHGqKqdkNcRp5oSVEuGXjCSdxNL/pEQ1IuzqZowWY2+dqqwwXKF0CjGOq5oh5ybOJ/+M324d+cNvtJ+BQ=="
                        },
                        "meta": {
                            "schema_version": "1"
                        },
                        "tainted": false
                    },
                    "deposed": [],
                    "provider": "provider.aws.us-west-1"
                },
                "aws_key_pair.us-west-2": {
                    "type": "aws_key_pair",
                    "depends_on": [
                        "tls_private_key.provisioner"
                    ],
                    "primary": {
                        "id": "circleci-cmcgrath",
                        "attributes": {
                            "fingerprint": "87:f7:06:f5:62:28:5a:9b:41:02:2b:f6:78:c2:89:f3",
                            "id": "circleci-cmcgrath",
                            "key_name": "circleci-cmcgrath",
                            "public_key": "ssh-rsa AAAAB3NzaC1yc2EAAAADAQABAAACAQC8tshBGl4u9l22bC3ntJD3h8vczmMPjY6vZWDkNQ8gzxEAwd+Nfw/X4oy44gpOSFiazs2Qjn9AThlTTkl0P5obgblwiku8Uj3vYblof84il/1ejdVTGz7fuq6eCG2ZAxUtRiHMbBQK7HtSqzEs253UbW1VGP3z6iR4vaVqP5sjn9lJh//Zuyw3MVMLU1FccM9Fp3lYlfECrpgdNYqv3e54UiiWkrpUhe2Y8hEzFd89tMh3drAxZ8hvgctY8gMddwQ9xG3bC/9JX7zZ/AVx160WoiYTtYr9zgm6cp1bMoxMX4iDYsP9gt8CMLMvthJ9Z9io6qu6ExFjV+0HsnP6FZAggGoh+f52qm9jiGwyFVRrdnqnONASB68eLxIlWVtpyeC7qB7zi/CTQrDEVvdOB+7P7/VkSLTMXnjEWWlxQiFc3ffTL7uHEo4uP/cp+bSpi0UZQp94gVl117E+JDHh/P3rTJcRiQnoIpcXMuycW9uePEX2CPocaXVdKcI737iy9KvxZz51e2u8ACFJWsBJD4MDxao0YgpOn7JKlUJfU2qra6DlJsFS1GJtJ9kTWFGlSyhk/CUEbhNJhRGPPxx+kM/AgCxcsEHGqKqdkNcRp5oSVEuGXjCSdxNL/pEQ1IuzqZowWY2+dqqwwXKF0CjGOq5oh5ybOJ/+M324d+cNvtJ+BQ=="
                        },
                        "meta": {
                            "schema_version": "1"
                        },
                        "tainted": false
                    },
                    "deposed": [],
                    "provider": "provider.aws.us-west-2"
                },
                "tls_private_key.provisioner": {
                    "type": "tls_private_key",
                    "depends_on": [],
                    "primary": {
                        "id": "2f78d3565ecff66c7151e6bac86e4b623ee8dd62",
                        "attributes": {
                            "algorithm": "RSA",
                            "ecdsa_curve": "P224",
                            "id": "2f78d3565ecff66c7151e6bac86e4b623ee8dd62",
                            "private_key_pem": "-----BEGIN RSA PRIVATE KEY-----\nMIIJJwIBAAKCAgEAvLbIQRpeLvZdtmwt57SQ94fL3M5jD42Or2Vg5DUPIM8RAMHf\njX8P1+KMuOIKTkhYms7NkI5/QE4ZU05JdD+aG4G5cIpLvFI972G5aH/OIpf9Xo3V\nUxs+37qunghtmQMVLUYhzGwUCux7UqsxLNud1G1tVRj98+okeL2laj+bI5/ZSYf/\n2bssNzFTC1NRXHDPRad5WJXxAq6YHTWKr93ueFIolpK6VIXtmPIRMxXfPbTId3aw\nMWfIb4HLWPIDHXcEPcRt2wv/SV+82fwFcdetFqImE7WK/c4JunKdWzKMTF+Ig2LD\n/YLfAjCzL7YSfWfYqOqruhMRY1ftB7Jz+hWQIIBqIfn+dqpvY4hsMhVUa3Z6pzjQ\nEgevHi8SJVlbacngu6ge84vwk0KwxFb3Tgfuz+/1ZEi0zF54xFlpcUIhXN330y+7\nhxKOLj/3Kfm0qYtFGUKfeIFZddexPiQx4fz960yXEYkJ6CKXFzLsnFvbnjxF9gj6\nHGl1XSnCO9+4svSr8Wc+dXtrvAAhSVrASQ+DA8WqNGIKTp+ySpVCX1Nqq2ug5SbB\nUtRibSfZE1hRpUsoZPwlBG4TSYURjz8cfpDPwIAsXLBBxqiqnZDXEaeaElRLhl4w\nkncTS/6RENSLs6maMFmNvnaqsMFyhdAoxjquaIecmzif/jN9uHfnDb7SfgUCAwEA\nAQKCAgB64f7GPdhEdlKRfiHqNi8LsBZ0osPolcHqvnX4RACk2ZD10Ei0x59WcYQ2\nw6H4Va20qKM81T1Rb0mYcGruUpgT/0X0XWlxqJAB972WqVpeNmBbGLpnUl9/qf0Y\nlN5g+5vnjjpl9Z6bel/XdfgggKVmdRbzicGb+cRkBwHWjLKF4QnJktBsRDBHhEvS\nHR/mtOKTNbmTkJeOqogMxReY60fke4NIgSTp8wfDRyUiAcULVlQPTm7uzOi8i2UR\ndw3GOwC9A9KRB1/ltHyx6STWe52PFmj6/oUSPf8htI54mxK2jKLFAyQiSPzUXUfg\n8otZs6xmWeEW2mHBMbj8ARz6JN5i3P3Q+VG61i5353tbW0cAhpRhimb3Zdhw8vF5\nxRsrU5YnTsY/nJviuzm4ycBm1kBNQqRRQ6ZK7oU7Bg5cQgHSSU6ilHBpJJ226nWe\ndoKEgqAYgA33UMsP/q+zLA2VTWOAm/Z0U8QKEuVWuveCRhE4EPczwxApgcMuYJmW\n1ziGWZ8pdJ1Ds6s1o+PAvjGzLSogkOtP0oNkf6nx+4WqI11kJH6z6i0iGHjzKNi3\nt07SHVkKsdsnW8OABBlHy7/3Df00iorw9/zLiklLcjIKGg4rMwCjRM98r94Vgj+W\nWBGipp72k4Lll1iP+ZRRUufMPTgUG5aMeZ4I4YphUyMesmG7QQKCAQEA0PKiY+YR\nCBydGiWigjUHlvDirGfcB/wYPbvBq6Rl0K7TwizBsUbLSaA1vn10dlo0uupWzkuR\nV88B7kHh4BSGXYYbdsnPYtWZeFeapm9d4JbIdLk4v2dE4H8RcHzq84fBY2OvRndz\nRcm/ejOwl8YNDsDWi67DLtkSHtcGV5ru+tRDxYljljhVzt4N4WQrmYVMFtWqau5O\nayoJhcSOuUkdmkLJKIlDxFM4l5icbTnfI6LmcGWCuPf2MzTjRwLQsfh7CuWbdyRU\ngozDKTQ9y841Y4svmd6LdungZjBBYo4COIdlkERdz6bCE0ozSTs5KWTKDLq3spQS\nmgw53vvg6kepFQKCAQEA5zW3JxOmp+mUQ0redJq7tF16Sk8Wy0bJn0hui4KME4ht\ndmskC7Ndf8DvOldaY7ySyorh2tnTOTI/Xc+SycNvOaJvUO46jPoGc1YnFTaCIp4s\nCuYRHj9tbecTfYn4IQCM+pKsaQW7HwVNTkcXfOrM948WtJ86DChPmmMQJGO5+BHc\nRJVKzn1f+JbexLuBmBrHBxRo9fTQ/nxzWIwcsnDu9SIwyq1AFN7EWcJakVXOLgd9\nGc0d4aYdnVsAcD8MC93WPD+mKzeXdIKik6iVrJV89tK3vDk1C6ajOGoRqAph4LCe\nwIT+SDuissNKalGcUowDGzokpVn0wZLtQrgEopTdMQKCAQA4bO2RkLWUvTVntDYY\nd32fM1njOQDgXyGkuilo0rJ0EmI5E6ES4I1RSqR41qQ2udF3kIT0nM+ZKNvanYwD\n2UcXxnlwMLuCczBIoU+wFm8BkXZ8nvBGL/sXrPjmqbVBIq4EywywON22QO8mbwMH\nWYJ5M3Y8rmsjIZeVIHgj/EEBF4VduOZd0MTLYofZEBX+FVMg735f9g7TPbzolNX+\nD1KhL9vmyHq2b8relWXY0UIC+6DDRYZxsPSZi3S83nPBO9rubGb5W6Q+xQiG/gaa\nHQup4BJwuPpsmGfy8KEXnkXXQikZNn0m8F+EmgsTgZzEIuW1Xk7xOK91TkvqfZaV\nbdipAoIBAAqqOKONzX8rUBJ2jqJUTNo6AZ0R3txLjJtTTP4UbH+uKFZxBL2hbWuq\nK57GTr4RAbhkBZ0BtTOLNM8P9xZldGj1LCtQgdTk541EaRMaa5BLOX7bM+jwRgzu\nvsBor9Bd5SLdxyQlBoecx/8XWmcBsaitqf905MmQxnM5pJH5I6fkswNa25OAxv+B\nfg8XExhAC/QwpdLKkyVZ+jwYYm58tRkLlbKToUQVLntxcpoHmjYXVFbvVjSFZBJR\nE0kaL2UQu4QV74VI0CyopfUnrpfCYXxFJgKBpQe/jQHaKqxUpkUmAHyi5dPRJGUY\niwMydoJ8QNxtpykVaCvRqi4MrPIO6dECggEAEe4cefCgZ/XiIiTy2ILCu0UV9Dt8\nXk1qTKwLsCnyo9p8wzu5l27IasAAjYVhcNGFNIx1Nz/gvaP8rPFzHo1QitGMb5Zr\nf3jt96SD3Sx1+6YOfq+zNNWSDWpT8w22CK2UI0bnXcYUfPeeB/tEdDAjQlJ2LCHf\nWomtiK0PaqzKi6+l4gJjaGeaStaGjEdZeMQjyQIf6k095K5cMfcvJdLKsMeihk2O\nCdch2QeLDZODN7SYEo5nv0H0TatzzvmdT1pl3B7e09Z3H4SJm7LtPZAFVniwlMf9\nFvyiBdCtNtqBQrlkTLF6MVExIbCXsq/NK78dx1wIgHKq31cZnjubPdYvHw==\n-----END RSA PRIVATE KEY-----\n",
                            "public_key_fingerprint_md5": "a4:a8:c4:36:6b:61:4c:5b:3b:70:a5:dd:ac:b9:ef:e2",
                            "public_key_openssh": "ssh-rsa AAAAB3NzaC1yc2EAAAADAQABAAACAQC8tshBGl4u9l22bC3ntJD3h8vczmMPjY6vZWDkNQ8gzxEAwd+Nfw/X4oy44gpOSFiazs2Qjn9AThlTTkl0P5obgblwiku8Uj3vYblof84il/1ejdVTGz7fuq6eCG2ZAxUtRiHMbBQK7HtSqzEs253UbW1VGP3z6iR4vaVqP5sjn9lJh//Zuyw3MVMLU1FccM9Fp3lYlfECrpgdNYqv3e54UiiWkrpUhe2Y8hEzFd89tMh3drAxZ8hvgctY8gMddwQ9xG3bC/9JX7zZ/AVx160WoiYTtYr9zgm6cp1bMoxMX4iDYsP9gt8CMLMvthJ9Z9io6qu6ExFjV+0HsnP6FZAggGoh+f52qm9jiGwyFVRrdnqnONASB68eLxIlWVtpyeC7qB7zi/CTQrDEVvdOB+7P7/VkSLTMXnjEWWlxQiFc3ffTL7uHEo4uP/cp+bSpi0UZQp94gVl117E+JDHh/P3rTJcRiQnoIpcXMuycW9uePEX2CPocaXVdKcI737iy9KvxZz51e2u8ACFJWsBJD4MDxao0YgpOn7JKlUJfU2qra6DlJsFS1GJtJ9kTWFGlSyhk/CUEbhNJhRGPPxx+kM/AgCxcsEHGqKqdkNcRp5oSVEuGXjCSdxNL/pEQ1IuzqZowWY2+dqqwwXKF0CjGOq5oh5ybOJ/+M324d+cNvtJ+BQ==\n",
                            "public_key_pem": "-----BEGIN PUBLIC KEY-----\nMIICIjANBgkqhkiG9w0BAQEFAAOCAg8AMIICCgKCAgEAvLbIQRpeLvZdtmwt57SQ\n94fL3M5jD42Or2Vg5DUPIM8RAMHfjX8P1+KMuOIKTkhYms7NkI5/QE4ZU05JdD+a\nG4G5cIpLvFI972G5aH/OIpf9Xo3VUxs+37qunghtmQMVLUYhzGwUCux7UqsxLNud\n1G1tVRj98+okeL2laj+bI5/ZSYf/2bssNzFTC1NRXHDPRad5WJXxAq6YHTWKr93u\neFIolpK6VIXtmPIRMxXfPbTId3awMWfIb4HLWPIDHXcEPcRt2wv/SV+82fwFcdet\nFqImE7WK/c4JunKdWzKMTF+Ig2LD/YLfAjCzL7YSfWfYqOqruhMRY1ftB7Jz+hWQ\nIIBqIfn+dqpvY4hsMhVUa3Z6pzjQEgevHi8SJVlbacngu6ge84vwk0KwxFb3Tgfu\nz+/1ZEi0zF54xFlpcUIhXN330y+7hxKOLj/3Kfm0qYtFGUKfeIFZddexPiQx4fz9\n60yXEYkJ6CKXFzLsnFvbnjxF9gj6HGl1XSnCO9+4svSr8Wc+dXtrvAAhSVrASQ+D\nA8WqNGIKTp+ySpVCX1Nqq2ug5SbBUtRibSfZE1hRpUsoZPwlBG4TSYURjz8cfpDP\nwIAsXLBBxqiqnZDXEaeaElRLhl4wkncTS/6RENSLs6maMFmNvnaqsMFyhdAoxjqu\naIecmzif/jN9uHfnDb7SfgUCAwEAAQ==\n-----END PUBLIC KEY-----\n",
                            "rsa_bits": "4096"
                        },
                        "meta": {},
                        "tainted": false
                    },
                    "deposed": [],
                    "provider": "provider.tls"
                }
            },
            "depends_on": []
        },
        {
            "path": [
                "root",
                "masternode0"
            ],
            "outputs": {
                "public_ip": {
                    "sensitive": false,
                    "type": "string",
                    "value": "54.193.109.118"
                }
            },
            "resources": {
                "aws_instance.cilantro-node": {
                    "type": "aws_instance",
                    "depends_on": [
                        "aws_security_group.cilantro_firewall",
                        "data.aws_region.current",
                        "local.amis",
                        "local.nodename",
                        "local.prefix"
                    ],
                    "primary": {
                        "id": "i-0e58ed90241fe5a47",
                        "attributes": {
                            "ami": "ami-0bf3d63a666665438",
                            "arn": "arn:aws:ec2:us-west-1:622633509017:instance/i-0e58ed90241fe5a47",
                            "associate_public_ip_address": "true",
                            "availability_zone": "us-west-1a",
                            "cpu_core_count": "2",
                            "cpu_threads_per_core": "1",
                            "credit_specification.#": "1",
                            "credit_specification.0.cpu_credits": "standard",
                            "disable_api_termination": "false",
                            "ebs_block_device.#": "0",
                            "ebs_optimized": "false",
                            "ephemeral_block_device.#": "0",
                            "get_password_data": "false",
                            "iam_instance_profile": "",
                            "id": "i-0e58ed90241fe5a47",
                            "instance_state": "running",
                            "instance_type": "t2.large",
                            "ipv6_addresses.#": "0",
                            "key_name": "circleci-cmcgrath",
                            "monitoring": "false",
                            "network_interface.#": "0",
                            "network_interface_id": "eni-0ee280e5f84cc0972",
                            "password_data": "",
                            "placement_group": "",
                            "primary_network_interface_id": "eni-0ee280e5f84cc0972",
                            "private_dns": "ip-172-31-16-184.us-west-1.compute.internal",
                            "private_ip": "172.31.16.184",
                            "public_dns": "ec2-54-193-109-118.us-west-1.compute.amazonaws.com",
                            "public_ip": "54.193.109.118",
                            "root_block_device.#": "1",
                            "root_block_device.0.delete_on_termination": "true",
                            "root_block_device.0.iops": "100",
                            "root_block_device.0.volume_id": "vol-0cbf4cf0c073593a0",
                            "root_block_device.0.volume_size": "8",
                            "root_block_device.0.volume_type": "gp2",
                            "security_groups.#": "1",
                            "security_groups.392790189": "firewall-circleci-cmcgrath-masternode0",
                            "source_dest_check": "true",
                            "subnet_id": "subnet-50f6dd37",
                            "tags.%": "1",
                            "tags.Name": "circleci-cmcgrath--masternode0",
                            "tenancy": "default",
                            "volume_tags.%": "0",
                            "vpc_security_group_ids.#": "1",
                            "vpc_security_group_ids.3563766249": "sg-06090c857edc59492"
                        },
                        "meta": {
                            "e2bfb730-ecaa-11e6-8f88-34363bc7c4c0": {
                                "create": 600000000000,
                                "delete": 1200000000000,
                                "update": 600000000000
                            },
                            "schema_version": "1"
                        },
                        "tainted": false
                    },
                    "deposed": [],
                    "provider": "provider.aws.us-west-1"
                },
                "aws_security_group.cilantro_firewall": {
                    "type": "aws_security_group",
                    "depends_on": [
                        "local.nodename",
                        "local.prefix"
                    ],
                    "primary": {
                        "id": "sg-06090c857edc59492",
                        "attributes": {
                            "arn": "arn:aws:ec2:us-west-1:622633509017:security-group/sg-06090c857edc59492",
                            "description": "Allow specific ports necessary for cilantro to work",
                            "egress.#": "1",
                            "egress.424890679.cidr_blocks.#": "1",
                            "egress.424890679.cidr_blocks.0": "0.0.0.0/0",
                            "egress.424890679.description": "Open up all ports for outbound traffic",
                            "egress.424890679.from_port": "0",
                            "egress.424890679.ipv6_cidr_blocks.#": "0",
                            "egress.424890679.prefix_list_ids.#": "0",
                            "egress.424890679.protocol": "-1",
                            "egress.424890679.security_groups.#": "0",
                            "egress.424890679.self": "false",
                            "egress.424890679.to_port": "0",
                            "id": "sg-06090c857edc59492",
                            "ingress.#": "5",
                            "ingress.13262502.cidr_blocks.#": "1",
                            "ingress.13262502.cidr_blocks.0": "0.0.0.0/0",
                            "ingress.13262502.description": "Port for Webserver if SSL is not enabled",
                            "ingress.13262502.from_port": "8080",
                            "ingress.13262502.ipv6_cidr_blocks.#": "0",
                            "ingress.13262502.prefix_list_ids.#": "0",
                            "ingress.13262502.protocol": "tcp",
                            "ingress.13262502.security_groups.#": "0",
                            "ingress.13262502.self": "false",
                            "ingress.13262502.to_port": "8080",
                            "ingress.2910436239.cidr_blocks.#": "1",
                            "ingress.2910436239.cidr_blocks.0": "0.0.0.0/0",
                            "ingress.2910436239.description": "Allow HTTP traffic through for cert validation",
                            "ingress.2910436239.from_port": "80",
                            "ingress.2910436239.ipv6_cidr_blocks.#": "0",
                            "ingress.2910436239.prefix_list_ids.#": "0",
                            "ingress.2910436239.protocol": "tcp",
                            "ingress.2910436239.security_groups.#": "0",
                            "ingress.2910436239.self": "false",
                            "ingress.2910436239.to_port": "80",
                            "ingress.3615083869.cidr_blocks.#": "1",
                            "ingress.3615083869.cidr_blocks.0": "0.0.0.0/0",
                            "ingress.3615083869.description": "Allow HTTPS traffic through",
                            "ingress.3615083869.from_port": "443",
                            "ingress.3615083869.ipv6_cidr_blocks.#": "0",
                            "ingress.3615083869.prefix_list_ids.#": "0",
                            "ingress.3615083869.protocol": "tcp",
                            "ingress.3615083869.security_groups.#": "0",
                            "ingress.3615083869.self": "false",
                            "ingress.3615083869.to_port": "443",
                            "ingress.369391072.cidr_blocks.#": "1",
                            "ingress.369391072.cidr_blocks.0": "0.0.0.0/0",
                            "ingress.369391072.description": "Allow SSH connections to instance",
                            "ingress.369391072.from_port": "22",
                            "ingress.369391072.ipv6_cidr_blocks.#": "0",
                            "ingress.369391072.prefix_list_ids.#": "0",
                            "ingress.369391072.protocol": "tcp",
                            "ingress.369391072.security_groups.#": "0",
                            "ingress.369391072.self": "false",
                            "ingress.369391072.to_port": "22",
                            "ingress.878646348.cidr_blocks.#": "1",
                            "ingress.878646348.cidr_blocks.0": "0.0.0.0/0",
                            "ingress.878646348.description": "Open up range of ports for inter-node communications to connect",
                            "ingress.878646348.from_port": "10000",
                            "ingress.878646348.ipv6_cidr_blocks.#": "0",
                            "ingress.878646348.prefix_list_ids.#": "0",
                            "ingress.878646348.protocol": "tcp",
                            "ingress.878646348.security_groups.#": "0",
                            "ingress.878646348.self": "false",
                            "ingress.878646348.to_port": "10100",
                            "name": "firewall-circleci-cmcgrath-masternode0",
                            "owner_id": "622633509017",
                            "revoke_rules_on_delete": "false",
                            "tags.%": "0",
                            "vpc_id": "vpc-4f9af028"
                        },
                        "meta": {
                            "e2bfb730-ecaa-11e6-8f88-34363bc7c4c0": {
                                "create": 600000000000,
                                "delete": 600000000000
                            },
                            "schema_version": "1"
                        },
                        "tainted": false
                    },
                    "deposed": [],
                    "provider": "provider.aws.us-west-1"
                },
                "data.aws_caller_identity.current": {
                    "type": "aws_caller_identity",
                    "depends_on": [],
                    "primary": {
                        "id": "2019-02-18 23:30:54.232627 +0000 UTC",
                        "attributes": {
                            "account_id": "622633509017",
                            "arn": "arn:aws:iam::622633509017:user/colin",
                            "id": "2019-02-18 23:30:54.232627 +0000 UTC",
                            "user_id": "AIDAJXXVINIM7LGOLIOTG"
                        },
                        "meta": {},
                        "tainted": false
                    },
                    "deposed": [],
                    "provider": "provider.aws.us-west-1"
                },
                "data.aws_region.current": {
                    "type": "aws_region",
                    "depends_on": [],
                    "primary": {
                        "id": "us-west-1",
                        "attributes": {
                            "current": "true",
                            "description": "US West (N. California)",
                            "endpoint": "ec2.us-west-1.amazonaws.com",
                            "id": "us-west-1",
                            "name": "us-west-1"
                        },
                        "meta": {},
                        "tainted": false
                    },
                    "deposed": [],
                    "provider": "provider.aws.us-west-1"
                },
                "null_resource.aggregate-ips": {
                    "type": "null_resource",
                    "depends_on": [
                        "aws_eip.static-ip",
                        "aws_instance.cilantro-node"
                    ],
                    "primary": {
                        "id": "5863542103472985200",
                        "attributes": {
                            "id": "5863542103472985200",
                            "triggers.%": "1",
                            "triggers.always_run": "e70da4cd-debe-2961-e448-9f2a57984eed"
                        },
                        "meta": {},
                        "tainted": false
                    },
                    "deposed": [],
                    "provider": "provider.null"
                },
                "null_resource.cilantro-conf": {
                    "type": "null_resource",
                    "depends_on": [
                        "aws_eip.static-ip",
                        "aws_instance.cilantro-node",
                        "null_resource.aggregate-ips"
                    ],
                    "primary": {
                        "id": "4371697855972249064",
                        "attributes": {
                            "id": "4371697855972249064",
                            "triggers.%": "1",
                            "triggers.always_run": "514de560-d19a-694f-007e-9ed6d20c4b75"
                        },
                        "meta": {},
                        "tainted": false
                    },
                    "deposed": [],
                    "provider": "provider.null"
                },
                "null_resource.circus-conf": {
                    "type": "null_resource",
                    "depends_on": [
                        "aws_eip.static-ip",
                        "aws_instance.cilantro-node"
                    ],
                    "primary": {
                        "id": "6859805399432946721",
                        "attributes": {
                            "id": "6859805399432946721",
                            "triggers.%": "1",
                            "triggers.conf": "[circus]\nstatsd = True\n\n#[plugin:redis-observer]\n#use = circus.plugins.redis_observer.RedisObserver\n\n[watcher:redis]\ncmd = python3 /app/scripts/start_redis.py\ncopy_env = True\nvirtualenv = /app/venv\n\n[watcher:mongo]\ncmd = python3 /app/scripts/start_mongo.py\ncopy_env = True\nvirtualenv = /app/venv\n\n[watcher:mongo_create_user]\ncmd = python3 /app/scripts/create_user.py\ncopy_env = True\nvirtualenv = /app/venv\nwarmup_delay = 5\nrespawn = False\n\n[watcher:bootstrap]\ncmd = python3 /app/scripts/bootstrap.py\ncopy_env = True\nvirtualenv = /app/venv\n\n"
                        },
                        "meta": {},
                        "tainted": false
                    },
                    "deposed": [],
                    "provider": "provider.null"
                },
                "null_resource.docker": {
                    "type": "null_resource",
                    "depends_on": [
                        "aws_eip.static-ip",
                        "aws_instance.cilantro-node",
                        "local.images",
                        "null_resource.aggregate-ips",
                        "null_resource.cilantro-conf",
                        "null_resource.circus-conf"
                    ],
                    "primary": {
                        "id": "6986173786065940329",
                        "attributes": {
                            "id": "6986173786065940329",
                            "triggers.%": "4",
                            "triggers.cilantro": "[DEFAULT]\nip = 54.193.109.118\nboot_ips = 13.56.246.80,13.56.76.156,13.57.240.179,52.53.193.106,54.193.109.118,54.193.99.55\nnode_type = masternode\nsk = ff0f0ee96fdb895c82683564f8e811c24315f95ddacc17bc61e992627fb4c3c2\nvk = 901f798472c1f81ff161c4e9097b01bddc27d6dc87a4c9d8ef9eedd9e304a9dc\nreset_db = True\nconstitution_file = circleci.json\nssl_enabled = False\nnonce_enabled = False\nlog_lvl = 11\n\n",
                            "triggers.circus": "[circus]\nstatsd = True\n\n#[plugin:redis-observer]\n#use = circus.plugins.redis_observer.RedisObserver\n\n[watcher:redis]\ncmd = python3 /app/scripts/start_redis.py\ncopy_env = True\nvirtualenv = /app/venv\n\n[watcher:mongo]\ncmd = python3 /app/scripts/start_mongo.py\ncopy_env = True\nvirtualenv = /app/venv\n\n[watcher:mongo_create_user]\ncmd = python3 /app/scripts/create_user.py\ncopy_env = True\nvirtualenv = /app/venv\nwarmup_delay = 5\nrespawn = False\n\n[watcher:bootstrap]\ncmd = python3 /app/scripts/bootstrap.py\ncopy_env = True\nvirtualenv = /app/venv\n\n",
                            "triggers.image": "masternode",
                            "triggers.tag": "devops-repaired-bd9fe241-c13301a0"
                        },
                        "meta": {},
                        "tainted": false
                    },
                    "deposed": [],
                    "provider": "provider.null"
                },
                "null_resource.redis-conf": {
                    "type": "null_resource",
                    "depends_on": [
                        "aws_instance.cilantro-node"
                    ],
                    "primary": {
                        "id": "3802660997650185075",
                        "attributes": {
                            "id": "3802660997650185075",
                            "triggers.%": "1",
                            "triggers.conf": "dbfilename dump.rdb\ndir /var/db/cilantro/redis\n\n# Save every 60 seconds if at least 1000 keys change\nsave 60 100\n"
                        },
                        "meta": {},
                        "tainted": false
                    },
                    "deposed": [],
                    "provider": "provider.null"
                },
                "null_resource.ssh-keys": {
                    "type": "null_resource",
                    "depends_on": [
                        "aws_eip.static-ip",
                        "aws_instance.cilantro-node"
                    ],
                    "primary": {
                        "id": "3519166758054835804",
                        "attributes": {
                            "id": "3519166758054835804",
                            "triggers.%": "1",
                            "triggers.conf": "ssh-rsa AAAAB3NzaC1yc2EAAAADAQABAAACAQDs1KaHzejTs2CaCjJKngsUgeAJDo4gZxyYkrCAPWcuVtNzSIwJvZsp2/rh5COceIwv8I1Yje5MzzPv3Gq9rS48wQ6wM8W9F++eN345dnZG6IjEkuKpbu4Nm2zfAgWYWhWgDiAszpHW/9bSvvPyQEwz08UeXBPJT0IpIFUXhF4Ym78tBqjsnY7w/HVXklJccdX/Cg0H1lJo7QFIrFfkEdBfoBQPMuQrEG/zODH+h29cfvqnRSz5FxqohSYcxvXBxu+44skgkCX8Ltr1+LplY8Y7y2scZPFNTT0gusZPamlft7IFtI5Q5OA7Djrpg6agB01joKtcSBo3QQe9A3LtPuU7yfRpRC8nwEFRJHiwit0f1eUckYiVkIfOAeFjjtHP1r4FAi1PJCS3g2kSeTF9L2jjGrC/pjLCgLY72BbuV8N7GUKQ11B9APQDPdUCfcpIefcch50BxIRVOd23GWGPFMvgRnUZNPyGdV3mjC8YTUu6STZGFAkzEhvxWZfyvi2wZx7XSJynFchGU/CcA9KESAOE0fgAyU5U/2yugH4Qhizar6mDBDdEy3500SHy5mrzu4A3K3QuMMSKSAJs0g7KI+/VWBiVLMwAN1sAdblxXm2mDWbyiFp+e+fPFwrCYPJlRi4gNGnn9xfpBKNkkQ5RT9RQurr2SkMoV1HyQeqcWTi29Q== davishaba@Daviss-MacBook-Pro.local\nssh-rsa AAAAB3NzaC1yc2EAAAADAQABAAABAQDSkorKqV1g75XKjAdgAyyJkTcTZ8kpAM/Ie1u53y26Ez0qMaCz7ocYaEqU3B7rq2XQZySfKEYjnue8OnDO3jfV4+Th5TQP3CHftle5AePmql2n4vH5FKLQ4EK5xZZ56XVQucplv3mUkNqlwBndyFORewmu/l1UpaduzvnVdCABoZJY5pKAD0jXAWk6Ml15f/NKyX5V/cr1j1GA0nuIPABjQvi1cbnjUMhdXm9PpcCl2UrErF2wqi3Ec19fIVERyijZwe1gKALYQ9mkmJzcGZKaw1QuNfss8PWPOvTEp6/kf8yj8DEYPe6uiLCFX9rqHFPj4MzHKZnCKKTXDvNNsuBz cmcgrath@Colins-MacBook-Pro.local\nssh-rsa AAAAB3NzaC1yc2EAAAADAQABAAACAQCxuxBdvWKF0RskDbr7sIK5lBBGd3O3zAgfvkZMUq/OLdVF1clrHvvck+H3IJGF+Rx47e/kG9zHxQuTl0d5hW4mhm21TgCHB//8WbN2IFo445yUjiX5ZZDM+9UGI4hZKMvdq1lHSDrCrmDqZLIKaFyAcEyUCYK7OStO9lCOdITIGyIX/X6y52zG+3lcOJmyW3owzYUUHanVgFn6IjHdFV19WeQOqC56dB8ISLXzQDY4IvORqLb+vEkPl6Wc0yNN3Udr4xW7pxisELKxl0Bc748GPlZrKUkEBuds9/P41IT0Yfl7NwaBrZen6DBC7ZCkA8oviIhgGIxeyfeOLkSj6GBAqJehE1tKxn6su8msstLyS+4lW7PljqFA5vufB8OgltxWi/Kiqzl/l3136HORhQyrUSe057pLH+/nMb1KavHBOexBQ8Ph0e2EokjXnDWCrouMaKLfXprHxBPaPOfzsz/u4ng1WJD0bhGGQjpS3e4WIhEbluSaPLhX3/3teyElHF6kxnVhOuSsqtjrRAkQz8PWY7UNOr8QspLeuNeNCJUvU5hwgywW7uHSph4hPeyN0rmRvy4Z6xAfzQu84eAP/szxe3LgLidSvHW8kvrAhLqF1ceg3rbBOEh9Qi8eJ+gBoL4o8XRZuKechY1hrSBvM0yQeOzMMWvhFme8zAL7HJxfDQ== lamden@lamdens-MBP\nssh-rsa AAAAB3NzaC1yc2EAAAADAQABAAACAQC5yg8vl4uclEOLk+8N0PY9orjMfRBoqVvtm1sDfCUFpjNNCDavoeO3+aGQjRR79PNsXYYqv76o4y0B7WjXZiIo285xDuXFT45A98OK/4j1SkmT313XkmP6HTGRBi51xBxrqinrMkgmh5u/Q6Idhl22CehaT2vlFEjoM1n/mbGjzTMVoaoS7WCdeVW47cSMj8T1sw6iM5ZhGkWvapj7DD1HvKCCKY3H4uwR4BdEZQ4Tda4lFt1JpluELv/onEFpjUlMoE/1RZ3cxuu6VfhX/lWsxa2sutmJKaS0fMpec+wSyoImsiT/Mu11IHlLCQrtvCMdRCc22cgNj3A2yN/TZWVAym0pE/lYcdI1f6RJGJ2zxD6Mx57RSb4kg41MpLEu22a/ZBhexxg0iR1nSpL+QwjzY5d5Y332cv2DQXxCVgMHgDNIgSJSW+R/3u8QWvB49OmgIv0py3mk3MCp1dwr8xwPtNUPGRlcP+trEcvpPFieK+9Z6UsJoZ8pHavgV/MOqI72ePvOqkfBmHFDhae/gOPy+DCmEkPl3nTW94+OSrRykkxKwYxZh0Rmk+jpKDWElRRCHpNRYtea64oDlc2hQowpTi1U3C7duPsUgZVyCAErfkvmqz4PuHMnpTPg4GAVmxl4CHujgvvdC9KdP9SH6xyryLW1HQ1HpL9BqEROKRfNFw== wywfalcon@gmail.com\nssh-rsa AAAAB3NzaC1yc2EAAAADAQABAAACAQC6s8mIerDqVezMx227qZgb1nHoO/nMjuqg4pTjUvb92BD/NYwB/PbKjnStqzX5qyarRpj5pdExaA0cHUGnsVvthP5LRn016H3ZUd1OeXTHB2BqpV1/ZAD8chncjqn+pL+Ix2vcNiE1yqP/quwlIrfniQd7U9X1nNGIsJAvZ983wYnqyl9IhATToT3m55h+VzpS7a9Ogmpw70pA6VqFr0PHmjyIPaLOSswXtmzsAhi1KvgXFQ64stXDdxXX880pCtuzdE0TtEBFHNQtde/Lv1i4EBvSEUzVritEV0HjMBQS/JN80eJ5o2eozlInEGf1VfrHWu+IKFNWC6qqbm8bf1Sl+gP62Li/d20ORvUeAoJb+QRaht6ap1EabbkBqxPL41rOd2oNfkQRbjX6C0GIM/1r7muXJfLp5wafelTGzkX7mr92S5Vlh7uGE9ui3+MVrtwP42aqKMNvBkxEk/8j2mRR6Efrr8wcq1/1uevUhf68jLxQWkg9iH5si876jNSG5GtwsBmm1fz9xW48fSapzQt14aNSRysnuMG/57LsDcnRKOIpy3Sr7kuEFBoC2n8tdrVw/edxm4DLgiqqP3TKZbbxYPMBlpeqxCNx6M8LVVkwkBdwm1R6OOle2Asof9dJf90WXb8oBlRXYg+5JJYdjLWEWb0pmqdPjV+lV4pLMWm9Dw== tejas@lamden.io\nssh-rsa AAAAB3NzaC1yc2EAAAADAQABAAABAQCu1kNmPJSNGB1C0pit7L0+22rbhQFrZgGGliRU5R+R/aVcmyS8jPN7LpzAW+SRT+TWHfWIEstQHqn/WHcfzOjm4ljc7VPx+dXNvl8iWzaciRB1HBuzHoFubxSUK9oD5sEQCXpSkyX9vc7HFjuvutiVAPpCSzhAiHG03QrEox2cEyvhgyhnWoHDo6jdfftwi0jyKESbLIXLJWcyBhEWH2mZqwNOhlWUdhB7gKeD4i2WCBfdkF2+8NVZckhgvpAiFCFEJnE6rqqx6RbcLtUETM2hPirmSrjowCWhYk2Hk9q6XCCXNRKsvK9cCwgg1Tm3eVPLedUDB4Wj9w2iJj4S3dx7 stu@Stuarts-MBP-2\n"
                        },
                        "meta": {},
                        "tainted": false
                    },
                    "deposed": [],
                    "provider": "provider.null"
                }
            },
            "depends_on": []
        },
        {
            "path": [
                "root",
                "masternode1"
            ],
            "outputs": {
                "public_ip": {
                    "sensitive": false,
                    "type": "string",
                    "value": "13.57.240.179"
                }
            },
            "resources": {
                "aws_instance.cilantro-node": {
                    "type": "aws_instance",
                    "depends_on": [
                        "aws_security_group.cilantro_firewall",
                        "data.aws_region.current",
                        "local.amis",
                        "local.nodename",
                        "local.prefix"
                    ],
                    "primary": {
                        "id": "i-02cb11c27b3861537",
                        "attributes": {
                            "ami": "ami-0bf3d63a666665438",
                            "arn": "arn:aws:ec2:us-west-1:622633509017:instance/i-02cb11c27b3861537",
                            "associate_public_ip_address": "true",
                            "availability_zone": "us-west-1a",
                            "cpu_core_count": "2",
                            "cpu_threads_per_core": "1",
                            "credit_specification.#": "1",
                            "credit_specification.0.cpu_credits": "standard",
                            "disable_api_termination": "false",
                            "ebs_block_device.#": "0",
                            "ebs_optimized": "false",
                            "ephemeral_block_device.#": "0",
                            "get_password_data": "false",
                            "iam_instance_profile": "",
                            "id": "i-02cb11c27b3861537",
                            "instance_state": "running",
                            "instance_type": "t2.large",
                            "ipv6_addresses.#": "0",
                            "key_name": "circleci-cmcgrath",
                            "monitoring": "false",
                            "network_interface.#": "0",
                            "network_interface_id": "eni-03e93a233f4f0252a",
                            "password_data": "",
                            "placement_group": "",
                            "primary_network_interface_id": "eni-03e93a233f4f0252a",
                            "private_dns": "ip-172-31-18-103.us-west-1.compute.internal",
                            "private_ip": "172.31.18.103",
                            "public_dns": "ec2-13-57-240-179.us-west-1.compute.amazonaws.com",
                            "public_ip": "13.57.240.179",
                            "root_block_device.#": "1",
                            "root_block_device.0.delete_on_termination": "true",
                            "root_block_device.0.iops": "100",
                            "root_block_device.0.volume_id": "vol-0bbd682a34e728f8a",
                            "root_block_device.0.volume_size": "8",
                            "root_block_device.0.volume_type": "gp2",
                            "security_groups.#": "1",
                            "security_groups.1617866811": "firewall-circleci-cmcgrath-masternode1",
                            "source_dest_check": "true",
                            "subnet_id": "subnet-50f6dd37",
                            "tags.%": "1",
                            "tags.Name": "circleci-cmcgrath--masternode1",
                            "tenancy": "default",
                            "volume_tags.%": "0",
                            "vpc_security_group_ids.#": "1",
                            "vpc_security_group_ids.184424657": "sg-096cb77de54ea88ed"
                        },
                        "meta": {
                            "e2bfb730-ecaa-11e6-8f88-34363bc7c4c0": {
                                "create": 600000000000,
                                "delete": 1200000000000,
                                "update": 600000000000
                            },
                            "schema_version": "1"
                        },
                        "tainted": false
                    },
                    "deposed": [],
                    "provider": "provider.aws.us-west-1"
                },
                "aws_security_group.cilantro_firewall": {
                    "type": "aws_security_group",
                    "depends_on": [
                        "local.nodename",
                        "local.prefix"
                    ],
                    "primary": {
                        "id": "sg-096cb77de54ea88ed",
                        "attributes": {
                            "arn": "arn:aws:ec2:us-west-1:622633509017:security-group/sg-096cb77de54ea88ed",
                            "description": "Allow specific ports necessary for cilantro to work",
                            "egress.#": "1",
                            "egress.424890679.cidr_blocks.#": "1",
                            "egress.424890679.cidr_blocks.0": "0.0.0.0/0",
                            "egress.424890679.description": "Open up all ports for outbound traffic",
                            "egress.424890679.from_port": "0",
                            "egress.424890679.ipv6_cidr_blocks.#": "0",
                            "egress.424890679.prefix_list_ids.#": "0",
                            "egress.424890679.protocol": "-1",
                            "egress.424890679.security_groups.#": "0",
                            "egress.424890679.self": "false",
                            "egress.424890679.to_port": "0",
                            "id": "sg-096cb77de54ea88ed",
                            "ingress.#": "5",
                            "ingress.13262502.cidr_blocks.#": "1",
                            "ingress.13262502.cidr_blocks.0": "0.0.0.0/0",
                            "ingress.13262502.description": "Port for Webserver if SSL is not enabled",
                            "ingress.13262502.from_port": "8080",
                            "ingress.13262502.ipv6_cidr_blocks.#": "0",
                            "ingress.13262502.prefix_list_ids.#": "0",
                            "ingress.13262502.protocol": "tcp",
                            "ingress.13262502.security_groups.#": "0",
                            "ingress.13262502.self": "false",
                            "ingress.13262502.to_port": "8080",
                            "ingress.2910436239.cidr_blocks.#": "1",
                            "ingress.2910436239.cidr_blocks.0": "0.0.0.0/0",
                            "ingress.2910436239.description": "Allow HTTP traffic through for cert validation",
                            "ingress.2910436239.from_port": "80",
                            "ingress.2910436239.ipv6_cidr_blocks.#": "0",
                            "ingress.2910436239.prefix_list_ids.#": "0",
                            "ingress.2910436239.protocol": "tcp",
                            "ingress.2910436239.security_groups.#": "0",
                            "ingress.2910436239.self": "false",
                            "ingress.2910436239.to_port": "80",
                            "ingress.3615083869.cidr_blocks.#": "1",
                            "ingress.3615083869.cidr_blocks.0": "0.0.0.0/0",
                            "ingress.3615083869.description": "Allow HTTPS traffic through",
                            "ingress.3615083869.from_port": "443",
                            "ingress.3615083869.ipv6_cidr_blocks.#": "0",
                            "ingress.3615083869.prefix_list_ids.#": "0",
                            "ingress.3615083869.protocol": "tcp",
                            "ingress.3615083869.security_groups.#": "0",
                            "ingress.3615083869.self": "false",
                            "ingress.3615083869.to_port": "443",
                            "ingress.369391072.cidr_blocks.#": "1",
                            "ingress.369391072.cidr_blocks.0": "0.0.0.0/0",
                            "ingress.369391072.description": "Allow SSH connections to instance",
                            "ingress.369391072.from_port": "22",
                            "ingress.369391072.ipv6_cidr_blocks.#": "0",
                            "ingress.369391072.prefix_list_ids.#": "0",
                            "ingress.369391072.protocol": "tcp",
                            "ingress.369391072.security_groups.#": "0",
                            "ingress.369391072.self": "false",
                            "ingress.369391072.to_port": "22",
                            "ingress.878646348.cidr_blocks.#": "1",
                            "ingress.878646348.cidr_blocks.0": "0.0.0.0/0",
                            "ingress.878646348.description": "Open up range of ports for inter-node communications to connect",
                            "ingress.878646348.from_port": "10000",
                            "ingress.878646348.ipv6_cidr_blocks.#": "0",
                            "ingress.878646348.prefix_list_ids.#": "0",
                            "ingress.878646348.protocol": "tcp",
                            "ingress.878646348.security_groups.#": "0",
                            "ingress.878646348.self": "false",
                            "ingress.878646348.to_port": "10100",
                            "name": "firewall-circleci-cmcgrath-masternode1",
                            "owner_id": "622633509017",
                            "revoke_rules_on_delete": "false",
                            "tags.%": "0",
                            "vpc_id": "vpc-4f9af028"
                        },
                        "meta": {
                            "e2bfb730-ecaa-11e6-8f88-34363bc7c4c0": {
                                "create": 600000000000,
                                "delete": 600000000000
                            },
                            "schema_version": "1"
                        },
                        "tainted": false
                    },
                    "deposed": [],
                    "provider": "provider.aws.us-west-1"
                },
                "data.aws_caller_identity.current": {
                    "type": "aws_caller_identity",
                    "depends_on": [],
                    "primary": {
                        "id": "2019-02-18 23:30:54.245856 +0000 UTC",
                        "attributes": {
                            "account_id": "622633509017",
                            "arn": "arn:aws:iam::622633509017:user/colin",
                            "id": "2019-02-18 23:30:54.245856 +0000 UTC",
                            "user_id": "AIDAJXXVINIM7LGOLIOTG"
                        },
                        "meta": {},
                        "tainted": false
                    },
                    "deposed": [],
                    "provider": "provider.aws.us-west-1"
                },
                "data.aws_region.current": {
                    "type": "aws_region",
                    "depends_on": [],
                    "primary": {
                        "id": "us-west-1",
                        "attributes": {
                            "current": "true",
                            "description": "US West (N. California)",
                            "endpoint": "ec2.us-west-1.amazonaws.com",
                            "id": "us-west-1",
                            "name": "us-west-1"
                        },
                        "meta": {},
                        "tainted": false
                    },
                    "deposed": [],
                    "provider": "provider.aws.us-west-1"
                },
                "null_resource.aggregate-ips": {
                    "type": "null_resource",
                    "depends_on": [
                        "aws_eip.static-ip",
                        "aws_instance.cilantro-node"
                    ],
                    "primary": {
                        "id": "2052549781145354545",
                        "attributes": {
                            "id": "2052549781145354545",
                            "triggers.%": "1",
                            "triggers.always_run": "0c98032b-49c9-4ebf-262f-87dec040f1e1"
                        },
                        "meta": {},
                        "tainted": false
                    },
                    "deposed": [],
                    "provider": "provider.null"
                },
                "null_resource.cilantro-conf": {
                    "type": "null_resource",
                    "depends_on": [
                        "aws_eip.static-ip",
                        "aws_instance.cilantro-node",
                        "null_resource.aggregate-ips"
                    ],
                    "primary": {
                        "id": "6851873275390448130",
                        "attributes": {
                            "id": "6851873275390448130",
                            "triggers.%": "1",
                            "triggers.always_run": "651df5ee-7840-9011-2d55-21f8e95b8eef"
                        },
                        "meta": {},
                        "tainted": false
                    },
                    "deposed": [],
                    "provider": "provider.null"
                },
                "null_resource.circus-conf": {
                    "type": "null_resource",
                    "depends_on": [
                        "aws_eip.static-ip",
                        "aws_instance.cilantro-node"
                    ],
                    "primary": {
                        "id": "2028745623842815162",
                        "attributes": {
                            "id": "2028745623842815162",
                            "triggers.%": "1",
                            "triggers.conf": "[circus]\nstatsd = True\n\n#[plugin:redis-observer]\n#use = circus.plugins.redis_observer.RedisObserver\n\n[watcher:redis]\ncmd = python3 /app/scripts/start_redis.py\ncopy_env = True\nvirtualenv = /app/venv\n\n[watcher:mongo]\ncmd = python3 /app/scripts/start_mongo.py\ncopy_env = True\nvirtualenv = /app/venv\n\n[watcher:mongo_create_user]\ncmd = python3 /app/scripts/create_user.py\ncopy_env = True\nvirtualenv = /app/venv\nwarmup_delay = 5\nrespawn = False\n\n[watcher:bootstrap]\ncmd = python3 /app/scripts/bootstrap.py\ncopy_env = True\nvirtualenv = /app/venv\n\n"
                        },
                        "meta": {},
                        "tainted": false
                    },
                    "deposed": [],
                    "provider": "provider.null"
                },
                "null_resource.docker": {
                    "type": "null_resource",
                    "depends_on": [
                        "aws_eip.static-ip",
                        "aws_instance.cilantro-node",
                        "local.images",
                        "null_resource.aggregate-ips",
                        "null_resource.cilantro-conf",
                        "null_resource.circus-conf"
                    ],
                    "primary": {
                        "id": "4778290390108220243",
                        "attributes": {
                            "id": "4778290390108220243",
                            "triggers.%": "4",
                            "triggers.cilantro": "[DEFAULT]\nip = 13.57.240.179\nboot_ips = 13.56.246.80,13.56.76.156,13.57.240.179,52.53.193.106,54.193.109.118,54.193.99.55\nnode_type = masternode\nsk = 6acb6ed11d5db3036c1431ba677343943aea155b9367c7c562b8fa30e1094df4\nvk = 3e2bbf5a1f1e0dae80decaa05bab83c40e587ba7448eba22e4125539eb00ae7b\nreset_db = True\nconstitution_file = circleci.json\nssl_enabled = False\nnonce_enabled = False\nlog_lvl = 11\n\n",
                            "triggers.circus": "[circus]\nstatsd = True\n\n#[plugin:redis-observer]\n#use = circus.plugins.redis_observer.RedisObserver\n\n[watcher:redis]\ncmd = python3 /app/scripts/start_redis.py\ncopy_env = True\nvirtualenv = /app/venv\n\n[watcher:mongo]\ncmd = python3 /app/scripts/start_mongo.py\ncopy_env = True\nvirtualenv = /app/venv\n\n[watcher:mongo_create_user]\ncmd = python3 /app/scripts/create_user.py\ncopy_env = True\nvirtualenv = /app/venv\nwarmup_delay = 5\nrespawn = False\n\n[watcher:bootstrap]\ncmd = python3 /app/scripts/bootstrap.py\ncopy_env = True\nvirtualenv = /app/venv\n\n",
                            "triggers.image": "masternode",
                            "triggers.tag": "devops-repaired-bd9fe241-c13301a0"
                        },
                        "meta": {},
                        "tainted": false
                    },
                    "deposed": [],
                    "provider": "provider.null"
                },
                "null_resource.redis-conf": {
                    "type": "null_resource",
                    "depends_on": [
                        "aws_instance.cilantro-node"
                    ],
                    "primary": {
                        "id": "824069037341838554",
                        "attributes": {
                            "id": "824069037341838554",
                            "triggers.%": "1",
                            "triggers.conf": "dbfilename dump.rdb\ndir /var/db/cilantro/redis\n\n# Save every 60 seconds if at least 1000 keys change\nsave 60 100\n"
                        },
                        "meta": {},
                        "tainted": false
                    },
                    "deposed": [],
                    "provider": "provider.null"
                },
                "null_resource.ssh-keys": {
                    "type": "null_resource",
                    "depends_on": [
                        "aws_eip.static-ip",
                        "aws_instance.cilantro-node"
                    ],
                    "primary": {
                        "id": "4504716748205155543",
                        "attributes": {
                            "id": "4504716748205155543",
                            "triggers.%": "1",
                            "triggers.conf": "ssh-rsa AAAAB3NzaC1yc2EAAAADAQABAAACAQDs1KaHzejTs2CaCjJKngsUgeAJDo4gZxyYkrCAPWcuVtNzSIwJvZsp2/rh5COceIwv8I1Yje5MzzPv3Gq9rS48wQ6wM8W9F++eN345dnZG6IjEkuKpbu4Nm2zfAgWYWhWgDiAszpHW/9bSvvPyQEwz08UeXBPJT0IpIFUXhF4Ym78tBqjsnY7w/HVXklJccdX/Cg0H1lJo7QFIrFfkEdBfoBQPMuQrEG/zODH+h29cfvqnRSz5FxqohSYcxvXBxu+44skgkCX8Ltr1+LplY8Y7y2scZPFNTT0gusZPamlft7IFtI5Q5OA7Djrpg6agB01joKtcSBo3QQe9A3LtPuU7yfRpRC8nwEFRJHiwit0f1eUckYiVkIfOAeFjjtHP1r4FAi1PJCS3g2kSeTF9L2jjGrC/pjLCgLY72BbuV8N7GUKQ11B9APQDPdUCfcpIefcch50BxIRVOd23GWGPFMvgRnUZNPyGdV3mjC8YTUu6STZGFAkzEhvxWZfyvi2wZx7XSJynFchGU/CcA9KESAOE0fgAyU5U/2yugH4Qhizar6mDBDdEy3500SHy5mrzu4A3K3QuMMSKSAJs0g7KI+/VWBiVLMwAN1sAdblxXm2mDWbyiFp+e+fPFwrCYPJlRi4gNGnn9xfpBKNkkQ5RT9RQurr2SkMoV1HyQeqcWTi29Q== davishaba@Daviss-MacBook-Pro.local\nssh-rsa AAAAB3NzaC1yc2EAAAADAQABAAABAQDSkorKqV1g75XKjAdgAyyJkTcTZ8kpAM/Ie1u53y26Ez0qMaCz7ocYaEqU3B7rq2XQZySfKEYjnue8OnDO3jfV4+Th5TQP3CHftle5AePmql2n4vH5FKLQ4EK5xZZ56XVQucplv3mUkNqlwBndyFORewmu/l1UpaduzvnVdCABoZJY5pKAD0jXAWk6Ml15f/NKyX5V/cr1j1GA0nuIPABjQvi1cbnjUMhdXm9PpcCl2UrErF2wqi3Ec19fIVERyijZwe1gKALYQ9mkmJzcGZKaw1QuNfss8PWPOvTEp6/kf8yj8DEYPe6uiLCFX9rqHFPj4MzHKZnCKKTXDvNNsuBz cmcgrath@Colins-MacBook-Pro.local\nssh-rsa AAAAB3NzaC1yc2EAAAADAQABAAACAQCxuxBdvWKF0RskDbr7sIK5lBBGd3O3zAgfvkZMUq/OLdVF1clrHvvck+H3IJGF+Rx47e/kG9zHxQuTl0d5hW4mhm21TgCHB//8WbN2IFo445yUjiX5ZZDM+9UGI4hZKMvdq1lHSDrCrmDqZLIKaFyAcEyUCYK7OStO9lCOdITIGyIX/X6y52zG+3lcOJmyW3owzYUUHanVgFn6IjHdFV19WeQOqC56dB8ISLXzQDY4IvORqLb+vEkPl6Wc0yNN3Udr4xW7pxisELKxl0Bc748GPlZrKUkEBuds9/P41IT0Yfl7NwaBrZen6DBC7ZCkA8oviIhgGIxeyfeOLkSj6GBAqJehE1tKxn6su8msstLyS+4lW7PljqFA5vufB8OgltxWi/Kiqzl/l3136HORhQyrUSe057pLH+/nMb1KavHBOexBQ8Ph0e2EokjXnDWCrouMaKLfXprHxBPaPOfzsz/u4ng1WJD0bhGGQjpS3e4WIhEbluSaPLhX3/3teyElHF6kxnVhOuSsqtjrRAkQz8PWY7UNOr8QspLeuNeNCJUvU5hwgywW7uHSph4hPeyN0rmRvy4Z6xAfzQu84eAP/szxe3LgLidSvHW8kvrAhLqF1ceg3rbBOEh9Qi8eJ+gBoL4o8XRZuKechY1hrSBvM0yQeOzMMWvhFme8zAL7HJxfDQ== lamden@lamdens-MBP\nssh-rsa AAAAB3NzaC1yc2EAAAADAQABAAACAQC5yg8vl4uclEOLk+8N0PY9orjMfRBoqVvtm1sDfCUFpjNNCDavoeO3+aGQjRR79PNsXYYqv76o4y0B7WjXZiIo285xDuXFT45A98OK/4j1SkmT313XkmP6HTGRBi51xBxrqinrMkgmh5u/Q6Idhl22CehaT2vlFEjoM1n/mbGjzTMVoaoS7WCdeVW47cSMj8T1sw6iM5ZhGkWvapj7DD1HvKCCKY3H4uwR4BdEZQ4Tda4lFt1JpluELv/onEFpjUlMoE/1RZ3cxuu6VfhX/lWsxa2sutmJKaS0fMpec+wSyoImsiT/Mu11IHlLCQrtvCMdRCc22cgNj3A2yN/TZWVAym0pE/lYcdI1f6RJGJ2zxD6Mx57RSb4kg41MpLEu22a/ZBhexxg0iR1nSpL+QwjzY5d5Y332cv2DQXxCVgMHgDNIgSJSW+R/3u8QWvB49OmgIv0py3mk3MCp1dwr8xwPtNUPGRlcP+trEcvpPFieK+9Z6UsJoZ8pHavgV/MOqI72ePvOqkfBmHFDhae/gOPy+DCmEkPl3nTW94+OSrRykkxKwYxZh0Rmk+jpKDWElRRCHpNRYtea64oDlc2hQowpTi1U3C7duPsUgZVyCAErfkvmqz4PuHMnpTPg4GAVmxl4CHujgvvdC9KdP9SH6xyryLW1HQ1HpL9BqEROKRfNFw== wywfalcon@gmail.com\nssh-rsa AAAAB3NzaC1yc2EAAAADAQABAAACAQC6s8mIerDqVezMx227qZgb1nHoO/nMjuqg4pTjUvb92BD/NYwB/PbKjnStqzX5qyarRpj5pdExaA0cHUGnsVvthP5LRn016H3ZUd1OeXTHB2BqpV1/ZAD8chncjqn+pL+Ix2vcNiE1yqP/quwlIrfniQd7U9X1nNGIsJAvZ983wYnqyl9IhATToT3m55h+VzpS7a9Ogmpw70pA6VqFr0PHmjyIPaLOSswXtmzsAhi1KvgXFQ64stXDdxXX880pCtuzdE0TtEBFHNQtde/Lv1i4EBvSEUzVritEV0HjMBQS/JN80eJ5o2eozlInEGf1VfrHWu+IKFNWC6qqbm8bf1Sl+gP62Li/d20ORvUeAoJb+QRaht6ap1EabbkBqxPL41rOd2oNfkQRbjX6C0GIM/1r7muXJfLp5wafelTGzkX7mr92S5Vlh7uGE9ui3+MVrtwP42aqKMNvBkxEk/8j2mRR6Efrr8wcq1/1uevUhf68jLxQWkg9iH5si876jNSG5GtwsBmm1fz9xW48fSapzQt14aNSRysnuMG/57LsDcnRKOIpy3Sr7kuEFBoC2n8tdrVw/edxm4DLgiqqP3TKZbbxYPMBlpeqxCNx6M8LVVkwkBdwm1R6OOle2Asof9dJf90WXb8oBlRXYg+5JJYdjLWEWb0pmqdPjV+lV4pLMWm9Dw== tejas@lamden.io\nssh-rsa AAAAB3NzaC1yc2EAAAADAQABAAABAQCu1kNmPJSNGB1C0pit7L0+22rbhQFrZgGGliRU5R+R/aVcmyS8jPN7LpzAW+SRT+TWHfWIEstQHqn/WHcfzOjm4ljc7VPx+dXNvl8iWzaciRB1HBuzHoFubxSUK9oD5sEQCXpSkyX9vc7HFjuvutiVAPpCSzhAiHG03QrEox2cEyvhgyhnWoHDo6jdfftwi0jyKESbLIXLJWcyBhEWH2mZqwNOhlWUdhB7gKeD4i2WCBfdkF2+8NVZckhgvpAiFCFEJnE6rqqx6RbcLtUETM2hPirmSrjowCWhYk2Hk9q6XCCXNRKsvK9cCwgg1Tm3eVPLedUDB4Wj9w2iJj4S3dx7 stu@Stuarts-MBP-2\n"
                        },
                        "meta": {},
                        "tainted": false
                    },
                    "deposed": [],
                    "provider": "provider.null"
                }
            },
            "depends_on": []
        },
        {
            "path": [
                "root",
                "witness0"
            ],
            "outputs": {
                "public_ip": {
                    "sensitive": false,
                    "type": "string",
                    "value": "13.56.246.80"
                }
            },
            "resources": {
                "aws_instance.cilantro-node": {
                    "type": "aws_instance",
                    "depends_on": [
                        "aws_security_group.cilantro_firewall",
                        "data.aws_region.current",
                        "local.amis",
                        "local.nodename",
                        "local.prefix"
                    ],
                    "primary": {
                        "id": "i-0a4b7baf5f7964373",
                        "attributes": {
                            "ami": "ami-0bf3d63a666665438",
                            "arn": "arn:aws:ec2:us-west-1:622633509017:instance/i-0a4b7baf5f7964373",
                            "associate_public_ip_address": "true",
                            "availability_zone": "us-west-1a",
                            "cpu_core_count": "2",
                            "cpu_threads_per_core": "1",
                            "credit_specification.#": "1",
                            "credit_specification.0.cpu_credits": "standard",
                            "disable_api_termination": "false",
                            "ebs_block_device.#": "0",
                            "ebs_optimized": "false",
                            "ephemeral_block_device.#": "0",
                            "get_password_data": "false",
                            "iam_instance_profile": "",
                            "id": "i-0a4b7baf5f7964373",
                            "instance_state": "running",
                            "instance_type": "t2.large",
                            "ipv6_addresses.#": "0",
                            "key_name": "circleci-cmcgrath",
                            "monitoring": "false",
                            "network_interface.#": "0",
                            "network_interface_id": "eni-0c7c29081c1a2addf",
                            "password_data": "",
                            "placement_group": "",
                            "primary_network_interface_id": "eni-0c7c29081c1a2addf",
                            "private_dns": "ip-172-31-29-144.us-west-1.compute.internal",
                            "private_ip": "172.31.29.144",
                            "public_dns": "ec2-13-56-246-80.us-west-1.compute.amazonaws.com",
                            "public_ip": "13.56.246.80",
                            "root_block_device.#": "1",
                            "root_block_device.0.delete_on_termination": "true",
                            "root_block_device.0.iops": "100",
                            "root_block_device.0.volume_id": "vol-0cc8f87a37a44d8ee",
                            "root_block_device.0.volume_size": "8",
                            "root_block_device.0.volume_type": "gp2",
                            "security_groups.#": "1",
                            "security_groups.2771459865": "firewall-circleci-cmcgrath-witness0",
                            "source_dest_check": "true",
                            "subnet_id": "subnet-50f6dd37",
                            "tags.%": "1",
                            "tags.Name": "circleci-cmcgrath--witness0",
                            "tenancy": "default",
                            "volume_tags.%": "0",
                            "vpc_security_group_ids.#": "1",
                            "vpc_security_group_ids.3234139401": "sg-0ddd295874de96ee0"
                        },
                        "meta": {
                            "e2bfb730-ecaa-11e6-8f88-34363bc7c4c0": {
                                "create": 600000000000,
                                "delete": 1200000000000,
                                "update": 600000000000
                            },
                            "schema_version": "1"
                        },
                        "tainted": false
                    },
                    "deposed": [],
                    "provider": "provider.aws.us-west-1"
                },
                "aws_security_group.cilantro_firewall": {
                    "type": "aws_security_group",
                    "depends_on": [
                        "local.nodename",
                        "local.prefix"
                    ],
                    "primary": {
                        "id": "sg-0ddd295874de96ee0",
                        "attributes": {
                            "arn": "arn:aws:ec2:us-west-1:622633509017:security-group/sg-0ddd295874de96ee0",
                            "description": "Allow specific ports necessary for cilantro to work",
                            "egress.#": "1",
                            "egress.424890679.cidr_blocks.#": "1",
                            "egress.424890679.cidr_blocks.0": "0.0.0.0/0",
                            "egress.424890679.description": "Open up all ports for outbound traffic",
                            "egress.424890679.from_port": "0",
                            "egress.424890679.ipv6_cidr_blocks.#": "0",
                            "egress.424890679.prefix_list_ids.#": "0",
                            "egress.424890679.protocol": "-1",
                            "egress.424890679.security_groups.#": "0",
                            "egress.424890679.self": "false",
                            "egress.424890679.to_port": "0",
                            "id": "sg-0ddd295874de96ee0",
                            "ingress.#": "5",
                            "ingress.13262502.cidr_blocks.#": "1",
                            "ingress.13262502.cidr_blocks.0": "0.0.0.0/0",
                            "ingress.13262502.description": "Port for Webserver if SSL is not enabled",
                            "ingress.13262502.from_port": "8080",
                            "ingress.13262502.ipv6_cidr_blocks.#": "0",
                            "ingress.13262502.prefix_list_ids.#": "0",
                            "ingress.13262502.protocol": "tcp",
                            "ingress.13262502.security_groups.#": "0",
                            "ingress.13262502.self": "false",
                            "ingress.13262502.to_port": "8080",
                            "ingress.2910436239.cidr_blocks.#": "1",
                            "ingress.2910436239.cidr_blocks.0": "0.0.0.0/0",
                            "ingress.2910436239.description": "Allow HTTP traffic through for cert validation",
                            "ingress.2910436239.from_port": "80",
                            "ingress.2910436239.ipv6_cidr_blocks.#": "0",
                            "ingress.2910436239.prefix_list_ids.#": "0",
                            "ingress.2910436239.protocol": "tcp",
                            "ingress.2910436239.security_groups.#": "0",
                            "ingress.2910436239.self": "false",
                            "ingress.2910436239.to_port": "80",
                            "ingress.3615083869.cidr_blocks.#": "1",
                            "ingress.3615083869.cidr_blocks.0": "0.0.0.0/0",
                            "ingress.3615083869.description": "Allow HTTPS traffic through",
                            "ingress.3615083869.from_port": "443",
                            "ingress.3615083869.ipv6_cidr_blocks.#": "0",
                            "ingress.3615083869.prefix_list_ids.#": "0",
                            "ingress.3615083869.protocol": "tcp",
                            "ingress.3615083869.security_groups.#": "0",
                            "ingress.3615083869.self": "false",
                            "ingress.3615083869.to_port": "443",
                            "ingress.369391072.cidr_blocks.#": "1",
                            "ingress.369391072.cidr_blocks.0": "0.0.0.0/0",
                            "ingress.369391072.description": "Allow SSH connections to instance",
                            "ingress.369391072.from_port": "22",
                            "ingress.369391072.ipv6_cidr_blocks.#": "0",
                            "ingress.369391072.prefix_list_ids.#": "0",
                            "ingress.369391072.protocol": "tcp",
                            "ingress.369391072.security_groups.#": "0",
                            "ingress.369391072.self": "false",
                            "ingress.369391072.to_port": "22",
                            "ingress.878646348.cidr_blocks.#": "1",
                            "ingress.878646348.cidr_blocks.0": "0.0.0.0/0",
                            "ingress.878646348.description": "Open up range of ports for inter-node communications to connect",
                            "ingress.878646348.from_port": "10000",
                            "ingress.878646348.ipv6_cidr_blocks.#": "0",
                            "ingress.878646348.prefix_list_ids.#": "0",
                            "ingress.878646348.protocol": "tcp",
                            "ingress.878646348.security_groups.#": "0",
                            "ingress.878646348.self": "false",
                            "ingress.878646348.to_port": "10100",
                            "name": "firewall-circleci-cmcgrath-witness0",
                            "owner_id": "622633509017",
                            "revoke_rules_on_delete": "false",
                            "tags.%": "0",
                            "vpc_id": "vpc-4f9af028"
                        },
                        "meta": {
                            "e2bfb730-ecaa-11e6-8f88-34363bc7c4c0": {
                                "create": 600000000000,
                                "delete": 600000000000
                            },
                            "schema_version": "1"
                        },
                        "tainted": false
                    },
                    "deposed": [],
                    "provider": "provider.aws.us-west-1"
                },
                "data.aws_caller_identity.current": {
                    "type": "aws_caller_identity",
                    "depends_on": [],
                    "primary": {
                        "id": "2019-02-18 23:30:54.224597 +0000 UTC",
                        "attributes": {
                            "account_id": "622633509017",
                            "arn": "arn:aws:iam::622633509017:user/colin",
                            "id": "2019-02-18 23:30:54.224597 +0000 UTC",
                            "user_id": "AIDAJXXVINIM7LGOLIOTG"
                        },
                        "meta": {},
                        "tainted": false
                    },
                    "deposed": [],
                    "provider": "provider.aws.us-west-1"
                },
                "data.aws_region.current": {
                    "type": "aws_region",
                    "depends_on": [],
                    "primary": {
                        "id": "us-west-1",
                        "attributes": {
                            "current": "true",
                            "description": "US West (N. California)",
                            "endpoint": "ec2.us-west-1.amazonaws.com",
                            "id": "us-west-1",
                            "name": "us-west-1"
                        },
                        "meta": {},
                        "tainted": false
                    },
                    "deposed": [],
                    "provider": "provider.aws.us-west-1"
                },
                "null_resource.aggregate-ips": {
                    "type": "null_resource",
                    "depends_on": [
                        "aws_eip.static-ip",
                        "aws_instance.cilantro-node"
                    ],
                    "primary": {
                        "id": "6348568435749425850",
                        "attributes": {
                            "id": "6348568435749425850",
                            "triggers.%": "1",
                            "triggers.always_run": "7d66080c-c3bb-ff66-0b98-c10527ec6ce1"
                        },
                        "meta": {},
                        "tainted": false
                    },
                    "deposed": [],
                    "provider": "provider.null"
                },
                "null_resource.cilantro-conf": {
                    "type": "null_resource",
                    "depends_on": [
                        "aws_eip.static-ip",
                        "aws_instance.cilantro-node",
                        "null_resource.aggregate-ips"
                    ],
                    "primary": {
                        "id": "5935591937350771951",
                        "attributes": {
                            "id": "5935591937350771951",
                            "triggers.%": "1",
                            "triggers.always_run": "458944ab-ab50-c87f-c83f-d3c43cabf1e8"
                        },
                        "meta": {},
                        "tainted": false
                    },
                    "deposed": [],
                    "provider": "provider.null"
                },
                "null_resource.circus-conf": {
                    "type": "null_resource",
                    "depends_on": [
                        "aws_eip.static-ip",
                        "aws_instance.cilantro-node"
                    ],
                    "primary": {
                        "id": "4087892550824231407",
                        "attributes": {
                            "id": "4087892550824231407",
                            "triggers.%": "1",
                            "triggers.conf": "[circus]\nstatsd = True\n\n#[plugin:redis-observer]\n#use = circus.plugins.redis_observer.RedisObserver\n\n[watcher:redis]\ncmd = python3 /app/scripts/start_redis.py\ncopy_env = True\nvirtualenv = /app/venv\n\n[watcher:bootstrap]\ncmd = python3 /app/scripts/bootstrap.py\ncopy_env = True\nvirtualenv = /app/venv\n\n"
                        },
                        "meta": {},
                        "tainted": false
                    },
                    "deposed": [],
                    "provider": "provider.null"
                },
                "null_resource.docker": {
                    "type": "null_resource",
                    "depends_on": [
                        "aws_eip.static-ip",
                        "aws_instance.cilantro-node",
                        "local.images",
                        "null_resource.aggregate-ips",
                        "null_resource.cilantro-conf",
                        "null_resource.circus-conf"
                    ],
                    "primary": {
                        "id": "8464513530473962667",
                        "attributes": {
                            "id": "8464513530473962667",
                            "triggers.%": "4",
                            "triggers.cilantro": "[DEFAULT]\nip = 13.56.246.80\nboot_ips = 13.56.246.80,13.56.76.156,13.57.240.179,52.53.193.106,54.193.109.118,54.193.99.55\nnode_type = witness\nsk = 63777b9bce54fa7dfdc540fc8b44c393fb74b5affc0550999a3033d1df8a9f1c\nvk = 5b7d4f63074629fc0cc104689fb6fbcc0f9edf44591659f6262f329ab60904e7\nreset_db = True\nconstitution_file = circleci.json\nssl_enabled = False\nlog_lvl = 11\n\n",
                            "triggers.circus": "[circus]\nstatsd = True\n\n#[plugin:redis-observer]\n#use = circus.plugins.redis_observer.RedisObserver\n\n[watcher:redis]\ncmd = python3 /app/scripts/start_redis.py\ncopy_env = True\nvirtualenv = /app/venv\n\n[watcher:bootstrap]\ncmd = python3 /app/scripts/bootstrap.py\ncopy_env = True\nvirtualenv = /app/venv\n\n",
                            "triggers.image": "witness",
                            "triggers.tag": "devops-repaired-bd9fe241-c13301a0"
                        },
                        "meta": {},
                        "tainted": false
                    },
                    "deposed": [],
                    "provider": "provider.null"
                },
                "null_resource.redis-conf": {
                    "type": "null_resource",
                    "depends_on": [
                        "aws_instance.cilantro-node"
                    ],
                    "primary": {
                        "id": "8358949538205285868",
                        "attributes": {
                            "id": "8358949538205285868",
                            "triggers.%": "1",
                            "triggers.conf": "dbfilename dump.rdb\ndir /var/db/cilantro/redis\n\n# Save every 60 seconds if at least 1000 keys change\nsave 60 100\n"
                        },
                        "meta": {},
                        "tainted": false
                    },
                    "deposed": [],
                    "provider": "provider.null"
                },
                "null_resource.ssh-keys": {
                    "type": "null_resource",
                    "depends_on": [
                        "aws_eip.static-ip",
                        "aws_instance.cilantro-node"
                    ],
                    "primary": {
                        "id": "6249890619932106824",
                        "attributes": {
                            "id": "6249890619932106824",
                            "triggers.%": "1",
                            "triggers.conf": "ssh-rsa AAAAB3NzaC1yc2EAAAADAQABAAACAQDs1KaHzejTs2CaCjJKngsUgeAJDo4gZxyYkrCAPWcuVtNzSIwJvZsp2/rh5COceIwv8I1Yje5MzzPv3Gq9rS48wQ6wM8W9F++eN345dnZG6IjEkuKpbu4Nm2zfAgWYWhWgDiAszpHW/9bSvvPyQEwz08UeXBPJT0IpIFUXhF4Ym78tBqjsnY7w/HVXklJccdX/Cg0H1lJo7QFIrFfkEdBfoBQPMuQrEG/zODH+h29cfvqnRSz5FxqohSYcxvXBxu+44skgkCX8Ltr1+LplY8Y7y2scZPFNTT0gusZPamlft7IFtI5Q5OA7Djrpg6agB01joKtcSBo3QQe9A3LtPuU7yfRpRC8nwEFRJHiwit0f1eUckYiVkIfOAeFjjtHP1r4FAi1PJCS3g2kSeTF9L2jjGrC/pjLCgLY72BbuV8N7GUKQ11B9APQDPdUCfcpIefcch50BxIRVOd23GWGPFMvgRnUZNPyGdV3mjC8YTUu6STZGFAkzEhvxWZfyvi2wZx7XSJynFchGU/CcA9KESAOE0fgAyU5U/2yugH4Qhizar6mDBDdEy3500SHy5mrzu4A3K3QuMMSKSAJs0g7KI+/VWBiVLMwAN1sAdblxXm2mDWbyiFp+e+fPFwrCYPJlRi4gNGnn9xfpBKNkkQ5RT9RQurr2SkMoV1HyQeqcWTi29Q== davishaba@Daviss-MacBook-Pro.local\nssh-rsa AAAAB3NzaC1yc2EAAAADAQABAAABAQDSkorKqV1g75XKjAdgAyyJkTcTZ8kpAM/Ie1u53y26Ez0qMaCz7ocYaEqU3B7rq2XQZySfKEYjnue8OnDO3jfV4+Th5TQP3CHftle5AePmql2n4vH5FKLQ4EK5xZZ56XVQucplv3mUkNqlwBndyFORewmu/l1UpaduzvnVdCABoZJY5pKAD0jXAWk6Ml15f/NKyX5V/cr1j1GA0nuIPABjQvi1cbnjUMhdXm9PpcCl2UrErF2wqi3Ec19fIVERyijZwe1gKALYQ9mkmJzcGZKaw1QuNfss8PWPOvTEp6/kf8yj8DEYPe6uiLCFX9rqHFPj4MzHKZnCKKTXDvNNsuBz cmcgrath@Colins-MacBook-Pro.local\nssh-rsa AAAAB3NzaC1yc2EAAAADAQABAAACAQCxuxBdvWKF0RskDbr7sIK5lBBGd3O3zAgfvkZMUq/OLdVF1clrHvvck+H3IJGF+Rx47e/kG9zHxQuTl0d5hW4mhm21TgCHB//8WbN2IFo445yUjiX5ZZDM+9UGI4hZKMvdq1lHSDrCrmDqZLIKaFyAcEyUCYK7OStO9lCOdITIGyIX/X6y52zG+3lcOJmyW3owzYUUHanVgFn6IjHdFV19WeQOqC56dB8ISLXzQDY4IvORqLb+vEkPl6Wc0yNN3Udr4xW7pxisELKxl0Bc748GPlZrKUkEBuds9/P41IT0Yfl7NwaBrZen6DBC7ZCkA8oviIhgGIxeyfeOLkSj6GBAqJehE1tKxn6su8msstLyS+4lW7PljqFA5vufB8OgltxWi/Kiqzl/l3136HORhQyrUSe057pLH+/nMb1KavHBOexBQ8Ph0e2EokjXnDWCrouMaKLfXprHxBPaPOfzsz/u4ng1WJD0bhGGQjpS3e4WIhEbluSaPLhX3/3teyElHF6kxnVhOuSsqtjrRAkQz8PWY7UNOr8QspLeuNeNCJUvU5hwgywW7uHSph4hPeyN0rmRvy4Z6xAfzQu84eAP/szxe3LgLidSvHW8kvrAhLqF1ceg3rbBOEh9Qi8eJ+gBoL4o8XRZuKechY1hrSBvM0yQeOzMMWvhFme8zAL7HJxfDQ== lamden@lamdens-MBP\nssh-rsa AAAAB3NzaC1yc2EAAAADAQABAAACAQC5yg8vl4uclEOLk+8N0PY9orjMfRBoqVvtm1sDfCUFpjNNCDavoeO3+aGQjRR79PNsXYYqv76o4y0B7WjXZiIo285xDuXFT45A98OK/4j1SkmT313XkmP6HTGRBi51xBxrqinrMkgmh5u/Q6Idhl22CehaT2vlFEjoM1n/mbGjzTMVoaoS7WCdeVW47cSMj8T1sw6iM5ZhGkWvapj7DD1HvKCCKY3H4uwR4BdEZQ4Tda4lFt1JpluELv/onEFpjUlMoE/1RZ3cxuu6VfhX/lWsxa2sutmJKaS0fMpec+wSyoImsiT/Mu11IHlLCQrtvCMdRCc22cgNj3A2yN/TZWVAym0pE/lYcdI1f6RJGJ2zxD6Mx57RSb4kg41MpLEu22a/ZBhexxg0iR1nSpL+QwjzY5d5Y332cv2DQXxCVgMHgDNIgSJSW+R/3u8QWvB49OmgIv0py3mk3MCp1dwr8xwPtNUPGRlcP+trEcvpPFieK+9Z6UsJoZ8pHavgV/MOqI72ePvOqkfBmHFDhae/gOPy+DCmEkPl3nTW94+OSrRykkxKwYxZh0Rmk+jpKDWElRRCHpNRYtea64oDlc2hQowpTi1U3C7duPsUgZVyCAErfkvmqz4PuHMnpTPg4GAVmxl4CHujgvvdC9KdP9SH6xyryLW1HQ1HpL9BqEROKRfNFw== wywfalcon@gmail.com\nssh-rsa AAAAB3NzaC1yc2EAAAADAQABAAACAQC6s8mIerDqVezMx227qZgb1nHoO/nMjuqg4pTjUvb92BD/NYwB/PbKjnStqzX5qyarRpj5pdExaA0cHUGnsVvthP5LRn016H3ZUd1OeXTHB2BqpV1/ZAD8chncjqn+pL+Ix2vcNiE1yqP/quwlIrfniQd7U9X1nNGIsJAvZ983wYnqyl9IhATToT3m55h+VzpS7a9Ogmpw70pA6VqFr0PHmjyIPaLOSswXtmzsAhi1KvgXFQ64stXDdxXX880pCtuzdE0TtEBFHNQtde/Lv1i4EBvSEUzVritEV0HjMBQS/JN80eJ5o2eozlInEGf1VfrHWu+IKFNWC6qqbm8bf1Sl+gP62Li/d20ORvUeAoJb+QRaht6ap1EabbkBqxPL41rOd2oNfkQRbjX6C0GIM/1r7muXJfLp5wafelTGzkX7mr92S5Vlh7uGE9ui3+MVrtwP42aqKMNvBkxEk/8j2mRR6Efrr8wcq1/1uevUhf68jLxQWkg9iH5si876jNSG5GtwsBmm1fz9xW48fSapzQt14aNSRysnuMG/57LsDcnRKOIpy3Sr7kuEFBoC2n8tdrVw/edxm4DLgiqqP3TKZbbxYPMBlpeqxCNx6M8LVVkwkBdwm1R6OOle2Asof9dJf90WXb8oBlRXYg+5JJYdjLWEWb0pmqdPjV+lV4pLMWm9Dw== tejas@lamden.io\nssh-rsa AAAAB3NzaC1yc2EAAAADAQABAAABAQCu1kNmPJSNGB1C0pit7L0+22rbhQFrZgGGliRU5R+R/aVcmyS8jPN7LpzAW+SRT+TWHfWIEstQHqn/WHcfzOjm4ljc7VPx+dXNvl8iWzaciRB1HBuzHoFubxSUK9oD5sEQCXpSkyX9vc7HFjuvutiVAPpCSzhAiHG03QrEox2cEyvhgyhnWoHDo6jdfftwi0jyKESbLIXLJWcyBhEWH2mZqwNOhlWUdhB7gKeD4i2WCBfdkF2+8NVZckhgvpAiFCFEJnE6rqqx6RbcLtUETM2hPirmSrjowCWhYk2Hk9q6XCCXNRKsvK9cCwgg1Tm3eVPLedUDB4Wj9w2iJj4S3dx7 stu@Stuarts-MBP-2\n"
                        },
                        "meta": {},
                        "tainted": false
                    },
                    "deposed": [],
                    "provider": "provider.null"
                }
            },
            "depends_on": []
        },
        {
            "path": [
                "root",
                "witness1"
            ],
            "outputs": {
                "public_ip": {
                    "sensitive": false,
                    "type": "string",
                    "value": "54.193.99.55"
                }
            },
            "resources": {
                "aws_instance.cilantro-node": {
                    "type": "aws_instance",
                    "depends_on": [
                        "aws_security_group.cilantro_firewall",
                        "data.aws_region.current",
                        "local.amis",
                        "local.nodename",
                        "local.prefix"
                    ],
                    "primary": {
                        "id": "i-022ed66b8032693ee",
                        "attributes": {
                            "ami": "ami-0bf3d63a666665438",
                            "arn": "arn:aws:ec2:us-west-1:622633509017:instance/i-022ed66b8032693ee",
                            "associate_public_ip_address": "true",
                            "availability_zone": "us-west-1a",
                            "cpu_core_count": "2",
                            "cpu_threads_per_core": "1",
                            "credit_specification.#": "1",
                            "credit_specification.0.cpu_credits": "standard",
                            "disable_api_termination": "false",
                            "ebs_block_device.#": "0",
                            "ebs_optimized": "false",
                            "ephemeral_block_device.#": "0",
                            "get_password_data": "false",
                            "iam_instance_profile": "",
                            "id": "i-022ed66b8032693ee",
                            "instance_state": "running",
                            "instance_type": "t2.large",
                            "ipv6_addresses.#": "0",
                            "key_name": "circleci-cmcgrath",
                            "monitoring": "false",
                            "network_interface.#": "0",
                            "network_interface_id": "eni-0574ccacaee04ec17",
                            "password_data": "",
                            "placement_group": "",
                            "primary_network_interface_id": "eni-0574ccacaee04ec17",
                            "private_dns": "ip-172-31-17-147.us-west-1.compute.internal",
                            "private_ip": "172.31.17.147",
                            "public_dns": "ec2-54-193-99-55.us-west-1.compute.amazonaws.com",
                            "public_ip": "54.193.99.55",
                            "root_block_device.#": "1",
                            "root_block_device.0.delete_on_termination": "true",
                            "root_block_device.0.iops": "100",
                            "root_block_device.0.volume_id": "vol-0252e015f91f49345",
                            "root_block_device.0.volume_size": "8",
                            "root_block_device.0.volume_type": "gp2",
                            "security_groups.#": "1",
                            "security_groups.3526766479": "firewall-circleci-cmcgrath-witness1",
                            "source_dest_check": "true",
                            "subnet_id": "subnet-50f6dd37",
                            "tags.%": "1",
                            "tags.Name": "circleci-cmcgrath--witness1",
                            "tenancy": "default",
                            "volume_tags.%": "0",
                            "vpc_security_group_ids.#": "1",
                            "vpc_security_group_ids.4132667833": "sg-04d0525d4ff8d9931"
                        },
                        "meta": {
                            "e2bfb730-ecaa-11e6-8f88-34363bc7c4c0": {
                                "create": 600000000000,
                                "delete": 1200000000000,
                                "update": 600000000000
                            },
                            "schema_version": "1"
                        },
                        "tainted": false
                    },
                    "deposed": [],
                    "provider": "provider.aws.us-west-1"
                },
                "aws_security_group.cilantro_firewall": {
                    "type": "aws_security_group",
                    "depends_on": [
                        "local.nodename",
                        "local.prefix"
                    ],
                    "primary": {
                        "id": "sg-04d0525d4ff8d9931",
                        "attributes": {
                            "arn": "arn:aws:ec2:us-west-1:622633509017:security-group/sg-04d0525d4ff8d9931",
                            "description": "Allow specific ports necessary for cilantro to work",
                            "egress.#": "1",
                            "egress.424890679.cidr_blocks.#": "1",
                            "egress.424890679.cidr_blocks.0": "0.0.0.0/0",
                            "egress.424890679.description": "Open up all ports for outbound traffic",
                            "egress.424890679.from_port": "0",
                            "egress.424890679.ipv6_cidr_blocks.#": "0",
                            "egress.424890679.prefix_list_ids.#": "0",
                            "egress.424890679.protocol": "-1",
                            "egress.424890679.security_groups.#": "0",
                            "egress.424890679.self": "false",
                            "egress.424890679.to_port": "0",
                            "id": "sg-04d0525d4ff8d9931",
                            "ingress.#": "5",
                            "ingress.13262502.cidr_blocks.#": "1",
                            "ingress.13262502.cidr_blocks.0": "0.0.0.0/0",
                            "ingress.13262502.description": "Port for Webserver if SSL is not enabled",
                            "ingress.13262502.from_port": "8080",
                            "ingress.13262502.ipv6_cidr_blocks.#": "0",
                            "ingress.13262502.prefix_list_ids.#": "0",
                            "ingress.13262502.protocol": "tcp",
                            "ingress.13262502.security_groups.#": "0",
                            "ingress.13262502.self": "false",
                            "ingress.13262502.to_port": "8080",
                            "ingress.2910436239.cidr_blocks.#": "1",
                            "ingress.2910436239.cidr_blocks.0": "0.0.0.0/0",
                            "ingress.2910436239.description": "Allow HTTP traffic through for cert validation",
                            "ingress.2910436239.from_port": "80",
                            "ingress.2910436239.ipv6_cidr_blocks.#": "0",
                            "ingress.2910436239.prefix_list_ids.#": "0",
                            "ingress.2910436239.protocol": "tcp",
                            "ingress.2910436239.security_groups.#": "0",
                            "ingress.2910436239.self": "false",
                            "ingress.2910436239.to_port": "80",
                            "ingress.3615083869.cidr_blocks.#": "1",
                            "ingress.3615083869.cidr_blocks.0": "0.0.0.0/0",
                            "ingress.3615083869.description": "Allow HTTPS traffic through",
                            "ingress.3615083869.from_port": "443",
                            "ingress.3615083869.ipv6_cidr_blocks.#": "0",
                            "ingress.3615083869.prefix_list_ids.#": "0",
                            "ingress.3615083869.protocol": "tcp",
                            "ingress.3615083869.security_groups.#": "0",
                            "ingress.3615083869.self": "false",
                            "ingress.3615083869.to_port": "443",
                            "ingress.369391072.cidr_blocks.#": "1",
                            "ingress.369391072.cidr_blocks.0": "0.0.0.0/0",
                            "ingress.369391072.description": "Allow SSH connections to instance",
                            "ingress.369391072.from_port": "22",
                            "ingress.369391072.ipv6_cidr_blocks.#": "0",
                            "ingress.369391072.prefix_list_ids.#": "0",
                            "ingress.369391072.protocol": "tcp",
                            "ingress.369391072.security_groups.#": "0",
                            "ingress.369391072.self": "false",
                            "ingress.369391072.to_port": "22",
                            "ingress.878646348.cidr_blocks.#": "1",
                            "ingress.878646348.cidr_blocks.0": "0.0.0.0/0",
                            "ingress.878646348.description": "Open up range of ports for inter-node communications to connect",
                            "ingress.878646348.from_port": "10000",
                            "ingress.878646348.ipv6_cidr_blocks.#": "0",
                            "ingress.878646348.prefix_list_ids.#": "0",
                            "ingress.878646348.protocol": "tcp",
                            "ingress.878646348.security_groups.#": "0",
                            "ingress.878646348.self": "false",
                            "ingress.878646348.to_port": "10100",
                            "name": "firewall-circleci-cmcgrath-witness1",
                            "owner_id": "622633509017",
                            "revoke_rules_on_delete": "false",
                            "tags.%": "0",
                            "vpc_id": "vpc-4f9af028"
                        },
                        "meta": {
                            "e2bfb730-ecaa-11e6-8f88-34363bc7c4c0": {
                                "create": 600000000000,
                                "delete": 600000000000
                            },
                            "schema_version": "1"
                        },
                        "tainted": false
                    },
                    "deposed": [],
                    "provider": "provider.aws.us-west-1"
                },
                "data.aws_caller_identity.current": {
                    "type": "aws_caller_identity",
                    "depends_on": [],
                    "primary": {
                        "id": "2019-02-18 23:30:54.238921 +0000 UTC",
                        "attributes": {
                            "account_id": "622633509017",
                            "arn": "arn:aws:iam::622633509017:user/colin",
                            "id": "2019-02-18 23:30:54.238921 +0000 UTC",
                            "user_id": "AIDAJXXVINIM7LGOLIOTG"
                        },
                        "meta": {},
                        "tainted": false
                    },
                    "deposed": [],
                    "provider": "provider.aws.us-west-1"
                },
                "data.aws_region.current": {
                    "type": "aws_region",
                    "depends_on": [],
                    "primary": {
                        "id": "us-west-1",
                        "attributes": {
                            "current": "true",
                            "description": "US West (N. California)",
                            "endpoint": "ec2.us-west-1.amazonaws.com",
                            "id": "us-west-1",
                            "name": "us-west-1"
                        },
                        "meta": {},
                        "tainted": false
                    },
                    "deposed": [],
                    "provider": "provider.aws.us-west-1"
                },
                "null_resource.aggregate-ips": {
                    "type": "null_resource",
                    "depends_on": [
                        "aws_eip.static-ip",
                        "aws_instance.cilantro-node"
                    ],
                    "primary": {
                        "id": "909296664717541202",
                        "attributes": {
                            "id": "909296664717541202",
                            "triggers.%": "1",
                            "triggers.always_run": "493c779a-eae6-4d7e-7c6e-25c0a660206c"
                        },
                        "meta": {},
                        "tainted": false
                    },
                    "deposed": [],
                    "provider": "provider.null"
                },
                "null_resource.cilantro-conf": {
                    "type": "null_resource",
                    "depends_on": [
                        "aws_eip.static-ip",
                        "aws_instance.cilantro-node",
                        "null_resource.aggregate-ips"
                    ],
                    "primary": {
                        "id": "1755425171640665637",
                        "attributes": {
                            "id": "1755425171640665637",
                            "triggers.%": "1",
                            "triggers.always_run": "e3ef21c3-acb0-4845-8d78-20ac9ae96b6c"
                        },
                        "meta": {},
                        "tainted": false
                    },
                    "deposed": [],
                    "provider": "provider.null"
                },
                "null_resource.circus-conf": {
                    "type": "null_resource",
                    "depends_on": [
                        "aws_eip.static-ip",
                        "aws_instance.cilantro-node"
                    ],
                    "primary": {
                        "id": "422475466598244733",
                        "attributes": {
                            "id": "422475466598244733",
                            "triggers.%": "1",
                            "triggers.conf": "[circus]\nstatsd = True\n\n#[plugin:redis-observer]\n#use = circus.plugins.redis_observer.RedisObserver\n\n[watcher:redis]\ncmd = python3 /app/scripts/start_redis.py\ncopy_env = True\nvirtualenv = /app/venv\n\n[watcher:bootstrap]\ncmd = python3 /app/scripts/bootstrap.py\ncopy_env = True\nvirtualenv = /app/venv\n\n"
                        },
                        "meta": {},
                        "tainted": false
                    },
                    "deposed": [],
                    "provider": "provider.null"
                },
                "null_resource.docker": {
                    "type": "null_resource",
                    "depends_on": [
                        "aws_eip.static-ip",
                        "aws_instance.cilantro-node",
                        "local.images",
                        "null_resource.aggregate-ips",
                        "null_resource.cilantro-conf",
                        "null_resource.circus-conf"
                    ],
                    "primary": {
                        "id": "4198882734135902821",
                        "attributes": {
                            "id": "4198882734135902821",
                            "triggers.%": "4",
                            "triggers.cilantro": "[DEFAULT]\nip = 54.193.99.55\nboot_ips = 13.56.246.80,13.56.76.156,13.57.240.179,52.53.193.106,54.193.109.118,54.193.99.55\nnode_type = witness\nsk = bc253940ab0e03667dead3be4bf9b58baf81c28bbbf23c1691e9c2bfceb6388b\nvk = 058f5dfcc26cc13353bd53f736ccfd046fa49422cc3cdb0c8d2f990ca9f3d847\nreset_db = True\nconstitution_file = circleci.json\nssl_enabled = False\nlog_lvl = 11\n\n",
                            "triggers.circus": "[circus]\nstatsd = True\n\n#[plugin:redis-observer]\n#use = circus.plugins.redis_observer.RedisObserver\n\n[watcher:redis]\ncmd = python3 /app/scripts/start_redis.py\ncopy_env = True\nvirtualenv = /app/venv\n\n[watcher:bootstrap]\ncmd = python3 /app/scripts/bootstrap.py\ncopy_env = True\nvirtualenv = /app/venv\n\n",
                            "triggers.image": "witness",
                            "triggers.tag": "devops-repaired-bd9fe241-c13301a0"
                        },
                        "meta": {},
                        "tainted": false
                    },
                    "deposed": [],
                    "provider": "provider.null"
                },
                "null_resource.redis-conf": {
                    "type": "null_resource",
                    "depends_on": [
                        "aws_instance.cilantro-node"
                    ],
                    "primary": {
                        "id": "8808792207279301465",
                        "attributes": {
                            "id": "8808792207279301465",
                            "triggers.%": "1",
                            "triggers.conf": "dbfilename dump.rdb\ndir /var/db/cilantro/redis\n\n# Save every 60 seconds if at least 1000 keys change\nsave 60 100\n"
                        },
                        "meta": {},
                        "tainted": false
                    },
                    "deposed": [],
                    "provider": "provider.null"
                },
                "null_resource.ssh-keys": {
                    "type": "null_resource",
                    "depends_on": [
                        "aws_eip.static-ip",
                        "aws_instance.cilantro-node"
                    ],
                    "primary": {
                        "id": "3335901747978340489",
                        "attributes": {
                            "id": "3335901747978340489",
                            "triggers.%": "1",
                            "triggers.conf": "ssh-rsa AAAAB3NzaC1yc2EAAAADAQABAAACAQDs1KaHzejTs2CaCjJKngsUgeAJDo4gZxyYkrCAPWcuVtNzSIwJvZsp2/rh5COceIwv8I1Yje5MzzPv3Gq9rS48wQ6wM8W9F++eN345dnZG6IjEkuKpbu4Nm2zfAgWYWhWgDiAszpHW/9bSvvPyQEwz08UeXBPJT0IpIFUXhF4Ym78tBqjsnY7w/HVXklJccdX/Cg0H1lJo7QFIrFfkEdBfoBQPMuQrEG/zODH+h29cfvqnRSz5FxqohSYcxvXBxu+44skgkCX8Ltr1+LplY8Y7y2scZPFNTT0gusZPamlft7IFtI5Q5OA7Djrpg6agB01joKtcSBo3QQe9A3LtPuU7yfRpRC8nwEFRJHiwit0f1eUckYiVkIfOAeFjjtHP1r4FAi1PJCS3g2kSeTF9L2jjGrC/pjLCgLY72BbuV8N7GUKQ11B9APQDPdUCfcpIefcch50BxIRVOd23GWGPFMvgRnUZNPyGdV3mjC8YTUu6STZGFAkzEhvxWZfyvi2wZx7XSJynFchGU/CcA9KESAOE0fgAyU5U/2yugH4Qhizar6mDBDdEy3500SHy5mrzu4A3K3QuMMSKSAJs0g7KI+/VWBiVLMwAN1sAdblxXm2mDWbyiFp+e+fPFwrCYPJlRi4gNGnn9xfpBKNkkQ5RT9RQurr2SkMoV1HyQeqcWTi29Q== davishaba@Daviss-MacBook-Pro.local\nssh-rsa AAAAB3NzaC1yc2EAAAADAQABAAABAQDSkorKqV1g75XKjAdgAyyJkTcTZ8kpAM/Ie1u53y26Ez0qMaCz7ocYaEqU3B7rq2XQZySfKEYjnue8OnDO3jfV4+Th5TQP3CHftle5AePmql2n4vH5FKLQ4EK5xZZ56XVQucplv3mUkNqlwBndyFORewmu/l1UpaduzvnVdCABoZJY5pKAD0jXAWk6Ml15f/NKyX5V/cr1j1GA0nuIPABjQvi1cbnjUMhdXm9PpcCl2UrErF2wqi3Ec19fIVERyijZwe1gKALYQ9mkmJzcGZKaw1QuNfss8PWPOvTEp6/kf8yj8DEYPe6uiLCFX9rqHFPj4MzHKZnCKKTXDvNNsuBz cmcgrath@Colins-MacBook-Pro.local\nssh-rsa AAAAB3NzaC1yc2EAAAADAQABAAACAQCxuxBdvWKF0RskDbr7sIK5lBBGd3O3zAgfvkZMUq/OLdVF1clrHvvck+H3IJGF+Rx47e/kG9zHxQuTl0d5hW4mhm21TgCHB//8WbN2IFo445yUjiX5ZZDM+9UGI4hZKMvdq1lHSDrCrmDqZLIKaFyAcEyUCYK7OStO9lCOdITIGyIX/X6y52zG+3lcOJmyW3owzYUUHanVgFn6IjHdFV19WeQOqC56dB8ISLXzQDY4IvORqLb+vEkPl6Wc0yNN3Udr4xW7pxisELKxl0Bc748GPlZrKUkEBuds9/P41IT0Yfl7NwaBrZen6DBC7ZCkA8oviIhgGIxeyfeOLkSj6GBAqJehE1tKxn6su8msstLyS+4lW7PljqFA5vufB8OgltxWi/Kiqzl/l3136HORhQyrUSe057pLH+/nMb1KavHBOexBQ8Ph0e2EokjXnDWCrouMaKLfXprHxBPaPOfzsz/u4ng1WJD0bhGGQjpS3e4WIhEbluSaPLhX3/3teyElHF6kxnVhOuSsqtjrRAkQz8PWY7UNOr8QspLeuNeNCJUvU5hwgywW7uHSph4hPeyN0rmRvy4Z6xAfzQu84eAP/szxe3LgLidSvHW8kvrAhLqF1ceg3rbBOEh9Qi8eJ+gBoL4o8XRZuKechY1hrSBvM0yQeOzMMWvhFme8zAL7HJxfDQ== lamden@lamdens-MBP\nssh-rsa AAAAB3NzaC1yc2EAAAADAQABAAACAQC5yg8vl4uclEOLk+8N0PY9orjMfRBoqVvtm1sDfCUFpjNNCDavoeO3+aGQjRR79PNsXYYqv76o4y0B7WjXZiIo285xDuXFT45A98OK/4j1SkmT313XkmP6HTGRBi51xBxrqinrMkgmh5u/Q6Idhl22CehaT2vlFEjoM1n/mbGjzTMVoaoS7WCdeVW47cSMj8T1sw6iM5ZhGkWvapj7DD1HvKCCKY3H4uwR4BdEZQ4Tda4lFt1JpluELv/onEFpjUlMoE/1RZ3cxuu6VfhX/lWsxa2sutmJKaS0fMpec+wSyoImsiT/Mu11IHlLCQrtvCMdRCc22cgNj3A2yN/TZWVAym0pE/lYcdI1f6RJGJ2zxD6Mx57RSb4kg41MpLEu22a/ZBhexxg0iR1nSpL+QwjzY5d5Y332cv2DQXxCVgMHgDNIgSJSW+R/3u8QWvB49OmgIv0py3mk3MCp1dwr8xwPtNUPGRlcP+trEcvpPFieK+9Z6UsJoZ8pHavgV/MOqI72ePvOqkfBmHFDhae/gOPy+DCmEkPl3nTW94+OSrRykkxKwYxZh0Rmk+jpKDWElRRCHpNRYtea64oDlc2hQowpTi1U3C7duPsUgZVyCAErfkvmqz4PuHMnpTPg4GAVmxl4CHujgvvdC9KdP9SH6xyryLW1HQ1HpL9BqEROKRfNFw== wywfalcon@gmail.com\nssh-rsa AAAAB3NzaC1yc2EAAAADAQABAAACAQC6s8mIerDqVezMx227qZgb1nHoO/nMjuqg4pTjUvb92BD/NYwB/PbKjnStqzX5qyarRpj5pdExaA0cHUGnsVvthP5LRn016H3ZUd1OeXTHB2BqpV1/ZAD8chncjqn+pL+Ix2vcNiE1yqP/quwlIrfniQd7U9X1nNGIsJAvZ983wYnqyl9IhATToT3m55h+VzpS7a9Ogmpw70pA6VqFr0PHmjyIPaLOSswXtmzsAhi1KvgXFQ64stXDdxXX880pCtuzdE0TtEBFHNQtde/Lv1i4EBvSEUzVritEV0HjMBQS/JN80eJ5o2eozlInEGf1VfrHWu+IKFNWC6qqbm8bf1Sl+gP62Li/d20ORvUeAoJb+QRaht6ap1EabbkBqxPL41rOd2oNfkQRbjX6C0GIM/1r7muXJfLp5wafelTGzkX7mr92S5Vlh7uGE9ui3+MVrtwP42aqKMNvBkxEk/8j2mRR6Efrr8wcq1/1uevUhf68jLxQWkg9iH5si876jNSG5GtwsBmm1fz9xW48fSapzQt14aNSRysnuMG/57LsDcnRKOIpy3Sr7kuEFBoC2n8tdrVw/edxm4DLgiqqP3TKZbbxYPMBlpeqxCNx6M8LVVkwkBdwm1R6OOle2Asof9dJf90WXb8oBlRXYg+5JJYdjLWEWb0pmqdPjV+lV4pLMWm9Dw== tejas@lamden.io\nssh-rsa AAAAB3NzaC1yc2EAAAADAQABAAABAQCu1kNmPJSNGB1C0pit7L0+22rbhQFrZgGGliRU5R+R/aVcmyS8jPN7LpzAW+SRT+TWHfWIEstQHqn/WHcfzOjm4ljc7VPx+dXNvl8iWzaciRB1HBuzHoFubxSUK9oD5sEQCXpSkyX9vc7HFjuvutiVAPpCSzhAiHG03QrEox2cEyvhgyhnWoHDo6jdfftwi0jyKESbLIXLJWcyBhEWH2mZqwNOhlWUdhB7gKeD4i2WCBfdkF2+8NVZckhgvpAiFCFEJnE6rqqx6RbcLtUETM2hPirmSrjowCWhYk2Hk9q6XCCXNRKsvK9cCwgg1Tm3eVPLedUDB4Wj9w2iJj4S3dx7 stu@Stuarts-MBP-2\n"
                        },
                        "meta": {},
                        "tainted": false
                    },
                    "deposed": [],
                    "provider": "provider.null"
                }
            },
            "depends_on": []
        }
    ]
}
