{
    "version": 3,
    "terraform_version": "0.11.11",
    "serial": 73,
    "lineage": "a6d05879-68b6-2cb0-693d-c0dde899fe27",
    "modules": [
        {
            "path": [
                "root"
            ],
            "outputs": {
                "delegate0-ssh": {
                    "sensitive": false,
                    "type": "string",
                    "value": "ssh ubuntu@54.219.163.52"
                },
                "delegate1-ssh": {
                    "sensitive": false,
                    "type": "string",
                    "value": "ssh ubuntu@13.57.238.41"
                },
                "masternode0-ssh": {
                    "sensitive": false,
                    "type": "string",
                    "value": "ssh ubuntu@54.183.176.107"
                },
                "masternode1-ssh": {
                    "sensitive": false,
                    "type": "string",
                    "value": "ssh ubuntu@13.57.233.138"
                },
                "witness0-ssh": {
                    "sensitive": false,
                    "type": "string",
                    "value": "ssh ubuntu@54.219.129.59"
                },
                "witness1-ssh": {
                    "sensitive": false,
                    "type": "string",
                    "value": "ssh ubuntu@18.144.44.75"
                }
            },
            "resources": {},
            "depends_on": []
        },
        {
            "path": [
                "root",
                "delegate0"
            ],
            "outputs": {
                "public_ip": {
                    "sensitive": false,
                    "type": "string",
                    "value": "54.219.163.52"
                }
            },
            "resources": {
                "aws_instance.cilantro_ee-node": {
                    "type": "aws_instance",
                    "depends_on": [
                        "aws_security_group.cilantro_ee_firewall",
                        "data.aws_region.current",
                        "local.amis",
                        "local.nodename",
                        "local.prefix"
                    ],
                    "primary": {
                        "id": "i-0e6cee127489b2347",
                        "attributes": {
                            "ami": "ami-0bf3d63a666665438",
                            "arn": "arn:aws:ec2:us-west-1:622633509017:instance/i-0e6cee127489b2347",
                            "associate_public_ip_address": "true",
                            "availability_zone": "us-west-1a",
                            "cpu_core_count": "2",
                            "cpu_threads_per_core": "1",
                            "credit_specification.#": "1",
                            "credit_specification.0.cpu_credits": "standard",
                            "disable_api_termination": "false",
                            "ebs_block_device.#": "0",
                            "ebs_optimized": "false",
                            "ephemeral_block_device.#": "0",
                            "get_password_data": "false",
                            "iam_instance_profile": "",
                            "id": "i-0e6cee127489b2347",
                            "instance_state": "running",
                            "instance_type": "t2.large",
                            "ipv6_addresses.#": "0",
                            "key_name": "circleci-davishaba",
                            "monitoring": "false",
                            "network_interface.#": "0",
                            "network_interface_id": "eni-03496d994dce75437",
                            "password_data": "",
                            "placement_group": "",
                            "primary_network_interface_id": "eni-03496d994dce75437",
                            "private_dns": "ip-172-31-22-24.us-west-1.compute.internal",
                            "private_ip": "172.31.22.24",
                            "public_dns": "ec2-54-219-163-52.us-west-1.compute.amazonaws.com",
                            "public_ip": "54.219.163.52",
                            "root_block_device.#": "1",
                            "root_block_device.0.delete_on_termination": "true",
                            "root_block_device.0.iops": "100",
                            "root_block_device.0.volume_id": "vol-08a9ac05e80925be7",
                            "root_block_device.0.volume_size": "8",
                            "root_block_device.0.volume_type": "gp2",
                            "security_groups.#": "1",
                            "security_groups.348964190": "firewall-circleci-davishaba-delegate0",
                            "source_dest_check": "true",
                            "subnet_id": "subnet-50f6dd37",
                            "tags.%": "1",
                            "tags.Name": "circleci-davishaba--delegate0",
                            "tenancy": "default",
                            "volume_tags.%": "0",
                            "vpc_security_group_ids.#": "1",
                            "vpc_security_group_ids.2568154223": "sg-0f72c062d6c579dae"
                        },
                        "meta": {
                            "e2bfb730-ecaa-11e6-8f88-34363bc7c4c0": {
                                "create": 600000000000,
                                "delete": 1200000000000,
                                "update": 600000000000
                            },
                            "schema_version": "1"
                        },
                        "tainted": false
                    },
                    "deposed": [],
                    "provider": "provider.aws.us-west-1"
                },
                "aws_security_group.cilantro_ee_firewall": {
                    "type": "aws_security_group",
                    "depends_on": [
                        "local.nodename",
                        "local.prefix"
                    ],
                    "primary": {
                        "id": "sg-0f72c062d6c579dae",
                        "attributes": {
                            "arn": "arn:aws:ec2:us-west-1:622633509017:security-group/sg-0f72c062d6c579dae",
                            "description": "Allow specific ports necessary for cilantro_ee to work",
                            "egress.#": "1",
                            "egress.424890679.cidr_blocks.#": "1",
                            "egress.424890679.cidr_blocks.0": "0.0.0.0/0",
                            "egress.424890679.description": "Open up all ports for outbound traffic",
                            "egress.424890679.from_port": "0",
                            "egress.424890679.ipv6_cidr_blocks.#": "0",
                            "egress.424890679.prefix_list_ids.#": "0",
                            "egress.424890679.protocol": "-1",
                            "egress.424890679.security_groups.#": "0",
                            "egress.424890679.self": "false",
                            "egress.424890679.to_port": "0",
                            "id": "sg-0f72c062d6c579dae",
                            "ingress.#": "5",
                            "ingress.13262502.cidr_blocks.#": "1",
                            "ingress.13262502.cidr_blocks.0": "0.0.0.0/0",
                            "ingress.13262502.description": "Port for Webserver if SSL is not enabled",
                            "ingress.13262502.from_port": "8080",
                            "ingress.13262502.ipv6_cidr_blocks.#": "0",
                            "ingress.13262502.prefix_list_ids.#": "0",
                            "ingress.13262502.protocol": "tcp",
                            "ingress.13262502.security_groups.#": "0",
                            "ingress.13262502.self": "false",
                            "ingress.13262502.to_port": "8080",
                            "ingress.2910436239.cidr_blocks.#": "1",
                            "ingress.2910436239.cidr_blocks.0": "0.0.0.0/0",
                            "ingress.2910436239.description": "Allow HTTP traffic through for cert validation",
                            "ingress.2910436239.from_port": "80",
                            "ingress.2910436239.ipv6_cidr_blocks.#": "0",
                            "ingress.2910436239.prefix_list_ids.#": "0",
                            "ingress.2910436239.protocol": "tcp",
                            "ingress.2910436239.security_groups.#": "0",
                            "ingress.2910436239.self": "false",
                            "ingress.2910436239.to_port": "80",
                            "ingress.3615083869.cidr_blocks.#": "1",
                            "ingress.3615083869.cidr_blocks.0": "0.0.0.0/0",
                            "ingress.3615083869.description": "Allow HTTPS traffic through",
                            "ingress.3615083869.from_port": "443",
                            "ingress.3615083869.ipv6_cidr_blocks.#": "0",
                            "ingress.3615083869.prefix_list_ids.#": "0",
                            "ingress.3615083869.protocol": "tcp",
                            "ingress.3615083869.security_groups.#": "0",
                            "ingress.3615083869.self": "false",
                            "ingress.3615083869.to_port": "443",
                            "ingress.369391072.cidr_blocks.#": "1",
                            "ingress.369391072.cidr_blocks.0": "0.0.0.0/0",
                            "ingress.369391072.description": "Allow SSH connections to instance",
                            "ingress.369391072.from_port": "22",
                            "ingress.369391072.ipv6_cidr_blocks.#": "0",
                            "ingress.369391072.prefix_list_ids.#": "0",
                            "ingress.369391072.protocol": "tcp",
                            "ingress.369391072.security_groups.#": "0",
                            "ingress.369391072.self": "false",
                            "ingress.369391072.to_port": "22",
                            "ingress.878646348.cidr_blocks.#": "1",
                            "ingress.878646348.cidr_blocks.0": "0.0.0.0/0",
                            "ingress.878646348.description": "Open up range of ports for inter-node communications to connect",
                            "ingress.878646348.from_port": "10000",
                            "ingress.878646348.ipv6_cidr_blocks.#": "0",
                            "ingress.878646348.prefix_list_ids.#": "0",
                            "ingress.878646348.protocol": "tcp",
                            "ingress.878646348.security_groups.#": "0",
                            "ingress.878646348.self": "false",
                            "ingress.878646348.to_port": "10100",
                            "name": "firewall-circleci-davishaba-delegate0",
                            "owner_id": "622633509017",
                            "revoke_rules_on_delete": "false",
                            "tags.%": "0",
                            "vpc_id": "vpc-4f9af028"
                        },
                        "meta": {
                            "e2bfb730-ecaa-11e6-8f88-34363bc7c4c0": {
                                "create": 600000000000,
                                "delete": 600000000000
                            },
                            "schema_version": "1"
                        },
                        "tainted": false
                    },
                    "deposed": [],
                    "provider": "provider.aws.us-west-1"
                },
                "data.aws_caller_identity.current": {
                    "type": "aws_caller_identity",
                    "depends_on": [],
                    "primary": {
                        "id": "2019-02-20 02:20:27.430672 +0000 UTC",
                        "attributes": {
                            "account_id": "622633509017",
                            "arn": "arn:aws:iam::622633509017:user/davis",
                            "id": "2019-02-20 02:20:27.430672 +0000 UTC",
                            "user_id": "AIDAIJ7IYIO2STREL422U"
                        },
                        "meta": {},
                        "tainted": false
                    },
                    "deposed": [],
                    "provider": "provider.aws.us-west-1"
                },
                "data.aws_region.current": {
                    "type": "aws_region",
                    "depends_on": [],
                    "primary": {
                        "id": "us-west-1",
                        "attributes": {
                            "current": "true",
                            "description": "US West (N. California)",
                            "endpoint": "ec2.us-west-1.amazonaws.com",
                            "id": "us-west-1",
                            "name": "us-west-1"
                        },
                        "meta": {},
                        "tainted": false
                    },
                    "deposed": [],
                    "provider": "provider.aws.us-west-1"
                },
                "null_resource.aggregate-ips": {
                    "type": "null_resource",
                    "depends_on": [
                        "aws_eip.static-ip",
                        "aws_instance.cilantro_ee-node"
                    ],
                    "primary": {
                        "id": "1013692026229134542",
                        "attributes": {
                            "id": "1013692026229134542",
                            "triggers.%": "1",
                            "triggers.always_run": "9f21e519-d1c9-aa0c-e1ce-7d53bf082f25"
                        },
                        "meta": {},
                        "tainted": false
                    },
                    "deposed": [],
                    "provider": "provider.null"
                },
                "null_resource.cilantro_ee-conf": {
                    "type": "null_resource",
                    "depends_on": [
                        "aws_eip.static-ip",
                        "aws_instance.cilantro_ee-node",
                        "null_resource.aggregate-ips"
                    ],
                    "primary": {
                        "id": "988106054942041888",
                        "attributes": {
                            "id": "988106054942041888",
                            "triggers.%": "1",
                            "triggers.always_run": "cc2edc84-0168-ce2b-cfc9-d32fa694197c"
                        },
                        "meta": {},
                        "tainted": false
                    },
                    "deposed": [],
                    "provider": "provider.null"
                },
                "null_resource.circus-conf": {
                    "type": "null_resource",
                    "depends_on": [
                        "aws_eip.static-ip",
                        "aws_instance.cilantro_ee-node"
                    ],
                    "primary": {
                        "id": "6574771877147712343",
                        "attributes": {
                            "id": "6574771877147712343",
                            "triggers.%": "1",
                            "triggers.conf": "[circus]\nstatsd = True\n\n#[plugin:redis-observer]\n#use = circus.plugins.redis_observer.RedisObserver\n\n[watcher:redis]\ncmd = python3 /app/scripts/start_redis.py\ncopy_env = True\nvirtualenv = /app/venv\n\n[watcher:bootstrap]\ncmd = python3 /app/scripts/bootstrap.py\ncopy_env = True\nvirtualenv = /app/venv\n\n"
                        },
                        "meta": {},
                        "tainted": false
                    },
                    "deposed": [],
                    "provider": "provider.null"
                },
                "null_resource.docker": {
                    "type": "null_resource",
                    "depends_on": [
                        "aws_eip.static-ip",
                        "aws_instance.cilantro_ee-node",
                        "local.images",
                        "null_resource.aggregate-ips",
                        "null_resource.cilantro_ee-conf",
                        "null_resource.circus-conf"
                    ],
                    "primary": {
                        "id": "6607507175480663559",
                        "attributes": {
                            "id": "6607507175480663559",
                            "triggers.%": "4",
                            "triggers.cilantro_ee": "[DEFAULT]\nip = 54.219.163.52\nboot_ips = 13.57.233.138,13.57.238.41,18.144.44.75,54.183.176.107,54.219.129.59,54.219.163.52\nnode_type = delegate\nsk = 46e890638bedd9e6c0d846224d5ff1bc9004b8f38db61e44ef16ee9adccca378\nvk = 4a1e70448755d0d2479a0191ff5f26154a359dbe79888c47f6e12c82b5c21a79\nreset_db = True\nconstitution_file = circleci.json\nssl_enabled = False\nlog_lvl = 11\nseneca_log_lvl = 11\n\n",
                            "triggers.circus": "[circus]\nstatsd = True\n\n#[plugin:redis-observer]\n#use = circus.plugins.redis_observer.RedisObserver\n\n[watcher:redis]\ncmd = python3 /app/scripts/start_redis.py\ncopy_env = True\nvirtualenv = /app/venv\n\n[watcher:bootstrap]\ncmd = python3 /app/scripts/bootstrap.py\ncopy_env = True\nvirtualenv = /app/venv\n\n",
                            "triggers.image": "delegate",
                            "triggers.tag": "devops-repaired-4a3c0736-3664afc4"
                        },
                        "meta": {},
                        "tainted": false
                    },
                    "deposed": [],
                    "provider": "provider.null"
                },
                "null_resource.redis-conf": {
                    "type": "null_resource",
                    "depends_on": [
                        "aws_instance.cilantro_ee-node"
                    ],
                    "primary": {
                        "id": "1428655506192911484",
                        "attributes": {
                            "id": "1428655506192911484",
                            "triggers.%": "1",
                            "triggers.conf": "dbfilename dump.rdb\ndir /var/db/cilantro_ee/redis\n\n# Save every 60 seconds if at least 1000 keys change\nsave 60 100\n"
                        },
                        "meta": {},
                        "tainted": false
                    },
                    "deposed": [],
                    "provider": "provider.null"
                },
                "null_resource.ssh-keys": {
                    "type": "null_resource",
                    "depends_on": [
                        "aws_eip.static-ip",
                        "aws_instance.cilantro_ee-node"
                    ],
                    "primary": {
                        "id": "7302398031080238177",
                        "attributes": {
                            "id": "7302398031080238177",
                            "triggers.%": "1",
                            "triggers.conf": "ssh-rsa AAAAB3NzaC1yc2EAAAADAQABAAACAQDs1KaHzejTs2CaCjJKngsUgeAJDo4gZxyYkrCAPWcuVtNzSIwJvZsp2/rh5COceIwv8I1Yje5MzzPv3Gq9rS48wQ6wM8W9F++eN345dnZG6IjEkuKpbu4Nm2zfAgWYWhWgDiAszpHW/9bSvvPyQEwz08UeXBPJT0IpIFUXhF4Ym78tBqjsnY7w/HVXklJccdX/Cg0H1lJo7QFIrFfkEdBfoBQPMuQrEG/zODH+h29cfvqnRSz5FxqohSYcxvXBxu+44skgkCX8Ltr1+LplY8Y7y2scZPFNTT0gusZPamlft7IFtI5Q5OA7Djrpg6agB01joKtcSBo3QQe9A3LtPuU7yfRpRC8nwEFRJHiwit0f1eUckYiVkIfOAeFjjtHP1r4FAi1PJCS3g2kSeTF9L2jjGrC/pjLCgLY72BbuV8N7GUKQ11B9APQDPdUCfcpIefcch50BxIRVOd23GWGPFMvgRnUZNPyGdV3mjC8YTUu6STZGFAkzEhvxWZfyvi2wZx7XSJynFchGU/CcA9KESAOE0fgAyU5U/2yugH4Qhizar6mDBDdEy3500SHy5mrzu4A3K3QuMMSKSAJs0g7KI+/VWBiVLMwAN1sAdblxXm2mDWbyiFp+e+fPFwrCYPJlRi4gNGnn9xfpBKNkkQ5RT9RQurr2SkMoV1HyQeqcWTi29Q== davishaba@Daviss-MacBook-Pro.local\nssh-rsa AAAAB3NzaC1yc2EAAAADAQABAAABAQDSkorKqV1g75XKjAdgAyyJkTcTZ8kpAM/Ie1u53y26Ez0qMaCz7ocYaEqU3B7rq2XQZySfKEYjnue8OnDO3jfV4+Th5TQP3CHftle5AePmql2n4vH5FKLQ4EK5xZZ56XVQucplv3mUkNqlwBndyFORewmu/l1UpaduzvnVdCABoZJY5pKAD0jXAWk6Ml15f/NKyX5V/cr1j1GA0nuIPABjQvi1cbnjUMhdXm9PpcCl2UrErF2wqi3Ec19fIVERyijZwe1gKALYQ9mkmJzcGZKaw1QuNfss8PWPOvTEp6/kf8yj8DEYPe6uiLCFX9rqHFPj4MzHKZnCKKTXDvNNsuBz cmcgrath@Colins-MacBook-Pro.local\nssh-rsa AAAAB3NzaC1yc2EAAAADAQABAAACAQCxuxBdvWKF0RskDbr7sIK5lBBGd3O3zAgfvkZMUq/OLdVF1clrHvvck+H3IJGF+Rx47e/kG9zHxQuTl0d5hW4mhm21TgCHB//8WbN2IFo445yUjiX5ZZDM+9UGI4hZKMvdq1lHSDrCrmDqZLIKaFyAcEyUCYK7OStO9lCOdITIGyIX/X6y52zG+3lcOJmyW3owzYUUHanVgFn6IjHdFV19WeQOqC56dB8ISLXzQDY4IvORqLb+vEkPl6Wc0yNN3Udr4xW7pxisELKxl0Bc748GPlZrKUkEBuds9/P41IT0Yfl7NwaBrZen6DBC7ZCkA8oviIhgGIxeyfeOLkSj6GBAqJehE1tKxn6su8msstLyS+4lW7PljqFA5vufB8OgltxWi/Kiqzl/l3136HORhQyrUSe057pLH+/nMb1KavHBOexBQ8Ph0e2EokjXnDWCrouMaKLfXprHxBPaPOfzsz/u4ng1WJD0bhGGQjpS3e4WIhEbluSaPLhX3/3teyElHF6kxnVhOuSsqtjrRAkQz8PWY7UNOr8QspLeuNeNCJUvU5hwgywW7uHSph4hPeyN0rmRvy4Z6xAfzQu84eAP/szxe3LgLidSvHW8kvrAhLqF1ceg3rbBOEh9Qi8eJ+gBoL4o8XRZuKechY1hrSBvM0yQeOzMMWvhFme8zAL7HJxfDQ== lamden@lamdens-MBP\nssh-rsa AAAAB3NzaC1yc2EAAAADAQABAAACAQC5yg8vl4uclEOLk+8N0PY9orjMfRBoqVvtm1sDfCUFpjNNCDavoeO3+aGQjRR79PNsXYYqv76o4y0B7WjXZiIo285xDuXFT45A98OK/4j1SkmT313XkmP6HTGRBi51xBxrqinrMkgmh5u/Q6Idhl22CehaT2vlFEjoM1n/mbGjzTMVoaoS7WCdeVW47cSMj8T1sw6iM5ZhGkWvapj7DD1HvKCCKY3H4uwR4BdEZQ4Tda4lFt1JpluELv/onEFpjUlMoE/1RZ3cxuu6VfhX/lWsxa2sutmJKaS0fMpec+wSyoImsiT/Mu11IHlLCQrtvCMdRCc22cgNj3A2yN/TZWVAym0pE/lYcdI1f6RJGJ2zxD6Mx57RSb4kg41MpLEu22a/ZBhexxg0iR1nSpL+QwjzY5d5Y332cv2DQXxCVgMHgDNIgSJSW+R/3u8QWvB49OmgIv0py3mk3MCp1dwr8xwPtNUPGRlcP+trEcvpPFieK+9Z6UsJoZ8pHavgV/MOqI72ePvOqkfBmHFDhae/gOPy+DCmEkPl3nTW94+OSrRykkxKwYxZh0Rmk+jpKDWElRRCHpNRYtea64oDlc2hQowpTi1U3C7duPsUgZVyCAErfkvmqz4PuHMnpTPg4GAVmxl4CHujgvvdC9KdP9SH6xyryLW1HQ1HpL9BqEROKRfNFw== wywfalcon@gmail.com\nssh-rsa AAAAB3NzaC1yc2EAAAADAQABAAACAQC6s8mIerDqVezMx227qZgb1nHoO/nMjuqg4pTjUvb92BD/NYwB/PbKjnStqzX5qyarRpj5pdExaA0cHUGnsVvthP5LRn016H3ZUd1OeXTHB2BqpV1/ZAD8chncjqn+pL+Ix2vcNiE1yqP/quwlIrfniQd7U9X1nNGIsJAvZ983wYnqyl9IhATToT3m55h+VzpS7a9Ogmpw70pA6VqFr0PHmjyIPaLOSswXtmzsAhi1KvgXFQ64stXDdxXX880pCtuzdE0TtEBFHNQtde/Lv1i4EBvSEUzVritEV0HjMBQS/JN80eJ5o2eozlInEGf1VfrHWu+IKFNWC6qqbm8bf1Sl+gP62Li/d20ORvUeAoJb+QRaht6ap1EabbkBqxPL41rOd2oNfkQRbjX6C0GIM/1r7muXJfLp5wafelTGzkX7mr92S5Vlh7uGE9ui3+MVrtwP42aqKMNvBkxEk/8j2mRR6Efrr8wcq1/1uevUhf68jLxQWkg9iH5si876jNSG5GtwsBmm1fz9xW48fSapzQt14aNSRysnuMG/57LsDcnRKOIpy3Sr7kuEFBoC2n8tdrVw/edxm4DLgiqqP3TKZbbxYPMBlpeqxCNx6M8LVVkwkBdwm1R6OOle2Asof9dJf90WXb8oBlRXYg+5JJYdjLWEWb0pmqdPjV+lV4pLMWm9Dw== tejas@lamden.io\nssh-rsa AAAAB3NzaC1yc2EAAAADAQABAAABAQCu1kNmPJSNGB1C0pit7L0+22rbhQFrZgGGliRU5R+R/aVcmyS8jPN7LpzAW+SRT+TWHfWIEstQHqn/WHcfzOjm4ljc7VPx+dXNvl8iWzaciRB1HBuzHoFubxSUK9oD5sEQCXpSkyX9vc7HFjuvutiVAPpCSzhAiHG03QrEox2cEyvhgyhnWoHDo6jdfftwi0jyKESbLIXLJWcyBhEWH2mZqwNOhlWUdhB7gKeD4i2WCBfdkF2+8NVZckhgvpAiFCFEJnE6rqqx6RbcLtUETM2hPirmSrjowCWhYk2Hk9q6XCCXNRKsvK9cCwgg1Tm3eVPLedUDB4Wj9w2iJj4S3dx7 stu@Stuarts-MBP-2\n"
                        },
                        "meta": {},
                        "tainted": false
                    },
                    "deposed": [],
                    "provider": "provider.null"
                }
            },
            "depends_on": []
        },
        {
            "path": [
                "root",
                "delegate1"
            ],
            "outputs": {
                "public_ip": {
                    "sensitive": false,
                    "type": "string",
                    "value": "13.57.238.41"
                }
            },
            "resources": {
                "aws_instance.cilantro_ee-node": {
                    "type": "aws_instance",
                    "depends_on": [
                        "aws_security_group.cilantro_ee_firewall",
                        "data.aws_region.current",
                        "local.amis",
                        "local.nodename",
                        "local.prefix"
                    ],
                    "primary": {
                        "id": "i-04643c91a273b1530",
                        "attributes": {
                            "ami": "ami-0bf3d63a666665438",
                            "arn": "arn:aws:ec2:us-west-1:622633509017:instance/i-04643c91a273b1530",
                            "associate_public_ip_address": "true",
                            "availability_zone": "us-west-1a",
                            "cpu_core_count": "2",
                            "cpu_threads_per_core": "1",
                            "credit_specification.#": "1",
                            "credit_specification.0.cpu_credits": "standard",
                            "disable_api_termination": "false",
                            "ebs_block_device.#": "0",
                            "ebs_optimized": "false",
                            "ephemeral_block_device.#": "0",
                            "get_password_data": "false",
                            "iam_instance_profile": "",
                            "id": "i-04643c91a273b1530",
                            "instance_state": "running",
                            "instance_type": "t2.large",
                            "ipv6_addresses.#": "0",
                            "key_name": "circleci-davishaba",
                            "monitoring": "false",
                            "network_interface.#": "0",
                            "network_interface_id": "eni-0189b5c84d60ea703",
                            "password_data": "",
                            "placement_group": "",
                            "primary_network_interface_id": "eni-0189b5c84d60ea703",
                            "private_dns": "ip-172-31-16-77.us-west-1.compute.internal",
                            "private_ip": "172.31.16.77",
                            "public_dns": "ec2-13-57-238-41.us-west-1.compute.amazonaws.com",
                            "public_ip": "13.57.238.41",
                            "root_block_device.#": "1",
                            "root_block_device.0.delete_on_termination": "true",
                            "root_block_device.0.iops": "100",
                            "root_block_device.0.volume_id": "vol-0db0503db51986bb0",
                            "root_block_device.0.volume_size": "8",
                            "root_block_device.0.volume_type": "gp2",
                            "security_groups.#": "1",
                            "security_groups.1674311112": "firewall-circleci-davishaba-delegate1",
                            "source_dest_check": "true",
                            "subnet_id": "subnet-50f6dd37",
                            "tags.%": "1",
                            "tags.Name": "circleci-davishaba--delegate1",
                            "tenancy": "default",
                            "volume_tags.%": "0",
                            "vpc_security_group_ids.#": "1",
                            "vpc_security_group_ids.137547620": "sg-0e1dec2a56921238c"
                        },
                        "meta": {
                            "e2bfb730-ecaa-11e6-8f88-34363bc7c4c0": {
                                "create": 600000000000,
                                "delete": 1200000000000,
                                "update": 600000000000
                            },
                            "schema_version": "1"
                        },
                        "tainted": false
                    },
                    "deposed": [],
                    "provider": "provider.aws.us-west-1"
                },
                "aws_security_group.cilantro_ee_firewall": {
                    "type": "aws_security_group",
                    "depends_on": [
                        "local.nodename",
                        "local.prefix"
                    ],
                    "primary": {
                        "id": "sg-0e1dec2a56921238c",
                        "attributes": {
                            "arn": "arn:aws:ec2:us-west-1:622633509017:security-group/sg-0e1dec2a56921238c",
                            "description": "Allow specific ports necessary for cilantro_ee to work",
                            "egress.#": "1",
                            "egress.424890679.cidr_blocks.#": "1",
                            "egress.424890679.cidr_blocks.0": "0.0.0.0/0",
                            "egress.424890679.description": "Open up all ports for outbound traffic",
                            "egress.424890679.from_port": "0",
                            "egress.424890679.ipv6_cidr_blocks.#": "0",
                            "egress.424890679.prefix_list_ids.#": "0",
                            "egress.424890679.protocol": "-1",
                            "egress.424890679.security_groups.#": "0",
                            "egress.424890679.self": "false",
                            "egress.424890679.to_port": "0",
                            "id": "sg-0e1dec2a56921238c",
                            "ingress.#": "5",
                            "ingress.13262502.cidr_blocks.#": "1",
                            "ingress.13262502.cidr_blocks.0": "0.0.0.0/0",
                            "ingress.13262502.description": "Port for Webserver if SSL is not enabled",
                            "ingress.13262502.from_port": "8080",
                            "ingress.13262502.ipv6_cidr_blocks.#": "0",
                            "ingress.13262502.prefix_list_ids.#": "0",
                            "ingress.13262502.protocol": "tcp",
                            "ingress.13262502.security_groups.#": "0",
                            "ingress.13262502.self": "false",
                            "ingress.13262502.to_port": "8080",
                            "ingress.2910436239.cidr_blocks.#": "1",
                            "ingress.2910436239.cidr_blocks.0": "0.0.0.0/0",
                            "ingress.2910436239.description": "Allow HTTP traffic through for cert validation",
                            "ingress.2910436239.from_port": "80",
                            "ingress.2910436239.ipv6_cidr_blocks.#": "0",
                            "ingress.2910436239.prefix_list_ids.#": "0",
                            "ingress.2910436239.protocol": "tcp",
                            "ingress.2910436239.security_groups.#": "0",
                            "ingress.2910436239.self": "false",
                            "ingress.2910436239.to_port": "80",
                            "ingress.3615083869.cidr_blocks.#": "1",
                            "ingress.3615083869.cidr_blocks.0": "0.0.0.0/0",
                            "ingress.3615083869.description": "Allow HTTPS traffic through",
                            "ingress.3615083869.from_port": "443",
                            "ingress.3615083869.ipv6_cidr_blocks.#": "0",
                            "ingress.3615083869.prefix_list_ids.#": "0",
                            "ingress.3615083869.protocol": "tcp",
                            "ingress.3615083869.security_groups.#": "0",
                            "ingress.3615083869.self": "false",
                            "ingress.3615083869.to_port": "443",
                            "ingress.369391072.cidr_blocks.#": "1",
                            "ingress.369391072.cidr_blocks.0": "0.0.0.0/0",
                            "ingress.369391072.description": "Allow SSH connections to instance",
                            "ingress.369391072.from_port": "22",
                            "ingress.369391072.ipv6_cidr_blocks.#": "0",
                            "ingress.369391072.prefix_list_ids.#": "0",
                            "ingress.369391072.protocol": "tcp",
                            "ingress.369391072.security_groups.#": "0",
                            "ingress.369391072.self": "false",
                            "ingress.369391072.to_port": "22",
                            "ingress.878646348.cidr_blocks.#": "1",
                            "ingress.878646348.cidr_blocks.0": "0.0.0.0/0",
                            "ingress.878646348.description": "Open up range of ports for inter-node communications to connect",
                            "ingress.878646348.from_port": "10000",
                            "ingress.878646348.ipv6_cidr_blocks.#": "0",
                            "ingress.878646348.prefix_list_ids.#": "0",
                            "ingress.878646348.protocol": "tcp",
                            "ingress.878646348.security_groups.#": "0",
                            "ingress.878646348.self": "false",
                            "ingress.878646348.to_port": "10100",
                            "name": "firewall-circleci-davishaba-delegate1",
                            "owner_id": "622633509017",
                            "revoke_rules_on_delete": "false",
                            "tags.%": "0",
                            "vpc_id": "vpc-4f9af028"
                        },
                        "meta": {
                            "e2bfb730-ecaa-11e6-8f88-34363bc7c4c0": {
                                "create": 600000000000,
                                "delete": 600000000000
                            },
                            "schema_version": "1"
                        },
                        "tainted": false
                    },
                    "deposed": [],
                    "provider": "provider.aws.us-west-1"
                },
                "data.aws_caller_identity.current": {
                    "type": "aws_caller_identity",
                    "depends_on": [],
                    "primary": {
                        "id": "2019-02-20 02:20:27.285755 +0000 UTC",
                        "attributes": {
                            "account_id": "622633509017",
                            "arn": "arn:aws:iam::622633509017:user/davis",
                            "id": "2019-02-20 02:20:27.285755 +0000 UTC",
                            "user_id": "AIDAIJ7IYIO2STREL422U"
                        },
                        "meta": {},
                        "tainted": false
                    },
                    "deposed": [],
                    "provider": "provider.aws.us-west-1"
                },
                "data.aws_region.current": {
                    "type": "aws_region",
                    "depends_on": [],
                    "primary": {
                        "id": "us-west-1",
                        "attributes": {
                            "current": "true",
                            "description": "US West (N. California)",
                            "endpoint": "ec2.us-west-1.amazonaws.com",
                            "id": "us-west-1",
                            "name": "us-west-1"
                        },
                        "meta": {},
                        "tainted": false
                    },
                    "deposed": [],
                    "provider": "provider.aws.us-west-1"
                },
                "null_resource.aggregate-ips": {
                    "type": "null_resource",
                    "depends_on": [
                        "aws_eip.static-ip",
                        "aws_instance.cilantro_ee-node"
                    ],
                    "primary": {
                        "id": "4171103100147336805",
                        "attributes": {
                            "id": "4171103100147336805",
                            "triggers.%": "1",
                            "triggers.always_run": "1198ed35-6e57-f7cf-0492-d264eb940754"
                        },
                        "meta": {},
                        "tainted": false
                    },
                    "deposed": [],
                    "provider": "provider.null"
                },
                "null_resource.cilantro_ee-conf": {
                    "type": "null_resource",
                    "depends_on": [
                        "aws_eip.static-ip",
                        "aws_instance.cilantro_ee-node",
                        "null_resource.aggregate-ips"
                    ],
                    "primary": {
                        "id": "1686226639179084135",
                        "attributes": {
                            "id": "1686226639179084135",
                            "triggers.%": "1",
                            "triggers.always_run": "b9ab0e26-13dc-f83b-8ffe-b15f44beb997"
                        },
                        "meta": {},
                        "tainted": false
                    },
                    "deposed": [],
                    "provider": "provider.null"
                },
                "null_resource.circus-conf": {
                    "type": "null_resource",
                    "depends_on": [
                        "aws_eip.static-ip",
                        "aws_instance.cilantro_ee-node"
                    ],
                    "primary": {
                        "id": "533445079355064958",
                        "attributes": {
                            "id": "533445079355064958",
                            "triggers.%": "1",
                            "triggers.conf": "[circus]\nstatsd = True\n\n#[plugin:redis-observer]\n#use = circus.plugins.redis_observer.RedisObserver\n\n[watcher:redis]\ncmd = python3 /app/scripts/start_redis.py\ncopy_env = True\nvirtualenv = /app/venv\n\n[watcher:bootstrap]\ncmd = python3 /app/scripts/bootstrap.py\ncopy_env = True\nvirtualenv = /app/venv\n\n"
                        },
                        "meta": {},
                        "tainted": false
                    },
                    "deposed": [],
                    "provider": "provider.null"
                },
                "null_resource.docker": {
                    "type": "null_resource",
                    "depends_on": [
                        "aws_eip.static-ip",
                        "aws_instance.cilantro_ee-node",
                        "local.images",
                        "null_resource.aggregate-ips",
                        "null_resource.cilantro_ee-conf",
                        "null_resource.circus-conf"
                    ],
                    "primary": {
                        "id": "6537798078179180141",
                        "attributes": {
                            "id": "6537798078179180141",
                            "triggers.%": "4",
                            "triggers.cilantro_ee": "[DEFAULT]\nip = 13.57.238.41\nboot_ips = 13.57.233.138,13.57.238.41,18.144.44.75,54.183.176.107,54.219.129.59,54.219.163.52\nnode_type = delegate\nsk = c29540804ab5830cbe1dbaa7be2d38533d75ec61dac687f074b41505acc92466\nvk = 1261faee73d0d268ff471db85962fbf9fdbff00e09bae3cb758659d7a395610b\nreset_db = True\nconstitution_file = circleci.json\nssl_enabled = False\nlog_lvl = 11\nseneca_log_lvl = 11\n\n",
                            "triggers.circus": "[circus]\nstatsd = True\n\n#[plugin:redis-observer]\n#use = circus.plugins.redis_observer.RedisObserver\n\n[watcher:redis]\ncmd = python3 /app/scripts/start_redis.py\ncopy_env = True\nvirtualenv = /app/venv\n\n[watcher:bootstrap]\ncmd = python3 /app/scripts/bootstrap.py\ncopy_env = True\nvirtualenv = /app/venv\n\n",
                            "triggers.image": "delegate",
                            "triggers.tag": "devops-repaired-4a3c0736-3664afc4"
                        },
                        "meta": {},
                        "tainted": false
                    },
                    "deposed": [],
                    "provider": "provider.null"
                },
                "null_resource.redis-conf": {
                    "type": "null_resource",
                    "depends_on": [
                        "aws_instance.cilantro_ee-node"
                    ],
                    "primary": {
                        "id": "8568838809829431143",
                        "attributes": {
                            "id": "8568838809829431143",
                            "triggers.%": "1",
                            "triggers.conf": "dbfilename dump.rdb\ndir /var/db/cilantro_ee/redis\n\n# Save every 60 seconds if at least 1000 keys change\nsave 60 100\n"
                        },
                        "meta": {},
                        "tainted": false
                    },
                    "deposed": [],
                    "provider": "provider.null"
                },
                "null_resource.ssh-keys": {
                    "type": "null_resource",
                    "depends_on": [
                        "aws_eip.static-ip",
                        "aws_instance.cilantro_ee-node"
                    ],
                    "primary": {
                        "id": "1112090399881689294",
                        "attributes": {
                            "id": "1112090399881689294",
                            "triggers.%": "1",
                            "triggers.conf": "ssh-rsa AAAAB3NzaC1yc2EAAAADAQABAAACAQDs1KaHzejTs2CaCjJKngsUgeAJDo4gZxyYkrCAPWcuVtNzSIwJvZsp2/rh5COceIwv8I1Yje5MzzPv3Gq9rS48wQ6wM8W9F++eN345dnZG6IjEkuKpbu4Nm2zfAgWYWhWgDiAszpHW/9bSvvPyQEwz08UeXBPJT0IpIFUXhF4Ym78tBqjsnY7w/HVXklJccdX/Cg0H1lJo7QFIrFfkEdBfoBQPMuQrEG/zODH+h29cfvqnRSz5FxqohSYcxvXBxu+44skgkCX8Ltr1+LplY8Y7y2scZPFNTT0gusZPamlft7IFtI5Q5OA7Djrpg6agB01joKtcSBo3QQe9A3LtPuU7yfRpRC8nwEFRJHiwit0f1eUckYiVkIfOAeFjjtHP1r4FAi1PJCS3g2kSeTF9L2jjGrC/pjLCgLY72BbuV8N7GUKQ11B9APQDPdUCfcpIefcch50BxIRVOd23GWGPFMvgRnUZNPyGdV3mjC8YTUu6STZGFAkzEhvxWZfyvi2wZx7XSJynFchGU/CcA9KESAOE0fgAyU5U/2yugH4Qhizar6mDBDdEy3500SHy5mrzu4A3K3QuMMSKSAJs0g7KI+/VWBiVLMwAN1sAdblxXm2mDWbyiFp+e+fPFwrCYPJlRi4gNGnn9xfpBKNkkQ5RT9RQurr2SkMoV1HyQeqcWTi29Q== davishaba@Daviss-MacBook-Pro.local\nssh-rsa AAAAB3NzaC1yc2EAAAADAQABAAABAQDSkorKqV1g75XKjAdgAyyJkTcTZ8kpAM/Ie1u53y26Ez0qMaCz7ocYaEqU3B7rq2XQZySfKEYjnue8OnDO3jfV4+Th5TQP3CHftle5AePmql2n4vH5FKLQ4EK5xZZ56XVQucplv3mUkNqlwBndyFORewmu/l1UpaduzvnVdCABoZJY5pKAD0jXAWk6Ml15f/NKyX5V/cr1j1GA0nuIPABjQvi1cbnjUMhdXm9PpcCl2UrErF2wqi3Ec19fIVERyijZwe1gKALYQ9mkmJzcGZKaw1QuNfss8PWPOvTEp6/kf8yj8DEYPe6uiLCFX9rqHFPj4MzHKZnCKKTXDvNNsuBz cmcgrath@Colins-MacBook-Pro.local\nssh-rsa AAAAB3NzaC1yc2EAAAADAQABAAACAQCxuxBdvWKF0RskDbr7sIK5lBBGd3O3zAgfvkZMUq/OLdVF1clrHvvck+H3IJGF+Rx47e/kG9zHxQuTl0d5hW4mhm21TgCHB//8WbN2IFo445yUjiX5ZZDM+9UGI4hZKMvdq1lHSDrCrmDqZLIKaFyAcEyUCYK7OStO9lCOdITIGyIX/X6y52zG+3lcOJmyW3owzYUUHanVgFn6IjHdFV19WeQOqC56dB8ISLXzQDY4IvORqLb+vEkPl6Wc0yNN3Udr4xW7pxisELKxl0Bc748GPlZrKUkEBuds9/P41IT0Yfl7NwaBrZen6DBC7ZCkA8oviIhgGIxeyfeOLkSj6GBAqJehE1tKxn6su8msstLyS+4lW7PljqFA5vufB8OgltxWi/Kiqzl/l3136HORhQyrUSe057pLH+/nMb1KavHBOexBQ8Ph0e2EokjXnDWCrouMaKLfXprHxBPaPOfzsz/u4ng1WJD0bhGGQjpS3e4WIhEbluSaPLhX3/3teyElHF6kxnVhOuSsqtjrRAkQz8PWY7UNOr8QspLeuNeNCJUvU5hwgywW7uHSph4hPeyN0rmRvy4Z6xAfzQu84eAP/szxe3LgLidSvHW8kvrAhLqF1ceg3rbBOEh9Qi8eJ+gBoL4o8XRZuKechY1hrSBvM0yQeOzMMWvhFme8zAL7HJxfDQ== lamden@lamdens-MBP\nssh-rsa AAAAB3NzaC1yc2EAAAADAQABAAACAQC5yg8vl4uclEOLk+8N0PY9orjMfRBoqVvtm1sDfCUFpjNNCDavoeO3+aGQjRR79PNsXYYqv76o4y0B7WjXZiIo285xDuXFT45A98OK/4j1SkmT313XkmP6HTGRBi51xBxrqinrMkgmh5u/Q6Idhl22CehaT2vlFEjoM1n/mbGjzTMVoaoS7WCdeVW47cSMj8T1sw6iM5ZhGkWvapj7DD1HvKCCKY3H4uwR4BdEZQ4Tda4lFt1JpluELv/onEFpjUlMoE/1RZ3cxuu6VfhX/lWsxa2sutmJKaS0fMpec+wSyoImsiT/Mu11IHlLCQrtvCMdRCc22cgNj3A2yN/TZWVAym0pE/lYcdI1f6RJGJ2zxD6Mx57RSb4kg41MpLEu22a/ZBhexxg0iR1nSpL+QwjzY5d5Y332cv2DQXxCVgMHgDNIgSJSW+R/3u8QWvB49OmgIv0py3mk3MCp1dwr8xwPtNUPGRlcP+trEcvpPFieK+9Z6UsJoZ8pHavgV/MOqI72ePvOqkfBmHFDhae/gOPy+DCmEkPl3nTW94+OSrRykkxKwYxZh0Rmk+jpKDWElRRCHpNRYtea64oDlc2hQowpTi1U3C7duPsUgZVyCAErfkvmqz4PuHMnpTPg4GAVmxl4CHujgvvdC9KdP9SH6xyryLW1HQ1HpL9BqEROKRfNFw== wywfalcon@gmail.com\nssh-rsa AAAAB3NzaC1yc2EAAAADAQABAAACAQC6s8mIerDqVezMx227qZgb1nHoO/nMjuqg4pTjUvb92BD/NYwB/PbKjnStqzX5qyarRpj5pdExaA0cHUGnsVvthP5LRn016H3ZUd1OeXTHB2BqpV1/ZAD8chncjqn+pL+Ix2vcNiE1yqP/quwlIrfniQd7U9X1nNGIsJAvZ983wYnqyl9IhATToT3m55h+VzpS7a9Ogmpw70pA6VqFr0PHmjyIPaLOSswXtmzsAhi1KvgXFQ64stXDdxXX880pCtuzdE0TtEBFHNQtde/Lv1i4EBvSEUzVritEV0HjMBQS/JN80eJ5o2eozlInEGf1VfrHWu+IKFNWC6qqbm8bf1Sl+gP62Li/d20ORvUeAoJb+QRaht6ap1EabbkBqxPL41rOd2oNfkQRbjX6C0GIM/1r7muXJfLp5wafelTGzkX7mr92S5Vlh7uGE9ui3+MVrtwP42aqKMNvBkxEk/8j2mRR6Efrr8wcq1/1uevUhf68jLxQWkg9iH5si876jNSG5GtwsBmm1fz9xW48fSapzQt14aNSRysnuMG/57LsDcnRKOIpy3Sr7kuEFBoC2n8tdrVw/edxm4DLgiqqP3TKZbbxYPMBlpeqxCNx6M8LVVkwkBdwm1R6OOle2Asof9dJf90WXb8oBlRXYg+5JJYdjLWEWb0pmqdPjV+lV4pLMWm9Dw== tejas@lamden.io\nssh-rsa AAAAB3NzaC1yc2EAAAADAQABAAABAQCu1kNmPJSNGB1C0pit7L0+22rbhQFrZgGGliRU5R+R/aVcmyS8jPN7LpzAW+SRT+TWHfWIEstQHqn/WHcfzOjm4ljc7VPx+dXNvl8iWzaciRB1HBuzHoFubxSUK9oD5sEQCXpSkyX9vc7HFjuvutiVAPpCSzhAiHG03QrEox2cEyvhgyhnWoHDo6jdfftwi0jyKESbLIXLJWcyBhEWH2mZqwNOhlWUdhB7gKeD4i2WCBfdkF2+8NVZckhgvpAiFCFEJnE6rqqx6RbcLtUETM2hPirmSrjowCWhYk2Hk9q6XCCXNRKsvK9cCwgg1Tm3eVPLedUDB4Wj9w2iJj4S3dx7 stu@Stuarts-MBP-2\n"
                        },
                        "meta": {},
                        "tainted": false
                    },
                    "deposed": [],
                    "provider": "provider.null"
                }
            },
            "depends_on": []
        },
        {
            "path": [
                "root",
                "key"
            ],
            "outputs": {
                "private_key": {
                    "sensitive": false,
                    "type": "string",
                    "value": "-----BEGIN RSA PRIVATE KEY-----\nMIIJKQIBAAKCAgEAxdsOQ4iENOtysMC3p2SbjuWOb9fbkL9jxmFPcu+cd8tHEhqB\n4vAj2uwpqWv6X4rRIDtdKi5flkSaTe1+0JtViX+wBk5WYtTvlJeUheka/ALXFD2W\nY9AhmiXPiwrgxdW/N11KgRbG7AnlVFVIQa2J6jj/7/k9jyD7YGpdYJFFFirG/91I\nUFpZE71BNZRFz2T4P+1OnEEfyeKdh9gPouzc6A4TwFO3rLvtw0RO7I+fX7hV/GRx\nwPbRd0NmnVPRpGzO+a/UTbPb4u+h+3mJwX4NpkpmX+Hnmc72Bg7BRm0jKjTtZkg/\nXI7W+ZlnAsb3jXaT1B1Qmf0cDlwLjzA1NQnMCaHgUuGLt5OOIIRcEBy9tsDMJfZJ\nI5IQP2GZLmx+7iIEq7XW3XtfGgmLak4ZefX3qo1xflCBBFR4qMC9MML7cS4Qz/RR\nXa03hVwmmGlLQB6NZg04mvrHFAh/GxMFvMqln+Z5M7c58AvWhf9mpbVieSBK2eAZ\n4OfqzqaEZn1VWDakJD4+ITLqwaYnlkONSVGMX+rejqtbsTDpI/uDLQM7p1QGSL7H\nPcksLTYYZr3yGVgxHAN+dw+YQnMT2U61fGwCJ49/8bBo5r6poBlAmkhxI1ibx4Bx\nXCzBZHwOsdfbfQi+11mlnMC4mgs3qaj2WnQlApURpk3e9Ki51cJWHMy3V/ECAwEA\nAQKCAgAJH5bCynK+NfUt7VUKpPr/VdqBkcSQIiMprKcLN71RUNBQJ2TB4CznFWi+\nZTpAWZhXEiWzojvKJBOxcDgeymrhUj/9qnMVT5hUk8DHg/44jLD6P/TFWX2TLBcr\n5C6FMNwGY4jh9vjpPXOTtfMFBEmNwV8b47RQ+0ZcJct0fn5fDU3r0npZKjFdVabC\nH7owXAmOeRTc46vhlU+KSg4+hwmQscV7YuDfWDMYg/fXtK+2rDtazg7oxPjXtQXw\nT0Mlf9bzcIYrpxWGm2IuxGXzxCpA9sFNvo79aquxj9CdvL6YXaRsyPwS+oszKz2y\nxRX5MfSTHV7wGtnGV7w4uBJcBb2gxzVInCHFVbMZSh4OtoxBU8Tmd65rR+gUeIuG\nZ9haK8kAKknlem3NwtunAdLiow77qqc4zwnqyog0RibHPelzBx6Q37fBSHMqkpsd\nO+0d0XmAEU4FzLbSqcG1Fq65smlfIqq6QdT0hp/rkm8uioK89BIXdf+IXChnfdVk\npfKFFAQ0sgzBgXHERrgdMf/fFEdPS5uEJPpYysiThcOLv1w3EImFKRhRfZXD2Svq\nvqMuaHxKFKMlxIYBmpnk9Ca8mEKMb/v0Bt2AwsGVoKH3wFYZqI802IMGY1RyVlrI\nsXDi+mwGbJmbZ+JTdwWMvgWmBAP7kCVmEnyXoOlPVSudZtyyWQKCAQEA+f5X0+Gt\nmgI5puciJs5pFqZVWHgLYMzaor5mCGJQRmvDUJHULPbIHD/14zbnsi9qg3eVvnTv\n7QtKC403zhcXdXbaemqusB25d8m3Ftj8iTiSxbhs6vQ1R+fLkWl5vtcIu7fk2PSK\nGWE5FOy1J7UU9Uz6I1pV3LHxigB5bLYkS8YixT+cv6p31iiY+O4ZoQAImQfMCtha\n+NRlo542ewxNYxN7JY4xPKbsdHdc41NK1e50p2pHDyp4XLuVx59TDMLaOPyAYX0d\nIgziD20oDWMtiK01ZmMQuwJRjNN1XEWB6X9/xP3PktS7rOvzhob32G+K+WZPa6m0\nfWFcsGpbqqsV+wKCAQEAypwGHY7OjT9oXx8hahPo2uwwzNdzfAiSRIfakqOleGKG\n3hBde4kAt3evl0iGlEp51+u48LGfH9iMFVTJ97ayHMP6Bs8MflVY305+HulkEA1d\n+DPYcK5/JeAXZNL0KuP58CVcCTO/cE14Fs02uJpKr4/1E7+DRstyA9+2kPJNn994\nYwP6A34m3rPxFVUOeEQz1RLtR7FwjbGavEW+4lJi22HNNSMkyOYKzNS4UGBet5Hl\ndbowXk8c4l/Bk0+z4GvNNUXw0L1loShQvcntCZhhVzqF7Va7Z1c+v1vYrD8H4y+u\n81xoPtrxvOr9f5XXXrdd2D3fcwJp48TiPeQU9SRiAwKCAQBVdA2Njb0Lwer3FFbm\nMPRXG7Bct1wcUKoDq1WxU/nguIFhDxgZ7plknrBsZJ46mF6uZbg4DDzfKFa9MB59\nQgNw0ZnI8qKX7PEy8y60jqN0PHRfRbVlcuirlZ5OLGHDTDneAPQm/SAfoM4kSu15\njzqExzVR1FU5RVItPBBFitVJWYcVKbNpCNpByErR/IGiOSK3PKUQp/ggymmbzj8N\nPJ1PWp9jrQFDnEODZDHKOvR/wCz79SYpFvlhqXV/cQSwfgKeLCGuMVg+BW1YnJVu\nThKIf7ybLQ3Q/u/lVXrueYv4xu5j5eaIaFNmvpjVyVj7ENXOfpxzTuU1XoySeSiw\nZB71AoIBAQDDEO6OXKSetxKMqlMoZxzEUaw2O6STIUl5s3aLwgSY3/tLJ2RpgKDx\nAslKlOgFM6MVcHyxN8GlDn7oNqbw2LOpIEHDdmpn41HaRR8GMdxF3CjBw2C6NDZ0\nR8keKEAuXymOvNlcfrbsr5lUEqWBnAMV/jqNldAVQ+B0vFlwOejkaGnmorh9zmIr\n/gC5chepULi6hytt3/cmZH0+kMPT8E//Oa0xYLGUvm5dgNwnfnESueO6sdTJp89+\nX4TmiFD9W6zJgpn0zrRfMYpy/0s49r2ZFt5EgEGToBrob8wvIcw9PfZplWlEQtWE\n9pWz1ZbyOQagIAnXF9bNFQxhXAuVbT7zAoIBAQDMnKDqFMt5yp9Tysi9HX0+VCIq\nomGsF4HIIZGuvjQkikD06BFcptehol98JUbbOcCzE31OgJkCEQ4diRu4YZa7whQs\nur0OFl+TOLdYMrOu8LsZ2NqFaAW08dPqg9tqndwMrod/RlKU9MJugEsCEn6plwIz\n0tYJb+W26mGPTS/Sat3evAOfAJ0OWDFDOeNpFMKvNOzv3H2uMq1GcPcjHOMxXv8+\nZP2oaIS8LZxz3FDC32Tzo3Oy4/0Y+BgH9ehJNx+bkjX7FTF9K45fHbgQ59iaToK1\nVTUmspZMTpLNJdCe6gsJx0B3WWsIDbDwvVZ+2ANQlo68Rh0I8f4UVAG/C9Xq\n-----END RSA PRIVATE KEY-----\n"
                },
                "public_key": {
                    "sensitive": false,
                    "type": "string",
                    "value": "ssh-rsa AAAAB3NzaC1yc2EAAAADAQABAAACAQDF2w5DiIQ063KwwLenZJuO5Y5v19uQv2PGYU9y75x3y0cSGoHi8CPa7Cmpa/pfitEgO10qLl+WRJpN7X7Qm1WJf7AGTlZi1O+Ul5SF6Rr8AtcUPZZj0CGaJc+LCuDF1b83XUqBFsbsCeVUVUhBrYnqOP/v+T2PIPtgal1gkUUWKsb/3UhQWlkTvUE1lEXPZPg/7U6cQR/J4p2H2A+i7NzoDhPAU7esu+3DRE7sj59fuFX8ZHHA9tF3Q2adU9GkbM75r9RNs9vi76H7eYnBfg2mSmZf4eeZzvYGDsFGbSMqNO1mSD9cjtb5mWcCxveNdpPUHVCZ/RwOXAuPMDU1CcwJoeBS4Yu3k44ghFwQHL22wMwl9kkjkhA/YZkubH7uIgSrtdbde18aCYtqThl59feqjXF+UIEEVHiowL0wwvtxLhDP9FFdrTeFXCaYaUtAHo1mDTia+scUCH8bEwW8yqWf5nkztznwC9aF/2altWJ5IErZ4Bng5+rOpoRmfVVYNqQkPj4hMurBpieWQ41JUYxf6t6Oq1uxMOkj+4MtAzunVAZIvsc9ySwtNhhmvfIZWDEcA353D5hCcxPZTrV8bAInj3/xsGjmvqmgGUCaSHEjWJvHgHFcLMFkfA6x19t9CL7XWaWcwLiaCzepqPZadCUClRGmTd70qLnVwlYczLdX8Q==\n"
                }
            },
            "resources": {
                "aws_key_pair.ap-northeast-1": {
                    "type": "aws_key_pair",
                    "depends_on": [
                        "tls_private_key.provisioner"
                    ],
                    "primary": {
                        "id": "circleci-davishaba",
                        "attributes": {
                            "fingerprint": "b2:11:2a:07:4a:ce:45:94:02:22:6a:e2:ce:e0:b2:86",
                            "id": "circleci-davishaba",
                            "key_name": "circleci-davishaba",
                            "public_key": "ssh-rsa AAAAB3NzaC1yc2EAAAADAQABAAACAQDF2w5DiIQ063KwwLenZJuO5Y5v19uQv2PGYU9y75x3y0cSGoHi8CPa7Cmpa/pfitEgO10qLl+WRJpN7X7Qm1WJf7AGTlZi1O+Ul5SF6Rr8AtcUPZZj0CGaJc+LCuDF1b83XUqBFsbsCeVUVUhBrYnqOP/v+T2PIPtgal1gkUUWKsb/3UhQWlkTvUE1lEXPZPg/7U6cQR/J4p2H2A+i7NzoDhPAU7esu+3DRE7sj59fuFX8ZHHA9tF3Q2adU9GkbM75r9RNs9vi76H7eYnBfg2mSmZf4eeZzvYGDsFGbSMqNO1mSD9cjtb5mWcCxveNdpPUHVCZ/RwOXAuPMDU1CcwJoeBS4Yu3k44ghFwQHL22wMwl9kkjkhA/YZkubH7uIgSrtdbde18aCYtqThl59feqjXF+UIEEVHiowL0wwvtxLhDP9FFdrTeFXCaYaUtAHo1mDTia+scUCH8bEwW8yqWf5nkztznwC9aF/2altWJ5IErZ4Bng5+rOpoRmfVVYNqQkPj4hMurBpieWQ41JUYxf6t6Oq1uxMOkj+4MtAzunVAZIvsc9ySwtNhhmvfIZWDEcA353D5hCcxPZTrV8bAInj3/xsGjmvqmgGUCaSHEjWJvHgHFcLMFkfA6x19t9CL7XWaWcwLiaCzepqPZadCUClRGmTd70qLnVwlYczLdX8Q=="
                        },
                        "meta": {
                            "schema_version": "1"
                        },
                        "tainted": false
                    },
                    "deposed": [],
                    "provider": "provider.aws.ap-northeast-1"
                },
                "aws_key_pair.ap-northeast-2": {
                    "type": "aws_key_pair",
                    "depends_on": [
                        "tls_private_key.provisioner"
                    ],
                    "primary": {
                        "id": "circleci-davishaba",
                        "attributes": {
                            "fingerprint": "b2:11:2a:07:4a:ce:45:94:02:22:6a:e2:ce:e0:b2:86",
                            "id": "circleci-davishaba",
                            "key_name": "circleci-davishaba",
                            "public_key": "ssh-rsa AAAAB3NzaC1yc2EAAAADAQABAAACAQDF2w5DiIQ063KwwLenZJuO5Y5v19uQv2PGYU9y75x3y0cSGoHi8CPa7Cmpa/pfitEgO10qLl+WRJpN7X7Qm1WJf7AGTlZi1O+Ul5SF6Rr8AtcUPZZj0CGaJc+LCuDF1b83XUqBFsbsCeVUVUhBrYnqOP/v+T2PIPtgal1gkUUWKsb/3UhQWlkTvUE1lEXPZPg/7U6cQR/J4p2H2A+i7NzoDhPAU7esu+3DRE7sj59fuFX8ZHHA9tF3Q2adU9GkbM75r9RNs9vi76H7eYnBfg2mSmZf4eeZzvYGDsFGbSMqNO1mSD9cjtb5mWcCxveNdpPUHVCZ/RwOXAuPMDU1CcwJoeBS4Yu3k44ghFwQHL22wMwl9kkjkhA/YZkubH7uIgSrtdbde18aCYtqThl59feqjXF+UIEEVHiowL0wwvtxLhDP9FFdrTeFXCaYaUtAHo1mDTia+scUCH8bEwW8yqWf5nkztznwC9aF/2altWJ5IErZ4Bng5+rOpoRmfVVYNqQkPj4hMurBpieWQ41JUYxf6t6Oq1uxMOkj+4MtAzunVAZIvsc9ySwtNhhmvfIZWDEcA353D5hCcxPZTrV8bAInj3/xsGjmvqmgGUCaSHEjWJvHgHFcLMFkfA6x19t9CL7XWaWcwLiaCzepqPZadCUClRGmTd70qLnVwlYczLdX8Q=="
                        },
                        "meta": {
                            "schema_version": "1"
                        },
                        "tainted": false
                    },
                    "deposed": [],
                    "provider": "provider.aws.ap-northeast-2"
                },
                "aws_key_pair.ap-south-1": {
                    "type": "aws_key_pair",
                    "depends_on": [
                        "tls_private_key.provisioner"
                    ],
                    "primary": {
                        "id": "circleci-davishaba",
                        "attributes": {
                            "fingerprint": "b2:11:2a:07:4a:ce:45:94:02:22:6a:e2:ce:e0:b2:86",
                            "id": "circleci-davishaba",
                            "key_name": "circleci-davishaba",
                            "public_key": "ssh-rsa AAAAB3NzaC1yc2EAAAADAQABAAACAQDF2w5DiIQ063KwwLenZJuO5Y5v19uQv2PGYU9y75x3y0cSGoHi8CPa7Cmpa/pfitEgO10qLl+WRJpN7X7Qm1WJf7AGTlZi1O+Ul5SF6Rr8AtcUPZZj0CGaJc+LCuDF1b83XUqBFsbsCeVUVUhBrYnqOP/v+T2PIPtgal1gkUUWKsb/3UhQWlkTvUE1lEXPZPg/7U6cQR/J4p2H2A+i7NzoDhPAU7esu+3DRE7sj59fuFX8ZHHA9tF3Q2adU9GkbM75r9RNs9vi76H7eYnBfg2mSmZf4eeZzvYGDsFGbSMqNO1mSD9cjtb5mWcCxveNdpPUHVCZ/RwOXAuPMDU1CcwJoeBS4Yu3k44ghFwQHL22wMwl9kkjkhA/YZkubH7uIgSrtdbde18aCYtqThl59feqjXF+UIEEVHiowL0wwvtxLhDP9FFdrTeFXCaYaUtAHo1mDTia+scUCH8bEwW8yqWf5nkztznwC9aF/2altWJ5IErZ4Bng5+rOpoRmfVVYNqQkPj4hMurBpieWQ41JUYxf6t6Oq1uxMOkj+4MtAzunVAZIvsc9ySwtNhhmvfIZWDEcA353D5hCcxPZTrV8bAInj3/xsGjmvqmgGUCaSHEjWJvHgHFcLMFkfA6x19t9CL7XWaWcwLiaCzepqPZadCUClRGmTd70qLnVwlYczLdX8Q=="
                        },
                        "meta": {
                            "schema_version": "1"
                        },
                        "tainted": false
                    },
                    "deposed": [],
                    "provider": "provider.aws.ap-south-1"
                },
                "aws_key_pair.ap-southeast-1": {
                    "type": "aws_key_pair",
                    "depends_on": [
                        "tls_private_key.provisioner"
                    ],
                    "primary": {
                        "id": "circleci-davishaba",
                        "attributes": {
                            "fingerprint": "b2:11:2a:07:4a:ce:45:94:02:22:6a:e2:ce:e0:b2:86",
                            "id": "circleci-davishaba",
                            "key_name": "circleci-davishaba",
                            "public_key": "ssh-rsa AAAAB3NzaC1yc2EAAAADAQABAAACAQDF2w5DiIQ063KwwLenZJuO5Y5v19uQv2PGYU9y75x3y0cSGoHi8CPa7Cmpa/pfitEgO10qLl+WRJpN7X7Qm1WJf7AGTlZi1O+Ul5SF6Rr8AtcUPZZj0CGaJc+LCuDF1b83XUqBFsbsCeVUVUhBrYnqOP/v+T2PIPtgal1gkUUWKsb/3UhQWlkTvUE1lEXPZPg/7U6cQR/J4p2H2A+i7NzoDhPAU7esu+3DRE7sj59fuFX8ZHHA9tF3Q2adU9GkbM75r9RNs9vi76H7eYnBfg2mSmZf4eeZzvYGDsFGbSMqNO1mSD9cjtb5mWcCxveNdpPUHVCZ/RwOXAuPMDU1CcwJoeBS4Yu3k44ghFwQHL22wMwl9kkjkhA/YZkubH7uIgSrtdbde18aCYtqThl59feqjXF+UIEEVHiowL0wwvtxLhDP9FFdrTeFXCaYaUtAHo1mDTia+scUCH8bEwW8yqWf5nkztznwC9aF/2altWJ5IErZ4Bng5+rOpoRmfVVYNqQkPj4hMurBpieWQ41JUYxf6t6Oq1uxMOkj+4MtAzunVAZIvsc9ySwtNhhmvfIZWDEcA353D5hCcxPZTrV8bAInj3/xsGjmvqmgGUCaSHEjWJvHgHFcLMFkfA6x19t9CL7XWaWcwLiaCzepqPZadCUClRGmTd70qLnVwlYczLdX8Q=="
                        },
                        "meta": {
                            "schema_version": "1"
                        },
                        "tainted": false
                    },
                    "deposed": [],
                    "provider": "provider.aws.ap-southeast-1"
                },
                "aws_key_pair.ap-southeast-2": {
                    "type": "aws_key_pair",
                    "depends_on": [
                        "tls_private_key.provisioner"
                    ],
                    "primary": {
                        "id": "circleci-davishaba",
                        "attributes": {
                            "fingerprint": "b2:11:2a:07:4a:ce:45:94:02:22:6a:e2:ce:e0:b2:86",
                            "id": "circleci-davishaba",
                            "key_name": "circleci-davishaba",
                            "public_key": "ssh-rsa AAAAB3NzaC1yc2EAAAADAQABAAACAQDF2w5DiIQ063KwwLenZJuO5Y5v19uQv2PGYU9y75x3y0cSGoHi8CPa7Cmpa/pfitEgO10qLl+WRJpN7X7Qm1WJf7AGTlZi1O+Ul5SF6Rr8AtcUPZZj0CGaJc+LCuDF1b83XUqBFsbsCeVUVUhBrYnqOP/v+T2PIPtgal1gkUUWKsb/3UhQWlkTvUE1lEXPZPg/7U6cQR/J4p2H2A+i7NzoDhPAU7esu+3DRE7sj59fuFX8ZHHA9tF3Q2adU9GkbM75r9RNs9vi76H7eYnBfg2mSmZf4eeZzvYGDsFGbSMqNO1mSD9cjtb5mWcCxveNdpPUHVCZ/RwOXAuPMDU1CcwJoeBS4Yu3k44ghFwQHL22wMwl9kkjkhA/YZkubH7uIgSrtdbde18aCYtqThl59feqjXF+UIEEVHiowL0wwvtxLhDP9FFdrTeFXCaYaUtAHo1mDTia+scUCH8bEwW8yqWf5nkztznwC9aF/2altWJ5IErZ4Bng5+rOpoRmfVVYNqQkPj4hMurBpieWQ41JUYxf6t6Oq1uxMOkj+4MtAzunVAZIvsc9ySwtNhhmvfIZWDEcA353D5hCcxPZTrV8bAInj3/xsGjmvqmgGUCaSHEjWJvHgHFcLMFkfA6x19t9CL7XWaWcwLiaCzepqPZadCUClRGmTd70qLnVwlYczLdX8Q=="
                        },
                        "meta": {
                            "schema_version": "1"
                        },
                        "tainted": false
                    },
                    "deposed": [],
                    "provider": "provider.aws.ap-southeast-2"
                },
                "aws_key_pair.ca-central-1": {
                    "type": "aws_key_pair",
                    "depends_on": [
                        "tls_private_key.provisioner"
                    ],
                    "primary": {
                        "id": "circleci-davishaba",
                        "attributes": {
                            "fingerprint": "b2:11:2a:07:4a:ce:45:94:02:22:6a:e2:ce:e0:b2:86",
                            "id": "circleci-davishaba",
                            "key_name": "circleci-davishaba",
                            "public_key": "ssh-rsa AAAAB3NzaC1yc2EAAAADAQABAAACAQDF2w5DiIQ063KwwLenZJuO5Y5v19uQv2PGYU9y75x3y0cSGoHi8CPa7Cmpa/pfitEgO10qLl+WRJpN7X7Qm1WJf7AGTlZi1O+Ul5SF6Rr8AtcUPZZj0CGaJc+LCuDF1b83XUqBFsbsCeVUVUhBrYnqOP/v+T2PIPtgal1gkUUWKsb/3UhQWlkTvUE1lEXPZPg/7U6cQR/J4p2H2A+i7NzoDhPAU7esu+3DRE7sj59fuFX8ZHHA9tF3Q2adU9GkbM75r9RNs9vi76H7eYnBfg2mSmZf4eeZzvYGDsFGbSMqNO1mSD9cjtb5mWcCxveNdpPUHVCZ/RwOXAuPMDU1CcwJoeBS4Yu3k44ghFwQHL22wMwl9kkjkhA/YZkubH7uIgSrtdbde18aCYtqThl59feqjXF+UIEEVHiowL0wwvtxLhDP9FFdrTeFXCaYaUtAHo1mDTia+scUCH8bEwW8yqWf5nkztznwC9aF/2altWJ5IErZ4Bng5+rOpoRmfVVYNqQkPj4hMurBpieWQ41JUYxf6t6Oq1uxMOkj+4MtAzunVAZIvsc9ySwtNhhmvfIZWDEcA353D5hCcxPZTrV8bAInj3/xsGjmvqmgGUCaSHEjWJvHgHFcLMFkfA6x19t9CL7XWaWcwLiaCzepqPZadCUClRGmTd70qLnVwlYczLdX8Q=="
                        },
                        "meta": {
                            "schema_version": "1"
                        },
                        "tainted": false
                    },
                    "deposed": [],
                    "provider": "provider.aws.ca-central-1"
                },
                "aws_key_pair.eu-central-1": {
                    "type": "aws_key_pair",
                    "depends_on": [
                        "tls_private_key.provisioner"
                    ],
                    "primary": {
                        "id": "circleci-davishaba",
                        "attributes": {
                            "fingerprint": "b2:11:2a:07:4a:ce:45:94:02:22:6a:e2:ce:e0:b2:86",
                            "id": "circleci-davishaba",
                            "key_name": "circleci-davishaba",
                            "public_key": "ssh-rsa AAAAB3NzaC1yc2EAAAADAQABAAACAQDF2w5DiIQ063KwwLenZJuO5Y5v19uQv2PGYU9y75x3y0cSGoHi8CPa7Cmpa/pfitEgO10qLl+WRJpN7X7Qm1WJf7AGTlZi1O+Ul5SF6Rr8AtcUPZZj0CGaJc+LCuDF1b83XUqBFsbsCeVUVUhBrYnqOP/v+T2PIPtgal1gkUUWKsb/3UhQWlkTvUE1lEXPZPg/7U6cQR/J4p2H2A+i7NzoDhPAU7esu+3DRE7sj59fuFX8ZHHA9tF3Q2adU9GkbM75r9RNs9vi76H7eYnBfg2mSmZf4eeZzvYGDsFGbSMqNO1mSD9cjtb5mWcCxveNdpPUHVCZ/RwOXAuPMDU1CcwJoeBS4Yu3k44ghFwQHL22wMwl9kkjkhA/YZkubH7uIgSrtdbde18aCYtqThl59feqjXF+UIEEVHiowL0wwvtxLhDP9FFdrTeFXCaYaUtAHo1mDTia+scUCH8bEwW8yqWf5nkztznwC9aF/2altWJ5IErZ4Bng5+rOpoRmfVVYNqQkPj4hMurBpieWQ41JUYxf6t6Oq1uxMOkj+4MtAzunVAZIvsc9ySwtNhhmvfIZWDEcA353D5hCcxPZTrV8bAInj3/xsGjmvqmgGUCaSHEjWJvHgHFcLMFkfA6x19t9CL7XWaWcwLiaCzepqPZadCUClRGmTd70qLnVwlYczLdX8Q=="
                        },
                        "meta": {
                            "schema_version": "1"
                        },
                        "tainted": false
                    },
                    "deposed": [],
                    "provider": "provider.aws.eu-central-1"
                },
                "aws_key_pair.eu-west-1": {
                    "type": "aws_key_pair",
                    "depends_on": [
                        "tls_private_key.provisioner"
                    ],
                    "primary": {
                        "id": "circleci-davishaba",
                        "attributes": {
                            "fingerprint": "b2:11:2a:07:4a:ce:45:94:02:22:6a:e2:ce:e0:b2:86",
                            "id": "circleci-davishaba",
                            "key_name": "circleci-davishaba",
                            "public_key": "ssh-rsa AAAAB3NzaC1yc2EAAAADAQABAAACAQDF2w5DiIQ063KwwLenZJuO5Y5v19uQv2PGYU9y75x3y0cSGoHi8CPa7Cmpa/pfitEgO10qLl+WRJpN7X7Qm1WJf7AGTlZi1O+Ul5SF6Rr8AtcUPZZj0CGaJc+LCuDF1b83XUqBFsbsCeVUVUhBrYnqOP/v+T2PIPtgal1gkUUWKsb/3UhQWlkTvUE1lEXPZPg/7U6cQR/J4p2H2A+i7NzoDhPAU7esu+3DRE7sj59fuFX8ZHHA9tF3Q2adU9GkbM75r9RNs9vi76H7eYnBfg2mSmZf4eeZzvYGDsFGbSMqNO1mSD9cjtb5mWcCxveNdpPUHVCZ/RwOXAuPMDU1CcwJoeBS4Yu3k44ghFwQHL22wMwl9kkjkhA/YZkubH7uIgSrtdbde18aCYtqThl59feqjXF+UIEEVHiowL0wwvtxLhDP9FFdrTeFXCaYaUtAHo1mDTia+scUCH8bEwW8yqWf5nkztznwC9aF/2altWJ5IErZ4Bng5+rOpoRmfVVYNqQkPj4hMurBpieWQ41JUYxf6t6Oq1uxMOkj+4MtAzunVAZIvsc9ySwtNhhmvfIZWDEcA353D5hCcxPZTrV8bAInj3/xsGjmvqmgGUCaSHEjWJvHgHFcLMFkfA6x19t9CL7XWaWcwLiaCzepqPZadCUClRGmTd70qLnVwlYczLdX8Q=="
                        },
                        "meta": {
                            "schema_version": "1"
                        },
                        "tainted": false
                    },
                    "deposed": [],
                    "provider": "provider.aws.eu-west-1"
                },
                "aws_key_pair.eu-west-2": {
                    "type": "aws_key_pair",
                    "depends_on": [
                        "tls_private_key.provisioner"
                    ],
                    "primary": {
                        "id": "circleci-davishaba",
                        "attributes": {
                            "fingerprint": "b2:11:2a:07:4a:ce:45:94:02:22:6a:e2:ce:e0:b2:86",
                            "id": "circleci-davishaba",
                            "key_name": "circleci-davishaba",
                            "public_key": "ssh-rsa AAAAB3NzaC1yc2EAAAADAQABAAACAQDF2w5DiIQ063KwwLenZJuO5Y5v19uQv2PGYU9y75x3y0cSGoHi8CPa7Cmpa/pfitEgO10qLl+WRJpN7X7Qm1WJf7AGTlZi1O+Ul5SF6Rr8AtcUPZZj0CGaJc+LCuDF1b83XUqBFsbsCeVUVUhBrYnqOP/v+T2PIPtgal1gkUUWKsb/3UhQWlkTvUE1lEXPZPg/7U6cQR/J4p2H2A+i7NzoDhPAU7esu+3DRE7sj59fuFX8ZHHA9tF3Q2adU9GkbM75r9RNs9vi76H7eYnBfg2mSmZf4eeZzvYGDsFGbSMqNO1mSD9cjtb5mWcCxveNdpPUHVCZ/RwOXAuPMDU1CcwJoeBS4Yu3k44ghFwQHL22wMwl9kkjkhA/YZkubH7uIgSrtdbde18aCYtqThl59feqjXF+UIEEVHiowL0wwvtxLhDP9FFdrTeFXCaYaUtAHo1mDTia+scUCH8bEwW8yqWf5nkztznwC9aF/2altWJ5IErZ4Bng5+rOpoRmfVVYNqQkPj4hMurBpieWQ41JUYxf6t6Oq1uxMOkj+4MtAzunVAZIvsc9ySwtNhhmvfIZWDEcA353D5hCcxPZTrV8bAInj3/xsGjmvqmgGUCaSHEjWJvHgHFcLMFkfA6x19t9CL7XWaWcwLiaCzepqPZadCUClRGmTd70qLnVwlYczLdX8Q=="
                        },
                        "meta": {
                            "schema_version": "1"
                        },
                        "tainted": false
                    },
                    "deposed": [],
                    "provider": "provider.aws.eu-west-2"
                },
                "aws_key_pair.eu-west-3": {
                    "type": "aws_key_pair",
                    "depends_on": [
                        "tls_private_key.provisioner"
                    ],
                    "primary": {
                        "id": "circleci-davishaba",
                        "attributes": {
                            "fingerprint": "b2:11:2a:07:4a:ce:45:94:02:22:6a:e2:ce:e0:b2:86",
                            "id": "circleci-davishaba",
                            "key_name": "circleci-davishaba",
                            "public_key": "ssh-rsa AAAAB3NzaC1yc2EAAAADAQABAAACAQDF2w5DiIQ063KwwLenZJuO5Y5v19uQv2PGYU9y75x3y0cSGoHi8CPa7Cmpa/pfitEgO10qLl+WRJpN7X7Qm1WJf7AGTlZi1O+Ul5SF6Rr8AtcUPZZj0CGaJc+LCuDF1b83XUqBFsbsCeVUVUhBrYnqOP/v+T2PIPtgal1gkUUWKsb/3UhQWlkTvUE1lEXPZPg/7U6cQR/J4p2H2A+i7NzoDhPAU7esu+3DRE7sj59fuFX8ZHHA9tF3Q2adU9GkbM75r9RNs9vi76H7eYnBfg2mSmZf4eeZzvYGDsFGbSMqNO1mSD9cjtb5mWcCxveNdpPUHVCZ/RwOXAuPMDU1CcwJoeBS4Yu3k44ghFwQHL22wMwl9kkjkhA/YZkubH7uIgSrtdbde18aCYtqThl59feqjXF+UIEEVHiowL0wwvtxLhDP9FFdrTeFXCaYaUtAHo1mDTia+scUCH8bEwW8yqWf5nkztznwC9aF/2altWJ5IErZ4Bng5+rOpoRmfVVYNqQkPj4hMurBpieWQ41JUYxf6t6Oq1uxMOkj+4MtAzunVAZIvsc9ySwtNhhmvfIZWDEcA353D5hCcxPZTrV8bAInj3/xsGjmvqmgGUCaSHEjWJvHgHFcLMFkfA6x19t9CL7XWaWcwLiaCzepqPZadCUClRGmTd70qLnVwlYczLdX8Q=="
                        },
                        "meta": {
                            "schema_version": "1"
                        },
                        "tainted": false
                    },
                    "deposed": [],
                    "provider": "provider.aws.eu-west-3"
                },
                "aws_key_pair.sa-east-1": {
                    "type": "aws_key_pair",
                    "depends_on": [
                        "tls_private_key.provisioner"
                    ],
                    "primary": {
                        "id": "circleci-davishaba",
                        "attributes": {
                            "fingerprint": "b2:11:2a:07:4a:ce:45:94:02:22:6a:e2:ce:e0:b2:86",
                            "id": "circleci-davishaba",
                            "key_name": "circleci-davishaba",
                            "public_key": "ssh-rsa AAAAB3NzaC1yc2EAAAADAQABAAACAQDF2w5DiIQ063KwwLenZJuO5Y5v19uQv2PGYU9y75x3y0cSGoHi8CPa7Cmpa/pfitEgO10qLl+WRJpN7X7Qm1WJf7AGTlZi1O+Ul5SF6Rr8AtcUPZZj0CGaJc+LCuDF1b83XUqBFsbsCeVUVUhBrYnqOP/v+T2PIPtgal1gkUUWKsb/3UhQWlkTvUE1lEXPZPg/7U6cQR/J4p2H2A+i7NzoDhPAU7esu+3DRE7sj59fuFX8ZHHA9tF3Q2adU9GkbM75r9RNs9vi76H7eYnBfg2mSmZf4eeZzvYGDsFGbSMqNO1mSD9cjtb5mWcCxveNdpPUHVCZ/RwOXAuPMDU1CcwJoeBS4Yu3k44ghFwQHL22wMwl9kkjkhA/YZkubH7uIgSrtdbde18aCYtqThl59feqjXF+UIEEVHiowL0wwvtxLhDP9FFdrTeFXCaYaUtAHo1mDTia+scUCH8bEwW8yqWf5nkztznwC9aF/2altWJ5IErZ4Bng5+rOpoRmfVVYNqQkPj4hMurBpieWQ41JUYxf6t6Oq1uxMOkj+4MtAzunVAZIvsc9ySwtNhhmvfIZWDEcA353D5hCcxPZTrV8bAInj3/xsGjmvqmgGUCaSHEjWJvHgHFcLMFkfA6x19t9CL7XWaWcwLiaCzepqPZadCUClRGmTd70qLnVwlYczLdX8Q=="
                        },
                        "meta": {
                            "schema_version": "1"
                        },
                        "tainted": false
                    },
                    "deposed": [],
                    "provider": "provider.aws.sa-east-1"
                },
                "aws_key_pair.us-east-1": {
                    "type": "aws_key_pair",
                    "depends_on": [
                        "tls_private_key.provisioner"
                    ],
                    "primary": {
                        "id": "circleci-davishaba",
                        "attributes": {
                            "fingerprint": "b2:11:2a:07:4a:ce:45:94:02:22:6a:e2:ce:e0:b2:86",
                            "id": "circleci-davishaba",
                            "key_name": "circleci-davishaba",
                            "public_key": "ssh-rsa AAAAB3NzaC1yc2EAAAADAQABAAACAQDF2w5DiIQ063KwwLenZJuO5Y5v19uQv2PGYU9y75x3y0cSGoHi8CPa7Cmpa/pfitEgO10qLl+WRJpN7X7Qm1WJf7AGTlZi1O+Ul5SF6Rr8AtcUPZZj0CGaJc+LCuDF1b83XUqBFsbsCeVUVUhBrYnqOP/v+T2PIPtgal1gkUUWKsb/3UhQWlkTvUE1lEXPZPg/7U6cQR/J4p2H2A+i7NzoDhPAU7esu+3DRE7sj59fuFX8ZHHA9tF3Q2adU9GkbM75r9RNs9vi76H7eYnBfg2mSmZf4eeZzvYGDsFGbSMqNO1mSD9cjtb5mWcCxveNdpPUHVCZ/RwOXAuPMDU1CcwJoeBS4Yu3k44ghFwQHL22wMwl9kkjkhA/YZkubH7uIgSrtdbde18aCYtqThl59feqjXF+UIEEVHiowL0wwvtxLhDP9FFdrTeFXCaYaUtAHo1mDTia+scUCH8bEwW8yqWf5nkztznwC9aF/2altWJ5IErZ4Bng5+rOpoRmfVVYNqQkPj4hMurBpieWQ41JUYxf6t6Oq1uxMOkj+4MtAzunVAZIvsc9ySwtNhhmvfIZWDEcA353D5hCcxPZTrV8bAInj3/xsGjmvqmgGUCaSHEjWJvHgHFcLMFkfA6x19t9CL7XWaWcwLiaCzepqPZadCUClRGmTd70qLnVwlYczLdX8Q=="
                        },
                        "meta": {
                            "schema_version": "1"
                        },
                        "tainted": false
                    },
                    "deposed": [],
                    "provider": "provider.aws.us-east-1"
                },
                "aws_key_pair.us-east-2": {
                    "type": "aws_key_pair",
                    "depends_on": [
                        "tls_private_key.provisioner"
                    ],
                    "primary": {
                        "id": "circleci-davishaba",
                        "attributes": {
                            "fingerprint": "b2:11:2a:07:4a:ce:45:94:02:22:6a:e2:ce:e0:b2:86",
                            "id": "circleci-davishaba",
                            "key_name": "circleci-davishaba",
                            "public_key": "ssh-rsa AAAAB3NzaC1yc2EAAAADAQABAAACAQDF2w5DiIQ063KwwLenZJuO5Y5v19uQv2PGYU9y75x3y0cSGoHi8CPa7Cmpa/pfitEgO10qLl+WRJpN7X7Qm1WJf7AGTlZi1O+Ul5SF6Rr8AtcUPZZj0CGaJc+LCuDF1b83XUqBFsbsCeVUVUhBrYnqOP/v+T2PIPtgal1gkUUWKsb/3UhQWlkTvUE1lEXPZPg/7U6cQR/J4p2H2A+i7NzoDhPAU7esu+3DRE7sj59fuFX8ZHHA9tF3Q2adU9GkbM75r9RNs9vi76H7eYnBfg2mSmZf4eeZzvYGDsFGbSMqNO1mSD9cjtb5mWcCxveNdpPUHVCZ/RwOXAuPMDU1CcwJoeBS4Yu3k44ghFwQHL22wMwl9kkjkhA/YZkubH7uIgSrtdbde18aCYtqThl59feqjXF+UIEEVHiowL0wwvtxLhDP9FFdrTeFXCaYaUtAHo1mDTia+scUCH8bEwW8yqWf5nkztznwC9aF/2altWJ5IErZ4Bng5+rOpoRmfVVYNqQkPj4hMurBpieWQ41JUYxf6t6Oq1uxMOkj+4MtAzunVAZIvsc9ySwtNhhmvfIZWDEcA353D5hCcxPZTrV8bAInj3/xsGjmvqmgGUCaSHEjWJvHgHFcLMFkfA6x19t9CL7XWaWcwLiaCzepqPZadCUClRGmTd70qLnVwlYczLdX8Q=="
                        },
                        "meta": {
                            "schema_version": "1"
                        },
                        "tainted": false
                    },
                    "deposed": [],
                    "provider": "provider.aws.us-east-2"
                },
                "aws_key_pair.us-west-1": {
                    "type": "aws_key_pair",
                    "depends_on": [
                        "tls_private_key.provisioner"
                    ],
                    "primary": {
                        "id": "circleci-davishaba",
                        "attributes": {
                            "fingerprint": "b2:11:2a:07:4a:ce:45:94:02:22:6a:e2:ce:e0:b2:86",
                            "id": "circleci-davishaba",
                            "key_name": "circleci-davishaba",
                            "public_key": "ssh-rsa AAAAB3NzaC1yc2EAAAADAQABAAACAQDF2w5DiIQ063KwwLenZJuO5Y5v19uQv2PGYU9y75x3y0cSGoHi8CPa7Cmpa/pfitEgO10qLl+WRJpN7X7Qm1WJf7AGTlZi1O+Ul5SF6Rr8AtcUPZZj0CGaJc+LCuDF1b83XUqBFsbsCeVUVUhBrYnqOP/v+T2PIPtgal1gkUUWKsb/3UhQWlkTvUE1lEXPZPg/7U6cQR/J4p2H2A+i7NzoDhPAU7esu+3DRE7sj59fuFX8ZHHA9tF3Q2adU9GkbM75r9RNs9vi76H7eYnBfg2mSmZf4eeZzvYGDsFGbSMqNO1mSD9cjtb5mWcCxveNdpPUHVCZ/RwOXAuPMDU1CcwJoeBS4Yu3k44ghFwQHL22wMwl9kkjkhA/YZkubH7uIgSrtdbde18aCYtqThl59feqjXF+UIEEVHiowL0wwvtxLhDP9FFdrTeFXCaYaUtAHo1mDTia+scUCH8bEwW8yqWf5nkztznwC9aF/2altWJ5IErZ4Bng5+rOpoRmfVVYNqQkPj4hMurBpieWQ41JUYxf6t6Oq1uxMOkj+4MtAzunVAZIvsc9ySwtNhhmvfIZWDEcA353D5hCcxPZTrV8bAInj3/xsGjmvqmgGUCaSHEjWJvHgHFcLMFkfA6x19t9CL7XWaWcwLiaCzepqPZadCUClRGmTd70qLnVwlYczLdX8Q=="
                        },
                        "meta": {
                            "schema_version": "1"
                        },
                        "tainted": false
                    },
                    "deposed": [],
                    "provider": "provider.aws.us-west-1"
                },
                "aws_key_pair.us-west-2": {
                    "type": "aws_key_pair",
                    "depends_on": [
                        "tls_private_key.provisioner"
                    ],
                    "primary": {
                        "id": "circleci-davishaba",
                        "attributes": {
                            "fingerprint": "b2:11:2a:07:4a:ce:45:94:02:22:6a:e2:ce:e0:b2:86",
                            "id": "circleci-davishaba",
                            "key_name": "circleci-davishaba",
                            "public_key": "ssh-rsa AAAAB3NzaC1yc2EAAAADAQABAAACAQDF2w5DiIQ063KwwLenZJuO5Y5v19uQv2PGYU9y75x3y0cSGoHi8CPa7Cmpa/pfitEgO10qLl+WRJpN7X7Qm1WJf7AGTlZi1O+Ul5SF6Rr8AtcUPZZj0CGaJc+LCuDF1b83XUqBFsbsCeVUVUhBrYnqOP/v+T2PIPtgal1gkUUWKsb/3UhQWlkTvUE1lEXPZPg/7U6cQR/J4p2H2A+i7NzoDhPAU7esu+3DRE7sj59fuFX8ZHHA9tF3Q2adU9GkbM75r9RNs9vi76H7eYnBfg2mSmZf4eeZzvYGDsFGbSMqNO1mSD9cjtb5mWcCxveNdpPUHVCZ/RwOXAuPMDU1CcwJoeBS4Yu3k44ghFwQHL22wMwl9kkjkhA/YZkubH7uIgSrtdbde18aCYtqThl59feqjXF+UIEEVHiowL0wwvtxLhDP9FFdrTeFXCaYaUtAHo1mDTia+scUCH8bEwW8yqWf5nkztznwC9aF/2altWJ5IErZ4Bng5+rOpoRmfVVYNqQkPj4hMurBpieWQ41JUYxf6t6Oq1uxMOkj+4MtAzunVAZIvsc9ySwtNhhmvfIZWDEcA353D5hCcxPZTrV8bAInj3/xsGjmvqmgGUCaSHEjWJvHgHFcLMFkfA6x19t9CL7XWaWcwLiaCzepqPZadCUClRGmTd70qLnVwlYczLdX8Q=="
                        },
                        "meta": {
                            "schema_version": "1"
                        },
                        "tainted": false
                    },
                    "deposed": [],
                    "provider": "provider.aws.us-west-2"
                },
                "tls_private_key.provisioner": {
                    "type": "tls_private_key",
                    "depends_on": [],
                    "primary": {
                        "id": "f3f631bc3daf4665385f7ad1734e41a8a7f5e0f9",
                        "attributes": {
                            "algorithm": "RSA",
                            "ecdsa_curve": "P224",
                            "id": "f3f631bc3daf4665385f7ad1734e41a8a7f5e0f9",
                            "private_key_pem": "-----BEGIN RSA PRIVATE KEY-----\nMIIJKQIBAAKCAgEAxdsOQ4iENOtysMC3p2SbjuWOb9fbkL9jxmFPcu+cd8tHEhqB\n4vAj2uwpqWv6X4rRIDtdKi5flkSaTe1+0JtViX+wBk5WYtTvlJeUheka/ALXFD2W\nY9AhmiXPiwrgxdW/N11KgRbG7AnlVFVIQa2J6jj/7/k9jyD7YGpdYJFFFirG/91I\nUFpZE71BNZRFz2T4P+1OnEEfyeKdh9gPouzc6A4TwFO3rLvtw0RO7I+fX7hV/GRx\nwPbRd0NmnVPRpGzO+a/UTbPb4u+h+3mJwX4NpkpmX+Hnmc72Bg7BRm0jKjTtZkg/\nXI7W+ZlnAsb3jXaT1B1Qmf0cDlwLjzA1NQnMCaHgUuGLt5OOIIRcEBy9tsDMJfZJ\nI5IQP2GZLmx+7iIEq7XW3XtfGgmLak4ZefX3qo1xflCBBFR4qMC9MML7cS4Qz/RR\nXa03hVwmmGlLQB6NZg04mvrHFAh/GxMFvMqln+Z5M7c58AvWhf9mpbVieSBK2eAZ\n4OfqzqaEZn1VWDakJD4+ITLqwaYnlkONSVGMX+rejqtbsTDpI/uDLQM7p1QGSL7H\nPcksLTYYZr3yGVgxHAN+dw+YQnMT2U61fGwCJ49/8bBo5r6poBlAmkhxI1ibx4Bx\nXCzBZHwOsdfbfQi+11mlnMC4mgs3qaj2WnQlApURpk3e9Ki51cJWHMy3V/ECAwEA\nAQKCAgAJH5bCynK+NfUt7VUKpPr/VdqBkcSQIiMprKcLN71RUNBQJ2TB4CznFWi+\nZTpAWZhXEiWzojvKJBOxcDgeymrhUj/9qnMVT5hUk8DHg/44jLD6P/TFWX2TLBcr\n5C6FMNwGY4jh9vjpPXOTtfMFBEmNwV8b47RQ+0ZcJct0fn5fDU3r0npZKjFdVabC\nH7owXAmOeRTc46vhlU+KSg4+hwmQscV7YuDfWDMYg/fXtK+2rDtazg7oxPjXtQXw\nT0Mlf9bzcIYrpxWGm2IuxGXzxCpA9sFNvo79aquxj9CdvL6YXaRsyPwS+oszKz2y\nxRX5MfSTHV7wGtnGV7w4uBJcBb2gxzVInCHFVbMZSh4OtoxBU8Tmd65rR+gUeIuG\nZ9haK8kAKknlem3NwtunAdLiow77qqc4zwnqyog0RibHPelzBx6Q37fBSHMqkpsd\nO+0d0XmAEU4FzLbSqcG1Fq65smlfIqq6QdT0hp/rkm8uioK89BIXdf+IXChnfdVk\npfKFFAQ0sgzBgXHERrgdMf/fFEdPS5uEJPpYysiThcOLv1w3EImFKRhRfZXD2Svq\nvqMuaHxKFKMlxIYBmpnk9Ca8mEKMb/v0Bt2AwsGVoKH3wFYZqI802IMGY1RyVlrI\nsXDi+mwGbJmbZ+JTdwWMvgWmBAP7kCVmEnyXoOlPVSudZtyyWQKCAQEA+f5X0+Gt\nmgI5puciJs5pFqZVWHgLYMzaor5mCGJQRmvDUJHULPbIHD/14zbnsi9qg3eVvnTv\n7QtKC403zhcXdXbaemqusB25d8m3Ftj8iTiSxbhs6vQ1R+fLkWl5vtcIu7fk2PSK\nGWE5FOy1J7UU9Uz6I1pV3LHxigB5bLYkS8YixT+cv6p31iiY+O4ZoQAImQfMCtha\n+NRlo542ewxNYxN7JY4xPKbsdHdc41NK1e50p2pHDyp4XLuVx59TDMLaOPyAYX0d\nIgziD20oDWMtiK01ZmMQuwJRjNN1XEWB6X9/xP3PktS7rOvzhob32G+K+WZPa6m0\nfWFcsGpbqqsV+wKCAQEAypwGHY7OjT9oXx8hahPo2uwwzNdzfAiSRIfakqOleGKG\n3hBde4kAt3evl0iGlEp51+u48LGfH9iMFVTJ97ayHMP6Bs8MflVY305+HulkEA1d\n+DPYcK5/JeAXZNL0KuP58CVcCTO/cE14Fs02uJpKr4/1E7+DRstyA9+2kPJNn994\nYwP6A34m3rPxFVUOeEQz1RLtR7FwjbGavEW+4lJi22HNNSMkyOYKzNS4UGBet5Hl\ndbowXk8c4l/Bk0+z4GvNNUXw0L1loShQvcntCZhhVzqF7Va7Z1c+v1vYrD8H4y+u\n81xoPtrxvOr9f5XXXrdd2D3fcwJp48TiPeQU9SRiAwKCAQBVdA2Njb0Lwer3FFbm\nMPRXG7Bct1wcUKoDq1WxU/nguIFhDxgZ7plknrBsZJ46mF6uZbg4DDzfKFa9MB59\nQgNw0ZnI8qKX7PEy8y60jqN0PHRfRbVlcuirlZ5OLGHDTDneAPQm/SAfoM4kSu15\njzqExzVR1FU5RVItPBBFitVJWYcVKbNpCNpByErR/IGiOSK3PKUQp/ggymmbzj8N\nPJ1PWp9jrQFDnEODZDHKOvR/wCz79SYpFvlhqXV/cQSwfgKeLCGuMVg+BW1YnJVu\nThKIf7ybLQ3Q/u/lVXrueYv4xu5j5eaIaFNmvpjVyVj7ENXOfpxzTuU1XoySeSiw\nZB71AoIBAQDDEO6OXKSetxKMqlMoZxzEUaw2O6STIUl5s3aLwgSY3/tLJ2RpgKDx\nAslKlOgFM6MVcHyxN8GlDn7oNqbw2LOpIEHDdmpn41HaRR8GMdxF3CjBw2C6NDZ0\nR8keKEAuXymOvNlcfrbsr5lUEqWBnAMV/jqNldAVQ+B0vFlwOejkaGnmorh9zmIr\n/gC5chepULi6hytt3/cmZH0+kMPT8E//Oa0xYLGUvm5dgNwnfnESueO6sdTJp89+\nX4TmiFD9W6zJgpn0zrRfMYpy/0s49r2ZFt5EgEGToBrob8wvIcw9PfZplWlEQtWE\n9pWz1ZbyOQagIAnXF9bNFQxhXAuVbT7zAoIBAQDMnKDqFMt5yp9Tysi9HX0+VCIq\nomGsF4HIIZGuvjQkikD06BFcptehol98JUbbOcCzE31OgJkCEQ4diRu4YZa7whQs\nur0OFl+TOLdYMrOu8LsZ2NqFaAW08dPqg9tqndwMrod/RlKU9MJugEsCEn6plwIz\n0tYJb+W26mGPTS/Sat3evAOfAJ0OWDFDOeNpFMKvNOzv3H2uMq1GcPcjHOMxXv8+\nZP2oaIS8LZxz3FDC32Tzo3Oy4/0Y+BgH9ehJNx+bkjX7FTF9K45fHbgQ59iaToK1\nVTUmspZMTpLNJdCe6gsJx0B3WWsIDbDwvVZ+2ANQlo68Rh0I8f4UVAG/C9Xq\n-----END RSA PRIVATE KEY-----\n",
                            "public_key_fingerprint_md5": "2d:c0:fe:b8:47:03:db:0f:aa:bc:2e:f5:78:65:a6:c5",
                            "public_key_openssh": "ssh-rsa AAAAB3NzaC1yc2EAAAADAQABAAACAQDF2w5DiIQ063KwwLenZJuO5Y5v19uQv2PGYU9y75x3y0cSGoHi8CPa7Cmpa/pfitEgO10qLl+WRJpN7X7Qm1WJf7AGTlZi1O+Ul5SF6Rr8AtcUPZZj0CGaJc+LCuDF1b83XUqBFsbsCeVUVUhBrYnqOP/v+T2PIPtgal1gkUUWKsb/3UhQWlkTvUE1lEXPZPg/7U6cQR/J4p2H2A+i7NzoDhPAU7esu+3DRE7sj59fuFX8ZHHA9tF3Q2adU9GkbM75r9RNs9vi76H7eYnBfg2mSmZf4eeZzvYGDsFGbSMqNO1mSD9cjtb5mWcCxveNdpPUHVCZ/RwOXAuPMDU1CcwJoeBS4Yu3k44ghFwQHL22wMwl9kkjkhA/YZkubH7uIgSrtdbde18aCYtqThl59feqjXF+UIEEVHiowL0wwvtxLhDP9FFdrTeFXCaYaUtAHo1mDTia+scUCH8bEwW8yqWf5nkztznwC9aF/2altWJ5IErZ4Bng5+rOpoRmfVVYNqQkPj4hMurBpieWQ41JUYxf6t6Oq1uxMOkj+4MtAzunVAZIvsc9ySwtNhhmvfIZWDEcA353D5hCcxPZTrV8bAInj3/xsGjmvqmgGUCaSHEjWJvHgHFcLMFkfA6x19t9CL7XWaWcwLiaCzepqPZadCUClRGmTd70qLnVwlYczLdX8Q==\n",
                            "public_key_pem": "-----BEGIN PUBLIC KEY-----\nMIICIjANBgkqhkiG9w0BAQEFAAOCAg8AMIICCgKCAgEAxdsOQ4iENOtysMC3p2Sb\njuWOb9fbkL9jxmFPcu+cd8tHEhqB4vAj2uwpqWv6X4rRIDtdKi5flkSaTe1+0JtV\niX+wBk5WYtTvlJeUheka/ALXFD2WY9AhmiXPiwrgxdW/N11KgRbG7AnlVFVIQa2J\n6jj/7/k9jyD7YGpdYJFFFirG/91IUFpZE71BNZRFz2T4P+1OnEEfyeKdh9gPouzc\n6A4TwFO3rLvtw0RO7I+fX7hV/GRxwPbRd0NmnVPRpGzO+a/UTbPb4u+h+3mJwX4N\npkpmX+Hnmc72Bg7BRm0jKjTtZkg/XI7W+ZlnAsb3jXaT1B1Qmf0cDlwLjzA1NQnM\nCaHgUuGLt5OOIIRcEBy9tsDMJfZJI5IQP2GZLmx+7iIEq7XW3XtfGgmLak4ZefX3\nqo1xflCBBFR4qMC9MML7cS4Qz/RRXa03hVwmmGlLQB6NZg04mvrHFAh/GxMFvMql\nn+Z5M7c58AvWhf9mpbVieSBK2eAZ4OfqzqaEZn1VWDakJD4+ITLqwaYnlkONSVGM\nX+rejqtbsTDpI/uDLQM7p1QGSL7HPcksLTYYZr3yGVgxHAN+dw+YQnMT2U61fGwC\nJ49/8bBo5r6poBlAmkhxI1ibx4BxXCzBZHwOsdfbfQi+11mlnMC4mgs3qaj2WnQl\nApURpk3e9Ki51cJWHMy3V/ECAwEAAQ==\n-----END PUBLIC KEY-----\n",
                            "rsa_bits": "4096"
                        },
                        "meta": {},
                        "tainted": false
                    },
                    "deposed": [],
                    "provider": "provider.tls"
                }
            },
            "depends_on": []
        },
        {
            "path": [
                "root",
                "masternode0"
            ],
            "outputs": {
                "public_ip": {
                    "sensitive": false,
                    "type": "string",
                    "value": "54.183.176.107"
                }
            },
            "resources": {
                "aws_instance.cilantro_ee-node": {
                    "type": "aws_instance",
                    "depends_on": [
                        "aws_security_group.cilantro_ee_firewall",
                        "data.aws_region.current",
                        "local.amis",
                        "local.nodename",
                        "local.prefix"
                    ],
                    "primary": {
                        "id": "i-066906180f098aa7d",
                        "attributes": {
                            "ami": "ami-0bf3d63a666665438",
                            "arn": "arn:aws:ec2:us-west-1:622633509017:instance/i-066906180f098aa7d",
                            "associate_public_ip_address": "true",
                            "availability_zone": "us-west-1a",
                            "cpu_core_count": "2",
                            "cpu_threads_per_core": "1",
                            "credit_specification.#": "1",
                            "credit_specification.0.cpu_credits": "standard",
                            "disable_api_termination": "false",
                            "ebs_block_device.#": "0",
                            "ebs_optimized": "false",
                            "ephemeral_block_device.#": "0",
                            "get_password_data": "false",
                            "iam_instance_profile": "",
                            "id": "i-066906180f098aa7d",
                            "instance_state": "running",
                            "instance_type": "t2.large",
                            "ipv6_addresses.#": "0",
                            "key_name": "circleci-davishaba",
                            "monitoring": "false",
                            "network_interface.#": "0",
                            "network_interface_id": "eni-04bbf28d1e2a00b4d",
                            "password_data": "",
                            "placement_group": "",
                            "primary_network_interface_id": "eni-04bbf28d1e2a00b4d",
                            "private_dns": "ip-172-31-18-216.us-west-1.compute.internal",
                            "private_ip": "172.31.18.216",
                            "public_dns": "ec2-54-183-176-107.us-west-1.compute.amazonaws.com",
                            "public_ip": "54.183.176.107",
                            "root_block_device.#": "1",
                            "root_block_device.0.delete_on_termination": "true",
                            "root_block_device.0.iops": "100",
                            "root_block_device.0.volume_id": "vol-015120d6fb083a379",
                            "root_block_device.0.volume_size": "8",
                            "root_block_device.0.volume_type": "gp2",
                            "security_groups.#": "1",
                            "security_groups.1039615301": "firewall-circleci-davishaba-masternode0",
                            "source_dest_check": "true",
                            "subnet_id": "subnet-50f6dd37",
                            "tags.%": "1",
                            "tags.Name": "circleci-davishaba--masternode0",
                            "tenancy": "default",
                            "volume_tags.%": "0",
                            "vpc_security_group_ids.#": "1",
                            "vpc_security_group_ids.2397702110": "sg-06a2eab526e155a2e"
                        },
                        "meta": {
                            "e2bfb730-ecaa-11e6-8f88-34363bc7c4c0": {
                                "create": 600000000000,
                                "delete": 1200000000000,
                                "update": 600000000000
                            },
                            "schema_version": "1"
                        },
                        "tainted": false
                    },
                    "deposed": [],
                    "provider": "provider.aws.us-west-1"
                },
                "aws_security_group.cilantro_ee_firewall": {
                    "type": "aws_security_group",
                    "depends_on": [
                        "local.nodename",
                        "local.prefix"
                    ],
                    "primary": {
                        "id": "sg-06a2eab526e155a2e",
                        "attributes": {
                            "arn": "arn:aws:ec2:us-west-1:622633509017:security-group/sg-06a2eab526e155a2e",
                            "description": "Allow specific ports necessary for cilantro_ee to work",
                            "egress.#": "1",
                            "egress.424890679.cidr_blocks.#": "1",
                            "egress.424890679.cidr_blocks.0": "0.0.0.0/0",
                            "egress.424890679.description": "Open up all ports for outbound traffic",
                            "egress.424890679.from_port": "0",
                            "egress.424890679.ipv6_cidr_blocks.#": "0",
                            "egress.424890679.prefix_list_ids.#": "0",
                            "egress.424890679.protocol": "-1",
                            "egress.424890679.security_groups.#": "0",
                            "egress.424890679.self": "false",
                            "egress.424890679.to_port": "0",
                            "id": "sg-06a2eab526e155a2e",
                            "ingress.#": "5",
                            "ingress.13262502.cidr_blocks.#": "1",
                            "ingress.13262502.cidr_blocks.0": "0.0.0.0/0",
                            "ingress.13262502.description": "Port for Webserver if SSL is not enabled",
                            "ingress.13262502.from_port": "8080",
                            "ingress.13262502.ipv6_cidr_blocks.#": "0",
                            "ingress.13262502.prefix_list_ids.#": "0",
                            "ingress.13262502.protocol": "tcp",
                            "ingress.13262502.security_groups.#": "0",
                            "ingress.13262502.self": "false",
                            "ingress.13262502.to_port": "8080",
                            "ingress.2910436239.cidr_blocks.#": "1",
                            "ingress.2910436239.cidr_blocks.0": "0.0.0.0/0",
                            "ingress.2910436239.description": "Allow HTTP traffic through for cert validation",
                            "ingress.2910436239.from_port": "80",
                            "ingress.2910436239.ipv6_cidr_blocks.#": "0",
                            "ingress.2910436239.prefix_list_ids.#": "0",
                            "ingress.2910436239.protocol": "tcp",
                            "ingress.2910436239.security_groups.#": "0",
                            "ingress.2910436239.self": "false",
                            "ingress.2910436239.to_port": "80",
                            "ingress.3615083869.cidr_blocks.#": "1",
                            "ingress.3615083869.cidr_blocks.0": "0.0.0.0/0",
                            "ingress.3615083869.description": "Allow HTTPS traffic through",
                            "ingress.3615083869.from_port": "443",
                            "ingress.3615083869.ipv6_cidr_blocks.#": "0",
                            "ingress.3615083869.prefix_list_ids.#": "0",
                            "ingress.3615083869.protocol": "tcp",
                            "ingress.3615083869.security_groups.#": "0",
                            "ingress.3615083869.self": "false",
                            "ingress.3615083869.to_port": "443",
                            "ingress.369391072.cidr_blocks.#": "1",
                            "ingress.369391072.cidr_blocks.0": "0.0.0.0/0",
                            "ingress.369391072.description": "Allow SSH connections to instance",
                            "ingress.369391072.from_port": "22",
                            "ingress.369391072.ipv6_cidr_blocks.#": "0",
                            "ingress.369391072.prefix_list_ids.#": "0",
                            "ingress.369391072.protocol": "tcp",
                            "ingress.369391072.security_groups.#": "0",
                            "ingress.369391072.self": "false",
                            "ingress.369391072.to_port": "22",
                            "ingress.878646348.cidr_blocks.#": "1",
                            "ingress.878646348.cidr_blocks.0": "0.0.0.0/0",
                            "ingress.878646348.description": "Open up range of ports for inter-node communications to connect",
                            "ingress.878646348.from_port": "10000",
                            "ingress.878646348.ipv6_cidr_blocks.#": "0",
                            "ingress.878646348.prefix_list_ids.#": "0",
                            "ingress.878646348.protocol": "tcp",
                            "ingress.878646348.security_groups.#": "0",
                            "ingress.878646348.self": "false",
                            "ingress.878646348.to_port": "10100",
                            "name": "firewall-circleci-davishaba-masternode0",
                            "owner_id": "622633509017",
                            "revoke_rules_on_delete": "false",
                            "tags.%": "0",
                            "vpc_id": "vpc-4f9af028"
                        },
                        "meta": {
                            "e2bfb730-ecaa-11e6-8f88-34363bc7c4c0": {
                                "create": 600000000000,
                                "delete": 600000000000
                            },
                            "schema_version": "1"
                        },
                        "tainted": false
                    },
                    "deposed": [],
                    "provider": "provider.aws.us-west-1"
                },
                "data.aws_caller_identity.current": {
                    "type": "aws_caller_identity",
                    "depends_on": [],
                    "primary": {
                        "id": "2019-02-20 02:20:27.187283 +0000 UTC",
                        "attributes": {
                            "account_id": "622633509017",
                            "arn": "arn:aws:iam::622633509017:user/davis",
                            "id": "2019-02-20 02:20:27.187283 +0000 UTC",
                            "user_id": "AIDAIJ7IYIO2STREL422U"
                        },
                        "meta": {},
                        "tainted": false
                    },
                    "deposed": [],
                    "provider": "provider.aws.us-west-1"
                },
                "data.aws_region.current": {
                    "type": "aws_region",
                    "depends_on": [],
                    "primary": {
                        "id": "us-west-1",
                        "attributes": {
                            "current": "true",
                            "description": "US West (N. California)",
                            "endpoint": "ec2.us-west-1.amazonaws.com",
                            "id": "us-west-1",
                            "name": "us-west-1"
                        },
                        "meta": {},
                        "tainted": false
                    },
                    "deposed": [],
                    "provider": "provider.aws.us-west-1"
                },
                "null_resource.aggregate-ips": {
                    "type": "null_resource",
                    "depends_on": [
                        "aws_eip.static-ip",
                        "aws_instance.cilantro_ee-node"
                    ],
                    "primary": {
                        "id": "6793936055198939253",
                        "attributes": {
                            "id": "6793936055198939253",
                            "triggers.%": "1",
                            "triggers.always_run": "94ec9e1c-3dae-1c5a-5477-698acfb44e50"
                        },
                        "meta": {},
                        "tainted": false
                    },
                    "deposed": [],
                    "provider": "provider.null"
                },
                "null_resource.cilantro_ee-conf": {
                    "type": "null_resource",
                    "depends_on": [
                        "aws_eip.static-ip",
                        "aws_instance.cilantro_ee-node",
                        "null_resource.aggregate-ips"
                    ],
                    "primary": {
                        "id": "8112888808076257726",
                        "attributes": {
                            "id": "8112888808076257726",
                            "triggers.%": "1",
                            "triggers.always_run": "c8d4b8c1-7d02-913c-802a-e172899bed68"
                        },
                        "meta": {},
                        "tainted": false
                    },
                    "deposed": [],
                    "provider": "provider.null"
                },
                "null_resource.circus-conf": {
                    "type": "null_resource",
                    "depends_on": [
                        "aws_eip.static-ip",
                        "aws_instance.cilantro_ee-node"
                    ],
                    "primary": {
                        "id": "9056085372758118682",
                        "attributes": {
                            "id": "9056085372758118682",
                            "triggers.%": "1",
                            "triggers.conf": "[circus]\nstatsd = True\n\n#[plugin:redis-observer]\n#use = circus.plugins.redis_observer.RedisObserver\n\n[watcher:redis]\ncmd = python3 /app/scripts/start_redis.py\ncopy_env = True\nvirtualenv = /app/venv\n\n[watcher:mongo]\ncmd = python3 /app/scripts/start_mongo.py\ncopy_env = True\nvirtualenv = /app/venv\n\n[watcher:mongo_create_user]\ncmd = python3 /app/scripts/create_user.py\ncopy_env = True\nvirtualenv = /app/venv\nwarmup_delay = 5\nrespawn = False\n\n[watcher:bootstrap]\ncmd = python3 /app/scripts/bootstrap.py\ncopy_env = True\nvirtualenv = /app/venv\n\n"
                        },
                        "meta": {},
                        "tainted": false
                    },
                    "deposed": [],
                    "provider": "provider.null"
                },
                "null_resource.docker": {
                    "type": "null_resource",
                    "depends_on": [
                        "aws_eip.static-ip",
                        "aws_instance.cilantro_ee-node",
                        "local.images",
                        "null_resource.aggregate-ips",
                        "null_resource.cilantro_ee-conf",
                        "null_resource.circus-conf"
                    ],
                    "primary": {
                        "id": "6984095873975150678",
                        "attributes": {
                            "id": "6984095873975150678",
                            "triggers.%": "4",
                            "triggers.cilantro_ee": "[DEFAULT]\nip = 54.183.176.107\nboot_ips = 13.57.233.138,13.57.238.41,18.144.44.75,54.183.176.107,54.219.129.59,54.219.163.52\nnode_type = masternode\nsk = ff0f0ee96fdb895c82683564f8e811c24315f95ddacc17bc61e992627fb4c3c2\nvk = 901f798472c1f81ff161c4e9097b01bddc27d6dc87a4c9d8ef9eedd9e304a9dc\nreset_db = True\nconstitution_file = circleci.json\nssl_enabled = False\nnonce_enabled = False\nlog_lvl = 11\n\n",
                            "triggers.circus": "[circus]\nstatsd = True\n\n#[plugin:redis-observer]\n#use = circus.plugins.redis_observer.RedisObserver\n\n[watcher:redis]\ncmd = python3 /app/scripts/start_redis.py\ncopy_env = True\nvirtualenv = /app/venv\n\n[watcher:mongo]\ncmd = python3 /app/scripts/start_mongo.py\ncopy_env = True\nvirtualenv = /app/venv\n\n[watcher:mongo_create_user]\ncmd = python3 /app/scripts/create_user.py\ncopy_env = True\nvirtualenv = /app/venv\nwarmup_delay = 5\nrespawn = False\n\n[watcher:bootstrap]\ncmd = python3 /app/scripts/bootstrap.py\ncopy_env = True\nvirtualenv = /app/venv\n\n",
                            "triggers.image": "masternode",
                            "triggers.tag": "devops-repaired-4a3c0736-3664afc4"
                        },
                        "meta": {},
                        "tainted": false
                    },
                    "deposed": [],
                    "provider": "provider.null"
                },
                "null_resource.redis-conf": {
                    "type": "null_resource",
                    "depends_on": [
                        "aws_instance.cilantro_ee-node"
                    ],
                    "primary": {
                        "id": "2101474853622443677",
                        "attributes": {
                            "id": "2101474853622443677",
                            "triggers.%": "1",
                            "triggers.conf": "dbfilename dump.rdb\ndir /var/db/cilantro_ee/redis\n\n# Save every 60 seconds if at least 1000 keys change\nsave 60 100\n"
                        },
                        "meta": {},
                        "tainted": false
                    },
                    "deposed": [],
                    "provider": "provider.null"
                },
                "null_resource.ssh-keys": {
                    "type": "null_resource",
                    "depends_on": [
                        "aws_eip.static-ip",
                        "aws_instance.cilantro_ee-node"
                    ],
                    "primary": {
                        "id": "9007283135530938243",
                        "attributes": {
                            "id": "9007283135530938243",
                            "triggers.%": "1",
                            "triggers.conf": "ssh-rsa AAAAB3NzaC1yc2EAAAADAQABAAACAQDs1KaHzejTs2CaCjJKngsUgeAJDo4gZxyYkrCAPWcuVtNzSIwJvZsp2/rh5COceIwv8I1Yje5MzzPv3Gq9rS48wQ6wM8W9F++eN345dnZG6IjEkuKpbu4Nm2zfAgWYWhWgDiAszpHW/9bSvvPyQEwz08UeXBPJT0IpIFUXhF4Ym78tBqjsnY7w/HVXklJccdX/Cg0H1lJo7QFIrFfkEdBfoBQPMuQrEG/zODH+h29cfvqnRSz5FxqohSYcxvXBxu+44skgkCX8Ltr1+LplY8Y7y2scZPFNTT0gusZPamlft7IFtI5Q5OA7Djrpg6agB01joKtcSBo3QQe9A3LtPuU7yfRpRC8nwEFRJHiwit0f1eUckYiVkIfOAeFjjtHP1r4FAi1PJCS3g2kSeTF9L2jjGrC/pjLCgLY72BbuV8N7GUKQ11B9APQDPdUCfcpIefcch50BxIRVOd23GWGPFMvgRnUZNPyGdV3mjC8YTUu6STZGFAkzEhvxWZfyvi2wZx7XSJynFchGU/CcA9KESAOE0fgAyU5U/2yugH4Qhizar6mDBDdEy3500SHy5mrzu4A3K3QuMMSKSAJs0g7KI+/VWBiVLMwAN1sAdblxXm2mDWbyiFp+e+fPFwrCYPJlRi4gNGnn9xfpBKNkkQ5RT9RQurr2SkMoV1HyQeqcWTi29Q== davishaba@Daviss-MacBook-Pro.local\nssh-rsa AAAAB3NzaC1yc2EAAAADAQABAAABAQDSkorKqV1g75XKjAdgAyyJkTcTZ8kpAM/Ie1u53y26Ez0qMaCz7ocYaEqU3B7rq2XQZySfKEYjnue8OnDO3jfV4+Th5TQP3CHftle5AePmql2n4vH5FKLQ4EK5xZZ56XVQucplv3mUkNqlwBndyFORewmu/l1UpaduzvnVdCABoZJY5pKAD0jXAWk6Ml15f/NKyX5V/cr1j1GA0nuIPABjQvi1cbnjUMhdXm9PpcCl2UrErF2wqi3Ec19fIVERyijZwe1gKALYQ9mkmJzcGZKaw1QuNfss8PWPOvTEp6/kf8yj8DEYPe6uiLCFX9rqHFPj4MzHKZnCKKTXDvNNsuBz cmcgrath@Colins-MacBook-Pro.local\nssh-rsa AAAAB3NzaC1yc2EAAAADAQABAAACAQCxuxBdvWKF0RskDbr7sIK5lBBGd3O3zAgfvkZMUq/OLdVF1clrHvvck+H3IJGF+Rx47e/kG9zHxQuTl0d5hW4mhm21TgCHB//8WbN2IFo445yUjiX5ZZDM+9UGI4hZKMvdq1lHSDrCrmDqZLIKaFyAcEyUCYK7OStO9lCOdITIGyIX/X6y52zG+3lcOJmyW3owzYUUHanVgFn6IjHdFV19WeQOqC56dB8ISLXzQDY4IvORqLb+vEkPl6Wc0yNN3Udr4xW7pxisELKxl0Bc748GPlZrKUkEBuds9/P41IT0Yfl7NwaBrZen6DBC7ZCkA8oviIhgGIxeyfeOLkSj6GBAqJehE1tKxn6su8msstLyS+4lW7PljqFA5vufB8OgltxWi/Kiqzl/l3136HORhQyrUSe057pLH+/nMb1KavHBOexBQ8Ph0e2EokjXnDWCrouMaKLfXprHxBPaPOfzsz/u4ng1WJD0bhGGQjpS3e4WIhEbluSaPLhX3/3teyElHF6kxnVhOuSsqtjrRAkQz8PWY7UNOr8QspLeuNeNCJUvU5hwgywW7uHSph4hPeyN0rmRvy4Z6xAfzQu84eAP/szxe3LgLidSvHW8kvrAhLqF1ceg3rbBOEh9Qi8eJ+gBoL4o8XRZuKechY1hrSBvM0yQeOzMMWvhFme8zAL7HJxfDQ== lamden@lamdens-MBP\nssh-rsa AAAAB3NzaC1yc2EAAAADAQABAAACAQC5yg8vl4uclEOLk+8N0PY9orjMfRBoqVvtm1sDfCUFpjNNCDavoeO3+aGQjRR79PNsXYYqv76o4y0B7WjXZiIo285xDuXFT45A98OK/4j1SkmT313XkmP6HTGRBi51xBxrqinrMkgmh5u/Q6Idhl22CehaT2vlFEjoM1n/mbGjzTMVoaoS7WCdeVW47cSMj8T1sw6iM5ZhGkWvapj7DD1HvKCCKY3H4uwR4BdEZQ4Tda4lFt1JpluELv/onEFpjUlMoE/1RZ3cxuu6VfhX/lWsxa2sutmJKaS0fMpec+wSyoImsiT/Mu11IHlLCQrtvCMdRCc22cgNj3A2yN/TZWVAym0pE/lYcdI1f6RJGJ2zxD6Mx57RSb4kg41MpLEu22a/ZBhexxg0iR1nSpL+QwjzY5d5Y332cv2DQXxCVgMHgDNIgSJSW+R/3u8QWvB49OmgIv0py3mk3MCp1dwr8xwPtNUPGRlcP+trEcvpPFieK+9Z6UsJoZ8pHavgV/MOqI72ePvOqkfBmHFDhae/gOPy+DCmEkPl3nTW94+OSrRykkxKwYxZh0Rmk+jpKDWElRRCHpNRYtea64oDlc2hQowpTi1U3C7duPsUgZVyCAErfkvmqz4PuHMnpTPg4GAVmxl4CHujgvvdC9KdP9SH6xyryLW1HQ1HpL9BqEROKRfNFw== wywfalcon@gmail.com\nssh-rsa AAAAB3NzaC1yc2EAAAADAQABAAACAQC6s8mIerDqVezMx227qZgb1nHoO/nMjuqg4pTjUvb92BD/NYwB/PbKjnStqzX5qyarRpj5pdExaA0cHUGnsVvthP5LRn016H3ZUd1OeXTHB2BqpV1/ZAD8chncjqn+pL+Ix2vcNiE1yqP/quwlIrfniQd7U9X1nNGIsJAvZ983wYnqyl9IhATToT3m55h+VzpS7a9Ogmpw70pA6VqFr0PHmjyIPaLOSswXtmzsAhi1KvgXFQ64stXDdxXX880pCtuzdE0TtEBFHNQtde/Lv1i4EBvSEUzVritEV0HjMBQS/JN80eJ5o2eozlInEGf1VfrHWu+IKFNWC6qqbm8bf1Sl+gP62Li/d20ORvUeAoJb+QRaht6ap1EabbkBqxPL41rOd2oNfkQRbjX6C0GIM/1r7muXJfLp5wafelTGzkX7mr92S5Vlh7uGE9ui3+MVrtwP42aqKMNvBkxEk/8j2mRR6Efrr8wcq1/1uevUhf68jLxQWkg9iH5si876jNSG5GtwsBmm1fz9xW48fSapzQt14aNSRysnuMG/57LsDcnRKOIpy3Sr7kuEFBoC2n8tdrVw/edxm4DLgiqqP3TKZbbxYPMBlpeqxCNx6M8LVVkwkBdwm1R6OOle2Asof9dJf90WXb8oBlRXYg+5JJYdjLWEWb0pmqdPjV+lV4pLMWm9Dw== tejas@lamden.io\nssh-rsa AAAAB3NzaC1yc2EAAAADAQABAAABAQCu1kNmPJSNGB1C0pit7L0+22rbhQFrZgGGliRU5R+R/aVcmyS8jPN7LpzAW+SRT+TWHfWIEstQHqn/WHcfzOjm4ljc7VPx+dXNvl8iWzaciRB1HBuzHoFubxSUK9oD5sEQCXpSkyX9vc7HFjuvutiVAPpCSzhAiHG03QrEox2cEyvhgyhnWoHDo6jdfftwi0jyKESbLIXLJWcyBhEWH2mZqwNOhlWUdhB7gKeD4i2WCBfdkF2+8NVZckhgvpAiFCFEJnE6rqqx6RbcLtUETM2hPirmSrjowCWhYk2Hk9q6XCCXNRKsvK9cCwgg1Tm3eVPLedUDB4Wj9w2iJj4S3dx7 stu@Stuarts-MBP-2\n"
                        },
                        "meta": {},
                        "tainted": false
                    },
                    "deposed": [],
                    "provider": "provider.null"
                }
            },
            "depends_on": []
        },
        {
            "path": [
                "root",
                "masternode1"
            ],
            "outputs": {
                "public_ip": {
                    "sensitive": false,
                    "type": "string",
                    "value": "13.57.233.138"
                }
            },
            "resources": {
                "aws_instance.cilantro_ee-node": {
                    "type": "aws_instance",
                    "depends_on": [
                        "aws_security_group.cilantro_ee_firewall",
                        "data.aws_region.current",
                        "local.amis",
                        "local.nodename",
                        "local.prefix"
                    ],
                    "primary": {
                        "id": "i-060c0637fde0329a4",
                        "attributes": {
                            "ami": "ami-0bf3d63a666665438",
                            "arn": "arn:aws:ec2:us-west-1:622633509017:instance/i-060c0637fde0329a4",
                            "associate_public_ip_address": "true",
                            "availability_zone": "us-west-1a",
                            "cpu_core_count": "2",
                            "cpu_threads_per_core": "1",
                            "credit_specification.#": "1",
                            "credit_specification.0.cpu_credits": "standard",
                            "disable_api_termination": "false",
                            "ebs_block_device.#": "0",
                            "ebs_optimized": "false",
                            "ephemeral_block_device.#": "0",
                            "get_password_data": "false",
                            "iam_instance_profile": "",
                            "id": "i-060c0637fde0329a4",
                            "instance_state": "running",
                            "instance_type": "t2.large",
                            "ipv6_addresses.#": "0",
                            "key_name": "circleci-davishaba",
                            "monitoring": "false",
                            "network_interface.#": "0",
                            "network_interface_id": "eni-051749f162ea0a844",
                            "password_data": "",
                            "placement_group": "",
                            "primary_network_interface_id": "eni-051749f162ea0a844",
                            "private_dns": "ip-172-31-21-227.us-west-1.compute.internal",
                            "private_ip": "172.31.21.227",
                            "public_dns": "ec2-13-57-233-138.us-west-1.compute.amazonaws.com",
                            "public_ip": "13.57.233.138",
                            "root_block_device.#": "1",
                            "root_block_device.0.delete_on_termination": "true",
                            "root_block_device.0.iops": "100",
                            "root_block_device.0.volume_id": "vol-0faf325f4a8d77d09",
                            "root_block_device.0.volume_size": "8",
                            "root_block_device.0.volume_type": "gp2",
                            "security_groups.#": "1",
                            "security_groups.1257272787": "firewall-circleci-davishaba-masternode1",
                            "source_dest_check": "true",
                            "subnet_id": "subnet-50f6dd37",
                            "tags.%": "1",
                            "tags.Name": "circleci-davishaba--masternode1",
                            "tenancy": "default",
                            "volume_tags.%": "0",
                            "vpc_security_group_ids.#": "1",
                            "vpc_security_group_ids.3251734736": "sg-01c7024996355ae4a"
                        },
                        "meta": {
                            "e2bfb730-ecaa-11e6-8f88-34363bc7c4c0": {
                                "create": 600000000000,
                                "delete": 1200000000000,
                                "update": 600000000000
                            },
                            "schema_version": "1"
                        },
                        "tainted": false
                    },
                    "deposed": [],
                    "provider": "provider.aws.us-west-1"
                },
                "aws_security_group.cilantro_ee_firewall": {
                    "type": "aws_security_group",
                    "depends_on": [
                        "local.nodename",
                        "local.prefix"
                    ],
                    "primary": {
                        "id": "sg-01c7024996355ae4a",
                        "attributes": {
                            "arn": "arn:aws:ec2:us-west-1:622633509017:security-group/sg-01c7024996355ae4a",
                            "description": "Allow specific ports necessary for cilantro_ee to work",
                            "egress.#": "1",
                            "egress.424890679.cidr_blocks.#": "1",
                            "egress.424890679.cidr_blocks.0": "0.0.0.0/0",
                            "egress.424890679.description": "Open up all ports for outbound traffic",
                            "egress.424890679.from_port": "0",
                            "egress.424890679.ipv6_cidr_blocks.#": "0",
                            "egress.424890679.prefix_list_ids.#": "0",
                            "egress.424890679.protocol": "-1",
                            "egress.424890679.security_groups.#": "0",
                            "egress.424890679.self": "false",
                            "egress.424890679.to_port": "0",
                            "id": "sg-01c7024996355ae4a",
                            "ingress.#": "5",
                            "ingress.13262502.cidr_blocks.#": "1",
                            "ingress.13262502.cidr_blocks.0": "0.0.0.0/0",
                            "ingress.13262502.description": "Port for Webserver if SSL is not enabled",
                            "ingress.13262502.from_port": "8080",
                            "ingress.13262502.ipv6_cidr_blocks.#": "0",
                            "ingress.13262502.prefix_list_ids.#": "0",
                            "ingress.13262502.protocol": "tcp",
                            "ingress.13262502.security_groups.#": "0",
                            "ingress.13262502.self": "false",
                            "ingress.13262502.to_port": "8080",
                            "ingress.2910436239.cidr_blocks.#": "1",
                            "ingress.2910436239.cidr_blocks.0": "0.0.0.0/0",
                            "ingress.2910436239.description": "Allow HTTP traffic through for cert validation",
                            "ingress.2910436239.from_port": "80",
                            "ingress.2910436239.ipv6_cidr_blocks.#": "0",
                            "ingress.2910436239.prefix_list_ids.#": "0",
                            "ingress.2910436239.protocol": "tcp",
                            "ingress.2910436239.security_groups.#": "0",
                            "ingress.2910436239.self": "false",
                            "ingress.2910436239.to_port": "80",
                            "ingress.3615083869.cidr_blocks.#": "1",
                            "ingress.3615083869.cidr_blocks.0": "0.0.0.0/0",
                            "ingress.3615083869.description": "Allow HTTPS traffic through",
                            "ingress.3615083869.from_port": "443",
                            "ingress.3615083869.ipv6_cidr_blocks.#": "0",
                            "ingress.3615083869.prefix_list_ids.#": "0",
                            "ingress.3615083869.protocol": "tcp",
                            "ingress.3615083869.security_groups.#": "0",
                            "ingress.3615083869.self": "false",
                            "ingress.3615083869.to_port": "443",
                            "ingress.369391072.cidr_blocks.#": "1",
                            "ingress.369391072.cidr_blocks.0": "0.0.0.0/0",
                            "ingress.369391072.description": "Allow SSH connections to instance",
                            "ingress.369391072.from_port": "22",
                            "ingress.369391072.ipv6_cidr_blocks.#": "0",
                            "ingress.369391072.prefix_list_ids.#": "0",
                            "ingress.369391072.protocol": "tcp",
                            "ingress.369391072.security_groups.#": "0",
                            "ingress.369391072.self": "false",
                            "ingress.369391072.to_port": "22",
                            "ingress.878646348.cidr_blocks.#": "1",
                            "ingress.878646348.cidr_blocks.0": "0.0.0.0/0",
                            "ingress.878646348.description": "Open up range of ports for inter-node communications to connect",
                            "ingress.878646348.from_port": "10000",
                            "ingress.878646348.ipv6_cidr_blocks.#": "0",
                            "ingress.878646348.prefix_list_ids.#": "0",
                            "ingress.878646348.protocol": "tcp",
                            "ingress.878646348.security_groups.#": "0",
                            "ingress.878646348.self": "false",
                            "ingress.878646348.to_port": "10100",
                            "name": "firewall-circleci-davishaba-masternode1",
                            "owner_id": "622633509017",
                            "revoke_rules_on_delete": "false",
                            "tags.%": "0",
                            "vpc_id": "vpc-4f9af028"
                        },
                        "meta": {
                            "e2bfb730-ecaa-11e6-8f88-34363bc7c4c0": {
                                "create": 600000000000,
                                "delete": 600000000000
                            },
                            "schema_version": "1"
                        },
                        "tainted": false
                    },
                    "deposed": [],
                    "provider": "provider.aws.us-west-1"
                },
                "data.aws_caller_identity.current": {
                    "type": "aws_caller_identity",
                    "depends_on": [],
                    "primary": {
                        "id": "2019-02-20 02:20:27.432849 +0000 UTC",
                        "attributes": {
                            "account_id": "622633509017",
                            "arn": "arn:aws:iam::622633509017:user/davis",
                            "id": "2019-02-20 02:20:27.432849 +0000 UTC",
                            "user_id": "AIDAIJ7IYIO2STREL422U"
                        },
                        "meta": {},
                        "tainted": false
                    },
                    "deposed": [],
                    "provider": "provider.aws.us-west-1"
                },
                "data.aws_region.current": {
                    "type": "aws_region",
                    "depends_on": [],
                    "primary": {
                        "id": "us-west-1",
                        "attributes": {
                            "current": "true",
                            "description": "US West (N. California)",
                            "endpoint": "ec2.us-west-1.amazonaws.com",
                            "id": "us-west-1",
                            "name": "us-west-1"
                        },
                        "meta": {},
                        "tainted": false
                    },
                    "deposed": [],
                    "provider": "provider.aws.us-west-1"
                },
                "null_resource.aggregate-ips": {
                    "type": "null_resource",
                    "depends_on": [
                        "aws_eip.static-ip",
                        "aws_instance.cilantro_ee-node"
                    ],
                    "primary": {
                        "id": "785631848612194099",
                        "attributes": {
                            "id": "785631848612194099",
                            "triggers.%": "1",
                            "triggers.always_run": "0237b5e5-0f83-ebba-c182-8e1dbca129fb"
                        },
                        "meta": {},
                        "tainted": false
                    },
                    "deposed": [],
                    "provider": "provider.null"
                },
                "null_resource.cilantro_ee-conf": {
                    "type": "null_resource",
                    "depends_on": [
                        "aws_eip.static-ip",
                        "aws_instance.cilantro_ee-node",
                        "null_resource.aggregate-ips"
                    ],
                    "primary": {
                        "id": "6568321915619691915",
                        "attributes": {
                            "id": "6568321915619691915",
                            "triggers.%": "1",
                            "triggers.always_run": "516d8cee-9097-2a0c-26db-4ad766bc9770"
                        },
                        "meta": {},
                        "tainted": false
                    },
                    "deposed": [],
                    "provider": "provider.null"
                },
                "null_resource.circus-conf": {
                    "type": "null_resource",
                    "depends_on": [
                        "aws_eip.static-ip",
                        "aws_instance.cilantro_ee-node"
                    ],
                    "primary": {
                        "id": "3106600511708694564",
                        "attributes": {
                            "id": "3106600511708694564",
                            "triggers.%": "1",
                            "triggers.conf": "[circus]\nstatsd = True\n\n#[plugin:redis-observer]\n#use = circus.plugins.redis_observer.RedisObserver\n\n[watcher:redis]\ncmd = python3 /app/scripts/start_redis.py\ncopy_env = True\nvirtualenv = /app/venv\n\n[watcher:mongo]\ncmd = python3 /app/scripts/start_mongo.py\ncopy_env = True\nvirtualenv = /app/venv\n\n[watcher:mongo_create_user]\ncmd = python3 /app/scripts/create_user.py\ncopy_env = True\nvirtualenv = /app/venv\nwarmup_delay = 5\nrespawn = False\n\n[watcher:bootstrap]\ncmd = python3 /app/scripts/bootstrap.py\ncopy_env = True\nvirtualenv = /app/venv\n\n"
                        },
                        "meta": {},
                        "tainted": false
                    },
                    "deposed": [],
                    "provider": "provider.null"
                },
                "null_resource.docker": {
                    "type": "null_resource",
                    "depends_on": [
                        "aws_eip.static-ip",
                        "aws_instance.cilantro_ee-node",
                        "local.images",
                        "null_resource.aggregate-ips",
                        "null_resource.cilantro_ee-conf",
                        "null_resource.circus-conf"
                    ],
                    "primary": {
                        "id": "2200956100646587879",
                        "attributes": {
                            "id": "2200956100646587879",
                            "triggers.%": "4",
                            "triggers.cilantro_ee": "[DEFAULT]\nip = 13.57.233.138\nboot_ips = 13.57.233.138,13.57.238.41,18.144.44.75,54.183.176.107,54.219.129.59,54.219.163.52\nnode_type = masternode\nsk = 6acb6ed11d5db3036c1431ba677343943aea155b9367c7c562b8fa30e1094df4\nvk = 3e2bbf5a1f1e0dae80decaa05bab83c40e587ba7448eba22e4125539eb00ae7b\nreset_db = True\nconstitution_file = circleci.json\nssl_enabled = False\nnonce_enabled = False\nlog_lvl = 11\n\n",
                            "triggers.circus": "[circus]\nstatsd = True\n\n#[plugin:redis-observer]\n#use = circus.plugins.redis_observer.RedisObserver\n\n[watcher:redis]\ncmd = python3 /app/scripts/start_redis.py\ncopy_env = True\nvirtualenv = /app/venv\n\n[watcher:mongo]\ncmd = python3 /app/scripts/start_mongo.py\ncopy_env = True\nvirtualenv = /app/venv\n\n[watcher:mongo_create_user]\ncmd = python3 /app/scripts/create_user.py\ncopy_env = True\nvirtualenv = /app/venv\nwarmup_delay = 5\nrespawn = False\n\n[watcher:bootstrap]\ncmd = python3 /app/scripts/bootstrap.py\ncopy_env = True\nvirtualenv = /app/venv\n\n",
                            "triggers.image": "masternode",
                            "triggers.tag": "devops-repaired-4a3c0736-3664afc4"
                        },
                        "meta": {},
                        "tainted": false
                    },
                    "deposed": [],
                    "provider": "provider.null"
                },
                "null_resource.redis-conf": {
                    "type": "null_resource",
                    "depends_on": [
                        "aws_instance.cilantro_ee-node"
                    ],
                    "primary": {
                        "id": "1464337793463482861",
                        "attributes": {
                            "id": "1464337793463482861",
                            "triggers.%": "1",
                            "triggers.conf": "dbfilename dump.rdb\ndir /var/db/cilantro_ee/redis\n\n# Save every 60 seconds if at least 1000 keys change\nsave 60 100\n"
                        },
                        "meta": {},
                        "tainted": false
                    },
                    "deposed": [],
                    "provider": "provider.null"
                },
                "null_resource.ssh-keys": {
                    "type": "null_resource",
                    "depends_on": [
                        "aws_eip.static-ip",
                        "aws_instance.cilantro_ee-node"
                    ],
                    "primary": {
                        "id": "136431174084704719",
                        "attributes": {
                            "id": "136431174084704719",
                            "triggers.%": "1",
                            "triggers.conf": "ssh-rsa AAAAB3NzaC1yc2EAAAADAQABAAACAQDs1KaHzejTs2CaCjJKngsUgeAJDo4gZxyYkrCAPWcuVtNzSIwJvZsp2/rh5COceIwv8I1Yje5MzzPv3Gq9rS48wQ6wM8W9F++eN345dnZG6IjEkuKpbu4Nm2zfAgWYWhWgDiAszpHW/9bSvvPyQEwz08UeXBPJT0IpIFUXhF4Ym78tBqjsnY7w/HVXklJccdX/Cg0H1lJo7QFIrFfkEdBfoBQPMuQrEG/zODH+h29cfvqnRSz5FxqohSYcxvXBxu+44skgkCX8Ltr1+LplY8Y7y2scZPFNTT0gusZPamlft7IFtI5Q5OA7Djrpg6agB01joKtcSBo3QQe9A3LtPuU7yfRpRC8nwEFRJHiwit0f1eUckYiVkIfOAeFjjtHP1r4FAi1PJCS3g2kSeTF9L2jjGrC/pjLCgLY72BbuV8N7GUKQ11B9APQDPdUCfcpIefcch50BxIRVOd23GWGPFMvgRnUZNPyGdV3mjC8YTUu6STZGFAkzEhvxWZfyvi2wZx7XSJynFchGU/CcA9KESAOE0fgAyU5U/2yugH4Qhizar6mDBDdEy3500SHy5mrzu4A3K3QuMMSKSAJs0g7KI+/VWBiVLMwAN1sAdblxXm2mDWbyiFp+e+fPFwrCYPJlRi4gNGnn9xfpBKNkkQ5RT9RQurr2SkMoV1HyQeqcWTi29Q== davishaba@Daviss-MacBook-Pro.local\nssh-rsa AAAAB3NzaC1yc2EAAAADAQABAAABAQDSkorKqV1g75XKjAdgAyyJkTcTZ8kpAM/Ie1u53y26Ez0qMaCz7ocYaEqU3B7rq2XQZySfKEYjnue8OnDO3jfV4+Th5TQP3CHftle5AePmql2n4vH5FKLQ4EK5xZZ56XVQucplv3mUkNqlwBndyFORewmu/l1UpaduzvnVdCABoZJY5pKAD0jXAWk6Ml15f/NKyX5V/cr1j1GA0nuIPABjQvi1cbnjUMhdXm9PpcCl2UrErF2wqi3Ec19fIVERyijZwe1gKALYQ9mkmJzcGZKaw1QuNfss8PWPOvTEp6/kf8yj8DEYPe6uiLCFX9rqHFPj4MzHKZnCKKTXDvNNsuBz cmcgrath@Colins-MacBook-Pro.local\nssh-rsa AAAAB3NzaC1yc2EAAAADAQABAAACAQCxuxBdvWKF0RskDbr7sIK5lBBGd3O3zAgfvkZMUq/OLdVF1clrHvvck+H3IJGF+Rx47e/kG9zHxQuTl0d5hW4mhm21TgCHB//8WbN2IFo445yUjiX5ZZDM+9UGI4hZKMvdq1lHSDrCrmDqZLIKaFyAcEyUCYK7OStO9lCOdITIGyIX/X6y52zG+3lcOJmyW3owzYUUHanVgFn6IjHdFV19WeQOqC56dB8ISLXzQDY4IvORqLb+vEkPl6Wc0yNN3Udr4xW7pxisELKxl0Bc748GPlZrKUkEBuds9/P41IT0Yfl7NwaBrZen6DBC7ZCkA8oviIhgGIxeyfeOLkSj6GBAqJehE1tKxn6su8msstLyS+4lW7PljqFA5vufB8OgltxWi/Kiqzl/l3136HORhQyrUSe057pLH+/nMb1KavHBOexBQ8Ph0e2EokjXnDWCrouMaKLfXprHxBPaPOfzsz/u4ng1WJD0bhGGQjpS3e4WIhEbluSaPLhX3/3teyElHF6kxnVhOuSsqtjrRAkQz8PWY7UNOr8QspLeuNeNCJUvU5hwgywW7uHSph4hPeyN0rmRvy4Z6xAfzQu84eAP/szxe3LgLidSvHW8kvrAhLqF1ceg3rbBOEh9Qi8eJ+gBoL4o8XRZuKechY1hrSBvM0yQeOzMMWvhFme8zAL7HJxfDQ== lamden@lamdens-MBP\nssh-rsa AAAAB3NzaC1yc2EAAAADAQABAAACAQC5yg8vl4uclEOLk+8N0PY9orjMfRBoqVvtm1sDfCUFpjNNCDavoeO3+aGQjRR79PNsXYYqv76o4y0B7WjXZiIo285xDuXFT45A98OK/4j1SkmT313XkmP6HTGRBi51xBxrqinrMkgmh5u/Q6Idhl22CehaT2vlFEjoM1n/mbGjzTMVoaoS7WCdeVW47cSMj8T1sw6iM5ZhGkWvapj7DD1HvKCCKY3H4uwR4BdEZQ4Tda4lFt1JpluELv/onEFpjUlMoE/1RZ3cxuu6VfhX/lWsxa2sutmJKaS0fMpec+wSyoImsiT/Mu11IHlLCQrtvCMdRCc22cgNj3A2yN/TZWVAym0pE/lYcdI1f6RJGJ2zxD6Mx57RSb4kg41MpLEu22a/ZBhexxg0iR1nSpL+QwjzY5d5Y332cv2DQXxCVgMHgDNIgSJSW+R/3u8QWvB49OmgIv0py3mk3MCp1dwr8xwPtNUPGRlcP+trEcvpPFieK+9Z6UsJoZ8pHavgV/MOqI72ePvOqkfBmHFDhae/gOPy+DCmEkPl3nTW94+OSrRykkxKwYxZh0Rmk+jpKDWElRRCHpNRYtea64oDlc2hQowpTi1U3C7duPsUgZVyCAErfkvmqz4PuHMnpTPg4GAVmxl4CHujgvvdC9KdP9SH6xyryLW1HQ1HpL9BqEROKRfNFw== wywfalcon@gmail.com\nssh-rsa AAAAB3NzaC1yc2EAAAADAQABAAACAQC6s8mIerDqVezMx227qZgb1nHoO/nMjuqg4pTjUvb92BD/NYwB/PbKjnStqzX5qyarRpj5pdExaA0cHUGnsVvthP5LRn016H3ZUd1OeXTHB2BqpV1/ZAD8chncjqn+pL+Ix2vcNiE1yqP/quwlIrfniQd7U9X1nNGIsJAvZ983wYnqyl9IhATToT3m55h+VzpS7a9Ogmpw70pA6VqFr0PHmjyIPaLOSswXtmzsAhi1KvgXFQ64stXDdxXX880pCtuzdE0TtEBFHNQtde/Lv1i4EBvSEUzVritEV0HjMBQS/JN80eJ5o2eozlInEGf1VfrHWu+IKFNWC6qqbm8bf1Sl+gP62Li/d20ORvUeAoJb+QRaht6ap1EabbkBqxPL41rOd2oNfkQRbjX6C0GIM/1r7muXJfLp5wafelTGzkX7mr92S5Vlh7uGE9ui3+MVrtwP42aqKMNvBkxEk/8j2mRR6Efrr8wcq1/1uevUhf68jLxQWkg9iH5si876jNSG5GtwsBmm1fz9xW48fSapzQt14aNSRysnuMG/57LsDcnRKOIpy3Sr7kuEFBoC2n8tdrVw/edxm4DLgiqqP3TKZbbxYPMBlpeqxCNx6M8LVVkwkBdwm1R6OOle2Asof9dJf90WXb8oBlRXYg+5JJYdjLWEWb0pmqdPjV+lV4pLMWm9Dw== tejas@lamden.io\nssh-rsa AAAAB3NzaC1yc2EAAAADAQABAAABAQCu1kNmPJSNGB1C0pit7L0+22rbhQFrZgGGliRU5R+R/aVcmyS8jPN7LpzAW+SRT+TWHfWIEstQHqn/WHcfzOjm4ljc7VPx+dXNvl8iWzaciRB1HBuzHoFubxSUK9oD5sEQCXpSkyX9vc7HFjuvutiVAPpCSzhAiHG03QrEox2cEyvhgyhnWoHDo6jdfftwi0jyKESbLIXLJWcyBhEWH2mZqwNOhlWUdhB7gKeD4i2WCBfdkF2+8NVZckhgvpAiFCFEJnE6rqqx6RbcLtUETM2hPirmSrjowCWhYk2Hk9q6XCCXNRKsvK9cCwgg1Tm3eVPLedUDB4Wj9w2iJj4S3dx7 stu@Stuarts-MBP-2\n"
                        },
                        "meta": {},
                        "tainted": false
                    },
                    "deposed": [],
                    "provider": "provider.null"
                }
            },
            "depends_on": []
        },
        {
            "path": [
                "root",
                "witness0"
            ],
            "outputs": {
                "public_ip": {
                    "sensitive": false,
                    "type": "string",
                    "value": "54.219.129.59"
                }
            },
            "resources": {
                "aws_instance.cilantro_ee-node": {
                    "type": "aws_instance",
                    "depends_on": [
                        "aws_security_group.cilantro_ee_firewall",
                        "data.aws_region.current",
                        "local.amis",
                        "local.nodename",
                        "local.prefix"
                    ],
                    "primary": {
                        "id": "i-0b6bc848e33842d29",
                        "attributes": {
                            "ami": "ami-0bf3d63a666665438",
                            "arn": "arn:aws:ec2:us-west-1:622633509017:instance/i-0b6bc848e33842d29",
                            "associate_public_ip_address": "true",
                            "availability_zone": "us-west-1a",
                            "cpu_core_count": "2",
                            "cpu_threads_per_core": "1",
                            "credit_specification.#": "1",
                            "credit_specification.0.cpu_credits": "standard",
                            "disable_api_termination": "false",
                            "ebs_block_device.#": "0",
                            "ebs_optimized": "false",
                            "ephemeral_block_device.#": "0",
                            "get_password_data": "false",
                            "iam_instance_profile": "",
                            "id": "i-0b6bc848e33842d29",
                            "instance_state": "running",
                            "instance_type": "t2.large",
                            "ipv6_addresses.#": "0",
                            "key_name": "circleci-davishaba",
                            "monitoring": "false",
                            "network_interface.#": "0",
                            "network_interface_id": "eni-08fd173b1a72a89e6",
                            "password_data": "",
                            "placement_group": "",
                            "primary_network_interface_id": "eni-08fd173b1a72a89e6",
                            "private_dns": "ip-172-31-25-59.us-west-1.compute.internal",
                            "private_ip": "172.31.25.59",
                            "public_dns": "ec2-54-219-129-59.us-west-1.compute.amazonaws.com",
                            "public_ip": "54.219.129.59",
                            "root_block_device.#": "1",
                            "root_block_device.0.delete_on_termination": "true",
                            "root_block_device.0.iops": "100",
                            "root_block_device.0.volume_id": "vol-0d01166b23eea95cd",
                            "root_block_device.0.volume_size": "8",
                            "root_block_device.0.volume_type": "gp2",
                            "security_groups.#": "1",
                            "security_groups.2396586104": "firewall-circleci-davishaba-witness0",
                            "source_dest_check": "true",
                            "subnet_id": "subnet-50f6dd37",
                            "tags.%": "1",
                            "tags.Name": "circleci-davishaba--witness0",
                            "tenancy": "default",
                            "volume_tags.%": "0",
                            "vpc_security_group_ids.#": "1",
                            "vpc_security_group_ids.4252503242": "sg-022666f7cef97cd89"
                        },
                        "meta": {
                            "e2bfb730-ecaa-11e6-8f88-34363bc7c4c0": {
                                "create": 600000000000,
                                "delete": 1200000000000,
                                "update": 600000000000
                            },
                            "schema_version": "1"
                        },
                        "tainted": false
                    },
                    "deposed": [],
                    "provider": "provider.aws.us-west-1"
                },
                "aws_security_group.cilantro_ee_firewall": {
                    "type": "aws_security_group",
                    "depends_on": [
                        "local.nodename",
                        "local.prefix"
                    ],
                    "primary": {
                        "id": "sg-022666f7cef97cd89",
                        "attributes": {
                            "arn": "arn:aws:ec2:us-west-1:622633509017:security-group/sg-022666f7cef97cd89",
                            "description": "Allow specific ports necessary for cilantro_ee to work",
                            "egress.#": "1",
                            "egress.424890679.cidr_blocks.#": "1",
                            "egress.424890679.cidr_blocks.0": "0.0.0.0/0",
                            "egress.424890679.description": "Open up all ports for outbound traffic",
                            "egress.424890679.from_port": "0",
                            "egress.424890679.ipv6_cidr_blocks.#": "0",
                            "egress.424890679.prefix_list_ids.#": "0",
                            "egress.424890679.protocol": "-1",
                            "egress.424890679.security_groups.#": "0",
                            "egress.424890679.self": "false",
                            "egress.424890679.to_port": "0",
                            "id": "sg-022666f7cef97cd89",
                            "ingress.#": "5",
                            "ingress.13262502.cidr_blocks.#": "1",
                            "ingress.13262502.cidr_blocks.0": "0.0.0.0/0",
                            "ingress.13262502.description": "Port for Webserver if SSL is not enabled",
                            "ingress.13262502.from_port": "8080",
                            "ingress.13262502.ipv6_cidr_blocks.#": "0",
                            "ingress.13262502.prefix_list_ids.#": "0",
                            "ingress.13262502.protocol": "tcp",
                            "ingress.13262502.security_groups.#": "0",
                            "ingress.13262502.self": "false",
                            "ingress.13262502.to_port": "8080",
                            "ingress.2910436239.cidr_blocks.#": "1",
                            "ingress.2910436239.cidr_blocks.0": "0.0.0.0/0",
                            "ingress.2910436239.description": "Allow HTTP traffic through for cert validation",
                            "ingress.2910436239.from_port": "80",
                            "ingress.2910436239.ipv6_cidr_blocks.#": "0",
                            "ingress.2910436239.prefix_list_ids.#": "0",
                            "ingress.2910436239.protocol": "tcp",
                            "ingress.2910436239.security_groups.#": "0",
                            "ingress.2910436239.self": "false",
                            "ingress.2910436239.to_port": "80",
                            "ingress.3615083869.cidr_blocks.#": "1",
                            "ingress.3615083869.cidr_blocks.0": "0.0.0.0/0",
                            "ingress.3615083869.description": "Allow HTTPS traffic through",
                            "ingress.3615083869.from_port": "443",
                            "ingress.3615083869.ipv6_cidr_blocks.#": "0",
                            "ingress.3615083869.prefix_list_ids.#": "0",
                            "ingress.3615083869.protocol": "tcp",
                            "ingress.3615083869.security_groups.#": "0",
                            "ingress.3615083869.self": "false",
                            "ingress.3615083869.to_port": "443",
                            "ingress.369391072.cidr_blocks.#": "1",
                            "ingress.369391072.cidr_blocks.0": "0.0.0.0/0",
                            "ingress.369391072.description": "Allow SSH connections to instance",
                            "ingress.369391072.from_port": "22",
                            "ingress.369391072.ipv6_cidr_blocks.#": "0",
                            "ingress.369391072.prefix_list_ids.#": "0",
                            "ingress.369391072.protocol": "tcp",
                            "ingress.369391072.security_groups.#": "0",
                            "ingress.369391072.self": "false",
                            "ingress.369391072.to_port": "22",
                            "ingress.878646348.cidr_blocks.#": "1",
                            "ingress.878646348.cidr_blocks.0": "0.0.0.0/0",
                            "ingress.878646348.description": "Open up range of ports for inter-node communications to connect",
                            "ingress.878646348.from_port": "10000",
                            "ingress.878646348.ipv6_cidr_blocks.#": "0",
                            "ingress.878646348.prefix_list_ids.#": "0",
                            "ingress.878646348.protocol": "tcp",
                            "ingress.878646348.security_groups.#": "0",
                            "ingress.878646348.self": "false",
                            "ingress.878646348.to_port": "10100",
                            "name": "firewall-circleci-davishaba-witness0",
                            "owner_id": "622633509017",
                            "revoke_rules_on_delete": "false",
                            "tags.%": "0",
                            "vpc_id": "vpc-4f9af028"
                        },
                        "meta": {
                            "e2bfb730-ecaa-11e6-8f88-34363bc7c4c0": {
                                "create": 600000000000,
                                "delete": 600000000000
                            },
                            "schema_version": "1"
                        },
                        "tainted": false
                    },
                    "deposed": [],
                    "provider": "provider.aws.us-west-1"
                },
                "data.aws_caller_identity.current": {
                    "type": "aws_caller_identity",
                    "depends_on": [],
                    "primary": {
                        "id": "2019-02-20 02:20:27.138231 +0000 UTC",
                        "attributes": {
                            "account_id": "622633509017",
                            "arn": "arn:aws:iam::622633509017:user/davis",
                            "id": "2019-02-20 02:20:27.138231 +0000 UTC",
                            "user_id": "AIDAIJ7IYIO2STREL422U"
                        },
                        "meta": {},
                        "tainted": false
                    },
                    "deposed": [],
                    "provider": "provider.aws.us-west-1"
                },
                "data.aws_region.current": {
                    "type": "aws_region",
                    "depends_on": [],
                    "primary": {
                        "id": "us-west-1",
                        "attributes": {
                            "current": "true",
                            "description": "US West (N. California)",
                            "endpoint": "ec2.us-west-1.amazonaws.com",
                            "id": "us-west-1",
                            "name": "us-west-1"
                        },
                        "meta": {},
                        "tainted": false
                    },
                    "deposed": [],
                    "provider": "provider.aws.us-west-1"
                },
                "null_resource.aggregate-ips": {
                    "type": "null_resource",
                    "depends_on": [
                        "aws_eip.static-ip",
                        "aws_instance.cilantro_ee-node"
                    ],
                    "primary": {
                        "id": "8962352416983487520",
                        "attributes": {
                            "id": "8962352416983487520",
                            "triggers.%": "1",
                            "triggers.always_run": "14de2330-6ea3-00e1-669a-3d5075d02b7e"
                        },
                        "meta": {},
                        "tainted": false
                    },
                    "deposed": [],
                    "provider": "provider.null"
                },
                "null_resource.cilantro_ee-conf": {
                    "type": "null_resource",
                    "depends_on": [
                        "aws_eip.static-ip",
                        "aws_instance.cilantro_ee-node",
                        "null_resource.aggregate-ips"
                    ],
                    "primary": {
                        "id": "2977033605530051877",
                        "attributes": {
                            "id": "2977033605530051877",
                            "triggers.%": "1",
                            "triggers.always_run": "615698c3-31df-65e2-225e-47ed8d4b7478"
                        },
                        "meta": {},
                        "tainted": false
                    },
                    "deposed": [],
                    "provider": "provider.null"
                },
                "null_resource.circus-conf": {
                    "type": "null_resource",
                    "depends_on": [
                        "aws_eip.static-ip",
                        "aws_instance.cilantro_ee-node"
                    ],
                    "primary": {
                        "id": "1444650338647233647",
                        "attributes": {
                            "id": "1444650338647233647",
                            "triggers.%": "1",
                            "triggers.conf": "[circus]\nstatsd = True\n\n#[plugin:redis-observer]\n#use = circus.plugins.redis_observer.RedisObserver\n\n[watcher:redis]\ncmd = python3 /app/scripts/start_redis.py\ncopy_env = True\nvirtualenv = /app/venv\n\n[watcher:bootstrap]\ncmd = python3 /app/scripts/bootstrap.py\ncopy_env = True\nvirtualenv = /app/venv\n\n"
                        },
                        "meta": {},
                        "tainted": false
                    },
                    "deposed": [],
                    "provider": "provider.null"
                },
                "null_resource.docker": {
                    "type": "null_resource",
                    "depends_on": [
                        "aws_eip.static-ip",
                        "aws_instance.cilantro_ee-node",
                        "local.images",
                        "null_resource.aggregate-ips",
                        "null_resource.cilantro_ee-conf",
                        "null_resource.circus-conf"
                    ],
                    "primary": {
                        "id": "498907120768639775",
                        "attributes": {
                            "id": "498907120768639775",
                            "triggers.%": "4",
                            "triggers.cilantro_ee": "[DEFAULT]\nip = 54.219.129.59\nboot_ips = 13.57.233.138,13.57.238.41,18.144.44.75,54.183.176.107,54.219.129.59,54.219.163.52\nnode_type = witness\nsk = 63777b9bce54fa7dfdc540fc8b44c393fb74b5affc0550999a3033d1df8a9f1c\nvk = 5b7d4f63074629fc0cc104689fb6fbcc0f9edf44591659f6262f329ab60904e7\nreset_db = True\nconstitution_file = circleci.json\nssl_enabled = False\nlog_lvl = 11\n\n",
                            "triggers.circus": "[circus]\nstatsd = True\n\n#[plugin:redis-observer]\n#use = circus.plugins.redis_observer.RedisObserver\n\n[watcher:redis]\ncmd = python3 /app/scripts/start_redis.py\ncopy_env = True\nvirtualenv = /app/venv\n\n[watcher:bootstrap]\ncmd = python3 /app/scripts/bootstrap.py\ncopy_env = True\nvirtualenv = /app/venv\n\n",
                            "triggers.image": "witness",
                            "triggers.tag": "devops-repaired-4a3c0736-3664afc4"
                        },
                        "meta": {},
                        "tainted": false
                    },
                    "deposed": [],
                    "provider": "provider.null"
                },
                "null_resource.redis-conf": {
                    "type": "null_resource",
                    "depends_on": [
                        "aws_instance.cilantro_ee-node"
                    ],
                    "primary": {
                        "id": "6158250132345610938",
                        "attributes": {
                            "id": "6158250132345610938",
                            "triggers.%": "1",
                            "triggers.conf": "dbfilename dump.rdb\ndir /var/db/cilantro_ee/redis\n\n# Save every 60 seconds if at least 1000 keys change\nsave 60 100\n"
                        },
                        "meta": {},
                        "tainted": false
                    },
                    "deposed": [],
                    "provider": "provider.null"
                },
                "null_resource.ssh-keys": {
                    "type": "null_resource",
                    "depends_on": [
                        "aws_eip.static-ip",
                        "aws_instance.cilantro_ee-node"
                    ],
                    "primary": {
                        "id": "1039612094555969136",
                        "attributes": {
                            "id": "1039612094555969136",
                            "triggers.%": "1",
                            "triggers.conf": "ssh-rsa AAAAB3NzaC1yc2EAAAADAQABAAACAQDs1KaHzejTs2CaCjJKngsUgeAJDo4gZxyYkrCAPWcuVtNzSIwJvZsp2/rh5COceIwv8I1Yje5MzzPv3Gq9rS48wQ6wM8W9F++eN345dnZG6IjEkuKpbu4Nm2zfAgWYWhWgDiAszpHW/9bSvvPyQEwz08UeXBPJT0IpIFUXhF4Ym78tBqjsnY7w/HVXklJccdX/Cg0H1lJo7QFIrFfkEdBfoBQPMuQrEG/zODH+h29cfvqnRSz5FxqohSYcxvXBxu+44skgkCX8Ltr1+LplY8Y7y2scZPFNTT0gusZPamlft7IFtI5Q5OA7Djrpg6agB01joKtcSBo3QQe9A3LtPuU7yfRpRC8nwEFRJHiwit0f1eUckYiVkIfOAeFjjtHP1r4FAi1PJCS3g2kSeTF9L2jjGrC/pjLCgLY72BbuV8N7GUKQ11B9APQDPdUCfcpIefcch50BxIRVOd23GWGPFMvgRnUZNPyGdV3mjC8YTUu6STZGFAkzEhvxWZfyvi2wZx7XSJynFchGU/CcA9KESAOE0fgAyU5U/2yugH4Qhizar6mDBDdEy3500SHy5mrzu4A3K3QuMMSKSAJs0g7KI+/VWBiVLMwAN1sAdblxXm2mDWbyiFp+e+fPFwrCYPJlRi4gNGnn9xfpBKNkkQ5RT9RQurr2SkMoV1HyQeqcWTi29Q== davishaba@Daviss-MacBook-Pro.local\nssh-rsa AAAAB3NzaC1yc2EAAAADAQABAAABAQDSkorKqV1g75XKjAdgAyyJkTcTZ8kpAM/Ie1u53y26Ez0qMaCz7ocYaEqU3B7rq2XQZySfKEYjnue8OnDO3jfV4+Th5TQP3CHftle5AePmql2n4vH5FKLQ4EK5xZZ56XVQucplv3mUkNqlwBndyFORewmu/l1UpaduzvnVdCABoZJY5pKAD0jXAWk6Ml15f/NKyX5V/cr1j1GA0nuIPABjQvi1cbnjUMhdXm9PpcCl2UrErF2wqi3Ec19fIVERyijZwe1gKALYQ9mkmJzcGZKaw1QuNfss8PWPOvTEp6/kf8yj8DEYPe6uiLCFX9rqHFPj4MzHKZnCKKTXDvNNsuBz cmcgrath@Colins-MacBook-Pro.local\nssh-rsa AAAAB3NzaC1yc2EAAAADAQABAAACAQCxuxBdvWKF0RskDbr7sIK5lBBGd3O3zAgfvkZMUq/OLdVF1clrHvvck+H3IJGF+Rx47e/kG9zHxQuTl0d5hW4mhm21TgCHB//8WbN2IFo445yUjiX5ZZDM+9UGI4hZKMvdq1lHSDrCrmDqZLIKaFyAcEyUCYK7OStO9lCOdITIGyIX/X6y52zG+3lcOJmyW3owzYUUHanVgFn6IjHdFV19WeQOqC56dB8ISLXzQDY4IvORqLb+vEkPl6Wc0yNN3Udr4xW7pxisELKxl0Bc748GPlZrKUkEBuds9/P41IT0Yfl7NwaBrZen6DBC7ZCkA8oviIhgGIxeyfeOLkSj6GBAqJehE1tKxn6su8msstLyS+4lW7PljqFA5vufB8OgltxWi/Kiqzl/l3136HORhQyrUSe057pLH+/nMb1KavHBOexBQ8Ph0e2EokjXnDWCrouMaKLfXprHxBPaPOfzsz/u4ng1WJD0bhGGQjpS3e4WIhEbluSaPLhX3/3teyElHF6kxnVhOuSsqtjrRAkQz8PWY7UNOr8QspLeuNeNCJUvU5hwgywW7uHSph4hPeyN0rmRvy4Z6xAfzQu84eAP/szxe3LgLidSvHW8kvrAhLqF1ceg3rbBOEh9Qi8eJ+gBoL4o8XRZuKechY1hrSBvM0yQeOzMMWvhFme8zAL7HJxfDQ== lamden@lamdens-MBP\nssh-rsa AAAAB3NzaC1yc2EAAAADAQABAAACAQC5yg8vl4uclEOLk+8N0PY9orjMfRBoqVvtm1sDfCUFpjNNCDavoeO3+aGQjRR79PNsXYYqv76o4y0B7WjXZiIo285xDuXFT45A98OK/4j1SkmT313XkmP6HTGRBi51xBxrqinrMkgmh5u/Q6Idhl22CehaT2vlFEjoM1n/mbGjzTMVoaoS7WCdeVW47cSMj8T1sw6iM5ZhGkWvapj7DD1HvKCCKY3H4uwR4BdEZQ4Tda4lFt1JpluELv/onEFpjUlMoE/1RZ3cxuu6VfhX/lWsxa2sutmJKaS0fMpec+wSyoImsiT/Mu11IHlLCQrtvCMdRCc22cgNj3A2yN/TZWVAym0pE/lYcdI1f6RJGJ2zxD6Mx57RSb4kg41MpLEu22a/ZBhexxg0iR1nSpL+QwjzY5d5Y332cv2DQXxCVgMHgDNIgSJSW+R/3u8QWvB49OmgIv0py3mk3MCp1dwr8xwPtNUPGRlcP+trEcvpPFieK+9Z6UsJoZ8pHavgV/MOqI72ePvOqkfBmHFDhae/gOPy+DCmEkPl3nTW94+OSrRykkxKwYxZh0Rmk+jpKDWElRRCHpNRYtea64oDlc2hQowpTi1U3C7duPsUgZVyCAErfkvmqz4PuHMnpTPg4GAVmxl4CHujgvvdC9KdP9SH6xyryLW1HQ1HpL9BqEROKRfNFw== wywfalcon@gmail.com\nssh-rsa AAAAB3NzaC1yc2EAAAADAQABAAACAQC6s8mIerDqVezMx227qZgb1nHoO/nMjuqg4pTjUvb92BD/NYwB/PbKjnStqzX5qyarRpj5pdExaA0cHUGnsVvthP5LRn016H3ZUd1OeXTHB2BqpV1/ZAD8chncjqn+pL+Ix2vcNiE1yqP/quwlIrfniQd7U9X1nNGIsJAvZ983wYnqyl9IhATToT3m55h+VzpS7a9Ogmpw70pA6VqFr0PHmjyIPaLOSswXtmzsAhi1KvgXFQ64stXDdxXX880pCtuzdE0TtEBFHNQtde/Lv1i4EBvSEUzVritEV0HjMBQS/JN80eJ5o2eozlInEGf1VfrHWu+IKFNWC6qqbm8bf1Sl+gP62Li/d20ORvUeAoJb+QRaht6ap1EabbkBqxPL41rOd2oNfkQRbjX6C0GIM/1r7muXJfLp5wafelTGzkX7mr92S5Vlh7uGE9ui3+MVrtwP42aqKMNvBkxEk/8j2mRR6Efrr8wcq1/1uevUhf68jLxQWkg9iH5si876jNSG5GtwsBmm1fz9xW48fSapzQt14aNSRysnuMG/57LsDcnRKOIpy3Sr7kuEFBoC2n8tdrVw/edxm4DLgiqqP3TKZbbxYPMBlpeqxCNx6M8LVVkwkBdwm1R6OOle2Asof9dJf90WXb8oBlRXYg+5JJYdjLWEWb0pmqdPjV+lV4pLMWm9Dw== tejas@lamden.io\nssh-rsa AAAAB3NzaC1yc2EAAAADAQABAAABAQCu1kNmPJSNGB1C0pit7L0+22rbhQFrZgGGliRU5R+R/aVcmyS8jPN7LpzAW+SRT+TWHfWIEstQHqn/WHcfzOjm4ljc7VPx+dXNvl8iWzaciRB1HBuzHoFubxSUK9oD5sEQCXpSkyX9vc7HFjuvutiVAPpCSzhAiHG03QrEox2cEyvhgyhnWoHDo6jdfftwi0jyKESbLIXLJWcyBhEWH2mZqwNOhlWUdhB7gKeD4i2WCBfdkF2+8NVZckhgvpAiFCFEJnE6rqqx6RbcLtUETM2hPirmSrjowCWhYk2Hk9q6XCCXNRKsvK9cCwgg1Tm3eVPLedUDB4Wj9w2iJj4S3dx7 stu@Stuarts-MBP-2\n"
                        },
                        "meta": {},
                        "tainted": false
                    },
                    "deposed": [],
                    "provider": "provider.null"
                }
            },
            "depends_on": []
        },
        {
            "path": [
                "root",
                "witness1"
            ],
            "outputs": {
                "public_ip": {
                    "sensitive": false,
                    "type": "string",
                    "value": "18.144.44.75"
                }
            },
            "resources": {
                "aws_instance.cilantro_ee-node": {
                    "type": "aws_instance",
                    "depends_on": [
                        "aws_security_group.cilantro_ee_firewall",
                        "data.aws_region.current",
                        "local.amis",
                        "local.nodename",
                        "local.prefix"
                    ],
                    "primary": {
                        "id": "i-00232d3095b37536e",
                        "attributes": {
                            "ami": "ami-0bf3d63a666665438",
                            "arn": "arn:aws:ec2:us-west-1:622633509017:instance/i-00232d3095b37536e",
                            "associate_public_ip_address": "true",
                            "availability_zone": "us-west-1a",
                            "cpu_core_count": "2",
                            "cpu_threads_per_core": "1",
                            "credit_specification.#": "1",
                            "credit_specification.0.cpu_credits": "standard",
                            "disable_api_termination": "false",
                            "ebs_block_device.#": "0",
                            "ebs_optimized": "false",
                            "ephemeral_block_device.#": "0",
                            "get_password_data": "false",
                            "iam_instance_profile": "",
                            "id": "i-00232d3095b37536e",
                            "instance_state": "running",
                            "instance_type": "t2.large",
                            "ipv6_addresses.#": "0",
                            "key_name": "circleci-davishaba",
                            "monitoring": "false",
                            "network_interface.#": "0",
                            "network_interface_id": "eni-0b9682688bb16199d",
                            "password_data": "",
                            "placement_group": "",
                            "primary_network_interface_id": "eni-0b9682688bb16199d",
                            "private_dns": "ip-172-31-30-216.us-west-1.compute.internal",
                            "private_ip": "172.31.30.216",
                            "public_dns": "ec2-18-144-44-75.us-west-1.compute.amazonaws.com",
                            "public_ip": "18.144.44.75",
                            "root_block_device.#": "1",
                            "root_block_device.0.delete_on_termination": "true",
                            "root_block_device.0.iops": "100",
                            "root_block_device.0.volume_id": "vol-00b53c248371e061a",
                            "root_block_device.0.volume_size": "8",
                            "root_block_device.0.volume_type": "gp2",
                            "security_groups.#": "1",
                            "security_groups.4192088302": "firewall-circleci-davishaba-witness1",
                            "source_dest_check": "true",
                            "subnet_id": "subnet-50f6dd37",
                            "tags.%": "1",
                            "tags.Name": "circleci-davishaba--witness1",
                            "tenancy": "default",
                            "volume_tags.%": "0",
                            "vpc_security_group_ids.#": "1",
                            "vpc_security_group_ids.1332118341": "sg-022b7645a712d2c4a"
                        },
                        "meta": {
                            "e2bfb730-ecaa-11e6-8f88-34363bc7c4c0": {
                                "create": 600000000000,
                                "delete": 1200000000000,
                                "update": 600000000000
                            },
                            "schema_version": "1"
                        },
                        "tainted": false
                    },
                    "deposed": [],
                    "provider": "provider.aws.us-west-1"
                },
                "aws_security_group.cilantro_ee_firewall": {
                    "type": "aws_security_group",
                    "depends_on": [
                        "local.nodename",
                        "local.prefix"
                    ],
                    "primary": {
                        "id": "sg-022b7645a712d2c4a",
                        "attributes": {
                            "arn": "arn:aws:ec2:us-west-1:622633509017:security-group/sg-022b7645a712d2c4a",
                            "description": "Allow specific ports necessary for cilantro_ee to work",
                            "egress.#": "1",
                            "egress.424890679.cidr_blocks.#": "1",
                            "egress.424890679.cidr_blocks.0": "0.0.0.0/0",
                            "egress.424890679.description": "Open up all ports for outbound traffic",
                            "egress.424890679.from_port": "0",
                            "egress.424890679.ipv6_cidr_blocks.#": "0",
                            "egress.424890679.prefix_list_ids.#": "0",
                            "egress.424890679.protocol": "-1",
                            "egress.424890679.security_groups.#": "0",
                            "egress.424890679.self": "false",
                            "egress.424890679.to_port": "0",
                            "id": "sg-022b7645a712d2c4a",
                            "ingress.#": "5",
                            "ingress.13262502.cidr_blocks.#": "1",
                            "ingress.13262502.cidr_blocks.0": "0.0.0.0/0",
                            "ingress.13262502.description": "Port for Webserver if SSL is not enabled",
                            "ingress.13262502.from_port": "8080",
                            "ingress.13262502.ipv6_cidr_blocks.#": "0",
                            "ingress.13262502.prefix_list_ids.#": "0",
                            "ingress.13262502.protocol": "tcp",
                            "ingress.13262502.security_groups.#": "0",
                            "ingress.13262502.self": "false",
                            "ingress.13262502.to_port": "8080",
                            "ingress.2910436239.cidr_blocks.#": "1",
                            "ingress.2910436239.cidr_blocks.0": "0.0.0.0/0",
                            "ingress.2910436239.description": "Allow HTTP traffic through for cert validation",
                            "ingress.2910436239.from_port": "80",
                            "ingress.2910436239.ipv6_cidr_blocks.#": "0",
                            "ingress.2910436239.prefix_list_ids.#": "0",
                            "ingress.2910436239.protocol": "tcp",
                            "ingress.2910436239.security_groups.#": "0",
                            "ingress.2910436239.self": "false",
                            "ingress.2910436239.to_port": "80",
                            "ingress.3615083869.cidr_blocks.#": "1",
                            "ingress.3615083869.cidr_blocks.0": "0.0.0.0/0",
                            "ingress.3615083869.description": "Allow HTTPS traffic through",
                            "ingress.3615083869.from_port": "443",
                            "ingress.3615083869.ipv6_cidr_blocks.#": "0",
                            "ingress.3615083869.prefix_list_ids.#": "0",
                            "ingress.3615083869.protocol": "tcp",
                            "ingress.3615083869.security_groups.#": "0",
                            "ingress.3615083869.self": "false",
                            "ingress.3615083869.to_port": "443",
                            "ingress.369391072.cidr_blocks.#": "1",
                            "ingress.369391072.cidr_blocks.0": "0.0.0.0/0",
                            "ingress.369391072.description": "Allow SSH connections to instance",
                            "ingress.369391072.from_port": "22",
                            "ingress.369391072.ipv6_cidr_blocks.#": "0",
                            "ingress.369391072.prefix_list_ids.#": "0",
                            "ingress.369391072.protocol": "tcp",
                            "ingress.369391072.security_groups.#": "0",
                            "ingress.369391072.self": "false",
                            "ingress.369391072.to_port": "22",
                            "ingress.878646348.cidr_blocks.#": "1",
                            "ingress.878646348.cidr_blocks.0": "0.0.0.0/0",
                            "ingress.878646348.description": "Open up range of ports for inter-node communications to connect",
                            "ingress.878646348.from_port": "10000",
                            "ingress.878646348.ipv6_cidr_blocks.#": "0",
                            "ingress.878646348.prefix_list_ids.#": "0",
                            "ingress.878646348.protocol": "tcp",
                            "ingress.878646348.security_groups.#": "0",
                            "ingress.878646348.self": "false",
                            "ingress.878646348.to_port": "10100",
                            "name": "firewall-circleci-davishaba-witness1",
                            "owner_id": "622633509017",
                            "revoke_rules_on_delete": "false",
                            "tags.%": "0",
                            "vpc_id": "vpc-4f9af028"
                        },
                        "meta": {
                            "e2bfb730-ecaa-11e6-8f88-34363bc7c4c0": {
                                "create": 600000000000,
                                "delete": 600000000000
                            },
                            "schema_version": "1"
                        },
                        "tainted": false
                    },
                    "deposed": [],
                    "provider": "provider.aws.us-west-1"
                },
                "data.aws_caller_identity.current": {
                    "type": "aws_caller_identity",
                    "depends_on": [],
                    "primary": {
                        "id": "2019-02-20 02:20:27.449323 +0000 UTC",
                        "attributes": {
                            "account_id": "622633509017",
                            "arn": "arn:aws:iam::622633509017:user/davis",
                            "id": "2019-02-20 02:20:27.449323 +0000 UTC",
                            "user_id": "AIDAIJ7IYIO2STREL422U"
                        },
                        "meta": {},
                        "tainted": false
                    },
                    "deposed": [],
                    "provider": "provider.aws.us-west-1"
                },
                "data.aws_region.current": {
                    "type": "aws_region",
                    "depends_on": [],
                    "primary": {
                        "id": "us-west-1",
                        "attributes": {
                            "current": "true",
                            "description": "US West (N. California)",
                            "endpoint": "ec2.us-west-1.amazonaws.com",
                            "id": "us-west-1",
                            "name": "us-west-1"
                        },
                        "meta": {},
                        "tainted": false
                    },
                    "deposed": [],
                    "provider": "provider.aws.us-west-1"
                },
                "null_resource.aggregate-ips": {
                    "type": "null_resource",
                    "depends_on": [
                        "aws_eip.static-ip",
                        "aws_instance.cilantro_ee-node"
                    ],
                    "primary": {
                        "id": "348610518345398468",
                        "attributes": {
                            "id": "348610518345398468",
                            "triggers.%": "1",
                            "triggers.always_run": "abb70f51-802e-58e3-ec3a-56b5e5fa8c2c"
                        },
                        "meta": {},
                        "tainted": false
                    },
                    "deposed": [],
                    "provider": "provider.null"
                },
                "null_resource.cilantro_ee-conf": {
                    "type": "null_resource",
                    "depends_on": [
                        "aws_eip.static-ip",
                        "aws_instance.cilantro_ee-node",
                        "null_resource.aggregate-ips"
                    ],
                    "primary": {
                        "id": "2719621179756908330",
                        "attributes": {
                            "id": "2719621179756908330",
                            "triggers.%": "1",
                            "triggers.always_run": "60cf3049-b9b9-fc34-58da-d98b5cf920b8"
                        },
                        "meta": {},
                        "tainted": false
                    },
                    "deposed": [],
                    "provider": "provider.null"
                },
                "null_resource.circus-conf": {
                    "type": "null_resource",
                    "depends_on": [
                        "aws_eip.static-ip",
                        "aws_instance.cilantro_ee-node"
                    ],
                    "primary": {
                        "id": "6500285239799638812",
                        "attributes": {
                            "id": "6500285239799638812",
                            "triggers.%": "1",
                            "triggers.conf": "[circus]\nstatsd = True\n\n#[plugin:redis-observer]\n#use = circus.plugins.redis_observer.RedisObserver\n\n[watcher:redis]\ncmd = python3 /app/scripts/start_redis.py\ncopy_env = True\nvirtualenv = /app/venv\n\n[watcher:bootstrap]\ncmd = python3 /app/scripts/bootstrap.py\ncopy_env = True\nvirtualenv = /app/venv\n\n"
                        },
                        "meta": {},
                        "tainted": false
                    },
                    "deposed": [],
                    "provider": "provider.null"
                },
                "null_resource.docker": {
                    "type": "null_resource",
                    "depends_on": [
                        "aws_eip.static-ip",
                        "aws_instance.cilantro_ee-node",
                        "local.images",
                        "null_resource.aggregate-ips",
                        "null_resource.cilantro_ee-conf",
                        "null_resource.circus-conf"
                    ],
                    "primary": {
                        "id": "4730007022809773690",
                        "attributes": {
                            "id": "4730007022809773690",
                            "triggers.%": "4",
                            "triggers.cilantro_ee": "[DEFAULT]\nip = 18.144.44.75\nboot_ips = 13.57.233.138,13.57.238.41,18.144.44.75,54.183.176.107,54.219.129.59,54.219.163.52\nnode_type = witness\nsk = bc253940ab0e03667dead3be4bf9b58baf81c28bbbf23c1691e9c2bfceb6388b\nvk = 058f5dfcc26cc13353bd53f736ccfd046fa49422cc3cdb0c8d2f990ca9f3d847\nreset_db = True\nconstitution_file = circleci.json\nssl_enabled = False\nlog_lvl = 11\n\n",
                            "triggers.circus": "[circus]\nstatsd = True\n\n#[plugin:redis-observer]\n#use = circus.plugins.redis_observer.RedisObserver\n\n[watcher:redis]\ncmd = python3 /app/scripts/start_redis.py\ncopy_env = True\nvirtualenv = /app/venv\n\n[watcher:bootstrap]\ncmd = python3 /app/scripts/bootstrap.py\ncopy_env = True\nvirtualenv = /app/venv\n\n",
                            "triggers.image": "witness",
                            "triggers.tag": "devops-repaired-4a3c0736-3664afc4"
                        },
                        "meta": {},
                        "tainted": false
                    },
                    "deposed": [],
                    "provider": "provider.null"
                },
                "null_resource.redis-conf": {
                    "type": "null_resource",
                    "depends_on": [
                        "aws_instance.cilantro_ee-node"
                    ],
                    "primary": {
                        "id": "6456608181063048293",
                        "attributes": {
                            "id": "6456608181063048293",
                            "triggers.%": "1",
                            "triggers.conf": "dbfilename dump.rdb\ndir /var/db/cilantro_ee/redis\n\n# Save every 60 seconds if at least 1000 keys change\nsave 60 100\n"
                        },
                        "meta": {},
                        "tainted": false
                    },
                    "deposed": [],
                    "provider": "provider.null"
                },
                "null_resource.ssh-keys": {
                    "type": "null_resource",
                    "depends_on": [
                        "aws_eip.static-ip",
                        "aws_instance.cilantro_ee-node"
                    ],
                    "primary": {
                        "id": "2034380597918495773",
                        "attributes": {
                            "id": "2034380597918495773",
                            "triggers.%": "1",
                            "triggers.conf": "ssh-rsa AAAAB3NzaC1yc2EAAAADAQABAAACAQDs1KaHzejTs2CaCjJKngsUgeAJDo4gZxyYkrCAPWcuVtNzSIwJvZsp2/rh5COceIwv8I1Yje5MzzPv3Gq9rS48wQ6wM8W9F++eN345dnZG6IjEkuKpbu4Nm2zfAgWYWhWgDiAszpHW/9bSvvPyQEwz08UeXBPJT0IpIFUXhF4Ym78tBqjsnY7w/HVXklJccdX/Cg0H1lJo7QFIrFfkEdBfoBQPMuQrEG/zODH+h29cfvqnRSz5FxqohSYcxvXBxu+44skgkCX8Ltr1+LplY8Y7y2scZPFNTT0gusZPamlft7IFtI5Q5OA7Djrpg6agB01joKtcSBo3QQe9A3LtPuU7yfRpRC8nwEFRJHiwit0f1eUckYiVkIfOAeFjjtHP1r4FAi1PJCS3g2kSeTF9L2jjGrC/pjLCgLY72BbuV8N7GUKQ11B9APQDPdUCfcpIefcch50BxIRVOd23GWGPFMvgRnUZNPyGdV3mjC8YTUu6STZGFAkzEhvxWZfyvi2wZx7XSJynFchGU/CcA9KESAOE0fgAyU5U/2yugH4Qhizar6mDBDdEy3500SHy5mrzu4A3K3QuMMSKSAJs0g7KI+/VWBiVLMwAN1sAdblxXm2mDWbyiFp+e+fPFwrCYPJlRi4gNGnn9xfpBKNkkQ5RT9RQurr2SkMoV1HyQeqcWTi29Q== davishaba@Daviss-MacBook-Pro.local\nssh-rsa AAAAB3NzaC1yc2EAAAADAQABAAABAQDSkorKqV1g75XKjAdgAyyJkTcTZ8kpAM/Ie1u53y26Ez0qMaCz7ocYaEqU3B7rq2XQZySfKEYjnue8OnDO3jfV4+Th5TQP3CHftle5AePmql2n4vH5FKLQ4EK5xZZ56XVQucplv3mUkNqlwBndyFORewmu/l1UpaduzvnVdCABoZJY5pKAD0jXAWk6Ml15f/NKyX5V/cr1j1GA0nuIPABjQvi1cbnjUMhdXm9PpcCl2UrErF2wqi3Ec19fIVERyijZwe1gKALYQ9mkmJzcGZKaw1QuNfss8PWPOvTEp6/kf8yj8DEYPe6uiLCFX9rqHFPj4MzHKZnCKKTXDvNNsuBz cmcgrath@Colins-MacBook-Pro.local\nssh-rsa AAAAB3NzaC1yc2EAAAADAQABAAACAQCxuxBdvWKF0RskDbr7sIK5lBBGd3O3zAgfvkZMUq/OLdVF1clrHvvck+H3IJGF+Rx47e/kG9zHxQuTl0d5hW4mhm21TgCHB//8WbN2IFo445yUjiX5ZZDM+9UGI4hZKMvdq1lHSDrCrmDqZLIKaFyAcEyUCYK7OStO9lCOdITIGyIX/X6y52zG+3lcOJmyW3owzYUUHanVgFn6IjHdFV19WeQOqC56dB8ISLXzQDY4IvORqLb+vEkPl6Wc0yNN3Udr4xW7pxisELKxl0Bc748GPlZrKUkEBuds9/P41IT0Yfl7NwaBrZen6DBC7ZCkA8oviIhgGIxeyfeOLkSj6GBAqJehE1tKxn6su8msstLyS+4lW7PljqFA5vufB8OgltxWi/Kiqzl/l3136HORhQyrUSe057pLH+/nMb1KavHBOexBQ8Ph0e2EokjXnDWCrouMaKLfXprHxBPaPOfzsz/u4ng1WJD0bhGGQjpS3e4WIhEbluSaPLhX3/3teyElHF6kxnVhOuSsqtjrRAkQz8PWY7UNOr8QspLeuNeNCJUvU5hwgywW7uHSph4hPeyN0rmRvy4Z6xAfzQu84eAP/szxe3LgLidSvHW8kvrAhLqF1ceg3rbBOEh9Qi8eJ+gBoL4o8XRZuKechY1hrSBvM0yQeOzMMWvhFme8zAL7HJxfDQ== lamden@lamdens-MBP\nssh-rsa AAAAB3NzaC1yc2EAAAADAQABAAACAQC5yg8vl4uclEOLk+8N0PY9orjMfRBoqVvtm1sDfCUFpjNNCDavoeO3+aGQjRR79PNsXYYqv76o4y0B7WjXZiIo285xDuXFT45A98OK/4j1SkmT313XkmP6HTGRBi51xBxrqinrMkgmh5u/Q6Idhl22CehaT2vlFEjoM1n/mbGjzTMVoaoS7WCdeVW47cSMj8T1sw6iM5ZhGkWvapj7DD1HvKCCKY3H4uwR4BdEZQ4Tda4lFt1JpluELv/onEFpjUlMoE/1RZ3cxuu6VfhX/lWsxa2sutmJKaS0fMpec+wSyoImsiT/Mu11IHlLCQrtvCMdRCc22cgNj3A2yN/TZWVAym0pE/lYcdI1f6RJGJ2zxD6Mx57RSb4kg41MpLEu22a/ZBhexxg0iR1nSpL+QwjzY5d5Y332cv2DQXxCVgMHgDNIgSJSW+R/3u8QWvB49OmgIv0py3mk3MCp1dwr8xwPtNUPGRlcP+trEcvpPFieK+9Z6UsJoZ8pHavgV/MOqI72ePvOqkfBmHFDhae/gOPy+DCmEkPl3nTW94+OSrRykkxKwYxZh0Rmk+jpKDWElRRCHpNRYtea64oDlc2hQowpTi1U3C7duPsUgZVyCAErfkvmqz4PuHMnpTPg4GAVmxl4CHujgvvdC9KdP9SH6xyryLW1HQ1HpL9BqEROKRfNFw== wywfalcon@gmail.com\nssh-rsa AAAAB3NzaC1yc2EAAAADAQABAAACAQC6s8mIerDqVezMx227qZgb1nHoO/nMjuqg4pTjUvb92BD/NYwB/PbKjnStqzX5qyarRpj5pdExaA0cHUGnsVvthP5LRn016H3ZUd1OeXTHB2BqpV1/ZAD8chncjqn+pL+Ix2vcNiE1yqP/quwlIrfniQd7U9X1nNGIsJAvZ983wYnqyl9IhATToT3m55h+VzpS7a9Ogmpw70pA6VqFr0PHmjyIPaLOSswXtmzsAhi1KvgXFQ64stXDdxXX880pCtuzdE0TtEBFHNQtde/Lv1i4EBvSEUzVritEV0HjMBQS/JN80eJ5o2eozlInEGf1VfrHWu+IKFNWC6qqbm8bf1Sl+gP62Li/d20ORvUeAoJb+QRaht6ap1EabbkBqxPL41rOd2oNfkQRbjX6C0GIM/1r7muXJfLp5wafelTGzkX7mr92S5Vlh7uGE9ui3+MVrtwP42aqKMNvBkxEk/8j2mRR6Efrr8wcq1/1uevUhf68jLxQWkg9iH5si876jNSG5GtwsBmm1fz9xW48fSapzQt14aNSRysnuMG/57LsDcnRKOIpy3Sr7kuEFBoC2n8tdrVw/edxm4DLgiqqP3TKZbbxYPMBlpeqxCNx6M8LVVkwkBdwm1R6OOle2Asof9dJf90WXb8oBlRXYg+5JJYdjLWEWb0pmqdPjV+lV4pLMWm9Dw== tejas@lamden.io\nssh-rsa AAAAB3NzaC1yc2EAAAADAQABAAABAQCu1kNmPJSNGB1C0pit7L0+22rbhQFrZgGGliRU5R+R/aVcmyS8jPN7LpzAW+SRT+TWHfWIEstQHqn/WHcfzOjm4ljc7VPx+dXNvl8iWzaciRB1HBuzHoFubxSUK9oD5sEQCXpSkyX9vc7HFjuvutiVAPpCSzhAiHG03QrEox2cEyvhgyhnWoHDo6jdfftwi0jyKESbLIXLJWcyBhEWH2mZqwNOhlWUdhB7gKeD4i2WCBfdkF2+8NVZckhgvpAiFCFEJnE6rqqx6RbcLtUETM2hPirmSrjowCWhYk2Hk9q6XCCXNRKsvK9cCwgg1Tm3eVPLedUDB4Wj9w2iJj4S3dx7 stu@Stuarts-MBP-2\n"
                        },
                        "meta": {},
                        "tainted": false
                    },
                    "deposed": [],
                    "provider": "provider.null"
                }
            },
            "depends_on": []
        }
    ]
}
